PODS:
  - ABFRealmMapView (2.3):
    - RBQSafeRealmObject
    - Realm (>= 3.17.0)
  - Alamofire (4.8.2)
  - AlamofireNetworkActivityIndicator (2.4.0):
    - Alamofire (~> 4.8)
  - Anchorage (4.3.1)
  - AppCenter (2.1.0):
    - AppCenter/Analytics (= 2.1.0)
    - AppCenter/Crashes (= 2.1.0)
  - AppCenter/Analytics (2.1.0):
    - AppCenter/Core
  - AppCenter/Core (2.1.0)
  - AppCenter/Crashes (2.1.0):
    - AppCenter/Core
  - AXPhotoViewer/Core (1.7.1):
    - AXStateButton (>= 1.1.3)
    - FLAnimatedImage (>= 1.0.0)
    - FLAnimatedImage-tvOS (>= 1.0.16)
  - AXPhotoViewer/Nuke (1.7.1):
    - AXPhotoViewer/Core
    - Nuke (>= 7.0)
  - AXStateButton (1.1.4)
  - Bolts (1.9.0):
    - Bolts/AppLinks (= 1.9.0)
    - Bolts/Tasks (= 1.9.0)
  - Bolts/AppLinks (1.9.0):
    - Bolts/Tasks
  - Bolts/Tasks (1.9.0)
  - DropDown (2.3.13)
  - FacebookCore (0.7.0):
    - FBSDKCoreKit (~> 5.0)
  - FacebookLogin (0.7.0):
    - FacebookCore (~> 0.7)
    - FBSDKCoreKit (~> 5.0)
    - FBSDKLoginKit (~> 5.0)
  - FBSDKCoreKit (5.2.1):
    - FBSDKCoreKit/Basics (= 5.2.1)
    - FBSDKCoreKit/Core (= 5.2.1)
  - FBSDKCoreKit/Basics (5.2.1)
  - FBSDKCoreKit/Core (5.2.1):
    - FBSDKCoreKit/Basics
  - FBSDKLoginKit (5.2.1):
    - FBSDKCoreKit (~> 5.0)
  - FLAnimatedImage (1.0.12)
  - JWTDecode (2.3.0)
  - KRActivityIndicatorView (3.0.2)
  - KRProgressHUD (3.4.1):
    - KRActivityIndicatorView (= 3.0.2)
  - Moya (13.0.1):
    - Moya/Core (= 13.0.1)
  - Moya/Core (13.0.1):
    - Alamofire (~> 4.1)
    - Result (~> 4.1)
  - Nuke (7.6.3)
  - Nuke-Alamofire-Plugin (4.2):
    - Alamofire (~> 4.0)
    - Nuke (~> 7.0)
  - Parchment (1.6.0)
  - QuickLayout (3.0.0)
  - R.swift (5.0.3):
    - R.swift.Library (~> 5.0.0)
  - R.swift.Library (5.0.1)
  - RBQSafeRealmObject (1.1):
    - Realm (>= 0.99.1)
    - RealmUtilities (>= 0.2.1)
  - Realm (3.17.0):
    - Realm/Headers (= 3.17.0)
  - Realm/Headers (3.17.0)
  - RealmMapView (2.3):
    - ABFRealmMapView (>= 2.3)
    - RBQSafeRealmObject
    - RealmSwift (>= 3.17.0)
  - RealmSwift (3.17.0):
    - Realm (= 3.17.0)
  - RealmUtilities (0.4):
    - Realm (>= 0.95)
  - Result (4.1.0)
  - SwiftEntryKit (1.0.2):
    - QuickLayout (= 3.0.0)
  - SwiftLint (0.33.0)
  - SwiftyBeaver (1.7.0)

DEPENDENCIES:
  - ABFRealmMapView (from `https://github.com/alexcurylo/ABFRealmMapView`, branch `swift5`)
  - AlamofireNetworkActivityIndicator
  - Anchorage
  - AppCenter
  - AXPhotoViewer/Nuke
  - AXStateButton
  - Bolts
  - DropDown
  - FacebookCore
  - FacebookLogin
  - FBSDKCoreKit
  - FBSDKLoginKit
  - FLAnimatedImage
  - JWTDecode
  - KRProgressHUD
  - Moya
  - Nuke
  - Nuke-Alamofire-Plugin
  - Parchment
  - R.swift
  - R.swift.Library
  - RBQSafeRealmObject
  - Realm
  - RealmMapView (from `https://github.com/alexcurylo/ABFRealmMapView`, branch `swift5`)
  - RealmSwift
  - SwiftEntryKit
  - SwiftLint
  - SwiftyBeaver

SPEC REPOS:
  https://cdn.cocoapods.org/:
    - Alamofire
    - AlamofireNetworkActivityIndicator
    - Anchorage
    - AppCenter
    - AXPhotoViewer
    - AXStateButton
    - Bolts
    - DropDown
    - FacebookCore
    - FacebookLogin
    - FBSDKCoreKit
    - FBSDKLoginKit
    - FLAnimatedImage
    - JWTDecode
    - KRActivityIndicatorView
    - KRProgressHUD
    - Moya
    - Nuke
    - Nuke-Alamofire-Plugin
    - Parchment
    - QuickLayout
    - R.swift
    - R.swift.Library
    - RBQSafeRealmObject
    - Realm
    - RealmSwift
    - RealmUtilities
    - Result
    - SwiftEntryKit
    - SwiftLint
    - SwiftyBeaver

EXTERNAL SOURCES:
  ABFRealmMapView:
    :branch: swift5
    :git: https://github.com/alexcurylo/ABFRealmMapView
  RealmMapView:
    :branch: swift5
    :git: https://github.com/alexcurylo/ABFRealmMapView

CHECKOUT OPTIONS:
  ABFRealmMapView:
    :commit: a9eec9f26509b33f048d10a9c100d057da4d3ae4
    :git: https://github.com/alexcurylo/ABFRealmMapView
  RealmMapView:
    :commit: a9eec9f26509b33f048d10a9c100d057da4d3ae4
    :git: https://github.com/alexcurylo/ABFRealmMapView

SPEC CHECKSUMS:
  ABFRealmMapView: 66a8fd5d82223553259b6a49f00f130e970f30be
  Alamofire: ae5c501addb7afdbb13687d7f2f722c78734c2d3
  AlamofireNetworkActivityIndicator: 9acc3de3ca6645bf0efed462396b0df13dd3e7b8
  Anchorage: a187da0bc9b07440637d42c8744b8c82a4490295
  AppCenter: 21decaa4488024e8355e650e44ccabb69ca60d47
  AXPhotoViewer: f4b021c6e43b0b9dbc7b30cf8b9a4f577d0c1f51
  AXStateButton: 6c515a433e37551505046429b5be04c12daa8c07
  Bolts: ac6567323eac61e203f6a9763667d0f711be34c8
  DropDown: 8a2116376c1981888557f72ec2ffc9a5e0e456ec
  FacebookCore: 4eee98476cb37a485af5d337eb21f8cd5b3c7e6c
  FacebookLogin: 94cdad6850e86a2b04704dedfe7674a7af8148eb
  FBSDKCoreKit: e1ab8d86f5eea2d7aa6ab12acca3e1d2dcb11983
  FBSDKLoginKit: 6e20e44775ddf4b159a8ca676834325e13d12221
  FLAnimatedImage: 4a0b56255d9b05f18b6dd7ee06871be5d3b89e31
  JWTDecode: fb77675c8049c1a7e9433c7cf448c3ce33ee4ac7
  KRActivityIndicatorView: a2022d5d3e366207d2690f6bcc550f83aa91241b
  KRProgressHUD: 115363b48feb530ab1f36c4146ed22e779e0f5aa
  Moya: f4a4b80ff2f8a4ffc208dfb31cd91636622fee6e
  Nuke: 44130e95e09463f8773ae4b96b90de1eba6b3350
  Nuke-Alamofire-Plugin: ee83df6e81e70488ca33033ac98b3f86a2ab1597
  Parchment: d3a7b367c529fa6ef51aa43f5717a7ff36d4b1f5
  QuickLayout: 07b45a72b10083fee3f095990cfed1c1e7b27f0a
  R.swift: f5a87643b91ea569d23d6afb3eee9c743edde239
  R.swift.Library: cfe85d569d9bae6cb262922db130e7c3a7a5fad1
  RBQSafeRealmObject: 128e6ece2acceeb7dea9d00b8fa40ba4c489c3fa
  Realm: b30db41ff34fc858ffc25ba8d44a82c164e7ccd0
  RealmMapView: d0e7480a7eb7c7c15c4e1cf8ae26650675c24ded
  RealmSwift: fe733e459d60dc7b6971d4cbee2eb4854097d12c
  RealmUtilities: bd4d18141e62a6cdcfa1859f1f090a27ab282628
  Result: bd966fac789cc6c1563440b348ab2598cc24d5c7
  SwiftEntryKit: 7bcd42b3dbff59c431d60d6513129fd3679e4aaf
  SwiftLint: fed9c66336e41fc74dc48a73678380718f0c8b0e
  SwiftyBeaver: 4cc0080d2e23f980652e28978db11a5c9da39165

PODFILE CHECKSUM: 0260127dde50b59dddb3f61a5a23f6d7b1567425

COCOAPODS: 1.7.3
