// !$*UTF8*$!
{
	archiveVersion = 1;
	classes = {
	};
	objectVersion = 50;
	objects = {

/* Begin PBXBuildFile section */
		0A2349E36085A3EE89A30019 /* Pods-MTP-metadata.plist in Resources */ = {isa = PBXBuildFile; fileRef = B988D22396864AC3181C1EA5 /* Pods-MTP-metadata.plist */; };
		122BA726DE2ED1EC0C4144BB /* libPods-MTPUITests.a in Frameworks */ = {isa = PBXBuildFile; fileRef = B1C0AF3F035BC227379ED6DE /* libPods-MTPUITests.a */; };
		529054A21D10AD8DB1855DB5 /* libPods-MTPTests.a in Frameworks */ = {isa = PBXBuildFile; fileRef = 848B6781D80D51E75A14ECF6 /* libPods-MTPTests.a */; };
		C1D9A04EB6208ED844515108 /* libPods-MTP.a in Frameworks */ = {isa = PBXBuildFile; fileRef = EA7B8EF0C9A37C87525A9855 /* libPods-MTP.a */; };
		F5352AD2AEBF0C3A5C6191CE /* Pods-MTP-settings-metadata.plist in Resources */ = {isa = PBXBuildFile; fileRef = 7E2C18C122B275F3B40CDCDA /* Pods-MTP-settings-metadata.plist */; };
		FA0BE96C210C5F3300797224 /* ViewTests.swift in Sources */ = {isa = PBXBuildFile; fileRef = FA0BE96B210C5F3300797224 /* ViewTests.swift */; };
		FA12D680213B8A240053E9BF /* RankingPage.swift in Sources */ = {isa = PBXBuildFile; fileRef = FA12D67F213B8A240053E9BF /* RankingPage.swift */; };
		FA12D682213B963C0053E9BF /* RankingVC.swift in Sources */ = {isa = PBXBuildFile; fileRef = FA12D681213B963C0053E9BF /* RankingVC.swift */; };
		FA32CC7220FAC863004C1329 /* XCTestCase+UITest.swift in Sources */ = {isa = PBXBuildFile; fileRef = FA32CC7120FAC863004C1329 /* XCTestCase+UITest.swift */; };
		FA32CC7420FB6E67004C1329 /* UIView+Gradient.swift in Sources */ = {isa = PBXBuildFile; fileRef = FA32CC7320FB6E67004C1329 /* UIView+Gradient.swift */; };
		FA32CC762100C34E004C1329 /* LoginVC.swift in Sources */ = {isa = PBXBuildFile; fileRef = FA32CC752100C34E004C1329 /* LoginVC.swift */; };
		FA32CC782100C360004C1329 /* SignupVC.swift in Sources */ = {isa = PBXBuildFile; fileRef = FA32CC772100C360004C1329 /* SignupVC.swift */; };
		FA32CC7E2100CB75004C1329 /* Signup.storyboard in Resources */ = {isa = PBXBuildFile; fileRef = FA32CC802100CB75004C1329 /* Signup.storyboard */; };
		FA32CC892100CC6B004C1329 /* Login.storyboard in Resources */ = {isa = PBXBuildFile; fileRef = FA32CC8B2100CC6B004C1329 /* Login.storyboard */; };
		FA390132213AB4A90016A362 /* Rankings.storyboard in Resources */ = {isa = PBXBuildFile; fileRef = FA390134213AB4A90016A362 /* Rankings.storyboard */; };
		FA390139213B84B40016A362 /* RankingPagingVC.swift in Sources */ = {isa = PBXBuildFile; fileRef = FA390138213B84B40016A362 /* RankingPagingVC.swift */; };
		FA392BBB20DF69F30026C828 /* AppDelegate.swift in Sources */ = {isa = PBXBuildFile; fileRef = FA392BBA20DF69F30026C828 /* AppDelegate.swift */; };
		FA392BBD20DF69F30026C828 /* LocationsVC.swift in Sources */ = {isa = PBXBuildFile; fileRef = FA392BBC20DF69F30026C828 /* LocationsVC.swift */; };
		FA392BBF20DF69F30026C828 /* RankingsVC.swift in Sources */ = {isa = PBXBuildFile; fileRef = FA392BBE20DF69F30026C828 /* RankingsVC.swift */; };
		FA392BC220DF69F30026C828 /* Main.storyboard in Resources */ = {isa = PBXBuildFile; fileRef = FA392BC020DF69F30026C828 /* Main.storyboard */; };
		FA392BC420DF69F50026C828 /* Assets.xcassets in Resources */ = {isa = PBXBuildFile; fileRef = FA392BC320DF69F50026C828 /* Assets.xcassets */; };
		FA392BC720DF69F50026C828 /* LaunchScreen.storyboard in Resources */ = {isa = PBXBuildFile; fileRef = FA392BC520DF69F50026C828 /* LaunchScreen.storyboard */; };
		FA392BD220DF69F50026C828 /* MTPTests.swift in Sources */ = {isa = PBXBuildFile; fileRef = FA392BD120DF69F50026C828 /* MTPTests.swift */; };
		FA392BDD20DF69F50026C828 /* MTPUITests.swift in Sources */ = {isa = PBXBuildFile; fileRef = FA392BDC20DF69F50026C828 /* MTPUITests.swift */; };
		FA3CEC562132579300791195 /* Gestalt.swift in Sources */ = {isa = PBXBuildFile; fileRef = FA3CEC552132579300791195 /* Gestalt.swift */; };
		FA46377E210DE1E60007382D /* SettingsVC.swift in Sources */ = {isa = PBXBuildFile; fileRef = FA46377D210DE1E60007382D /* SettingsVC.swift */; };
		FA463780210DE94C0007382D /* EditProfileVC.swift in Sources */ = {isa = PBXBuildFile; fileRef = FA46377F210DE94C0007382D /* EditProfileVC.swift */; };
		FA463783210E00E60007382D /* EditProfile.storyboard in Resources */ = {isa = PBXBuildFile; fileRef = FA463781210E00E60007382D /* EditProfile.storyboard */; };
		FA463785210E06230007382D /* Logger.swift in Sources */ = {isa = PBXBuildFile; fileRef = FA463784210E06230007382D /* Logger.swift */; };
		FA46533021157784005B5A0A /* FacebookButton.swift in Sources */ = {isa = PBXBuildFile; fileRef = FA46532F21157784005B5A0A /* FacebookButton.swift */; };
		FA4653322115A250005B5A0A /* UserDefaults+Gestalt.swift in Sources */ = {isa = PBXBuildFile; fileRef = FA4653312115A250005B5A0A /* UserDefaults+Gestalt.swift */; };
		FA4653342115ADC6005B5A0A /* MTPAPI.swift in Sources */ = {isa = PBXBuildFile; fileRef = FA4653332115ADC6005B5A0A /* MTPAPI.swift */; };
		FA74574D210CA5730010F4F4 /* MyProfileVC.swift in Sources */ = {isa = PBXBuildFile; fileRef = FA74574C210CA5730010F4F4 /* MyProfileVC.swift */; };
		FA745753210DA4C60010F4F4 /* MyProfile.storyboard in Resources */ = {isa = PBXBuildFile; fileRef = FA745755210DA4C60010F4F4 /* MyProfile.storyboard */; };
		FA745757210DBD910010F4F4 /* UINavigationBar+Transparent.swift in Sources */ = {isa = PBXBuildFile; fileRef = FA745756210DBD910010F4F4 /* UINavigationBar+Transparent.swift */; };
		FA74C0F02117C60B0013A840 /* ForgotPasswordVC.swift in Sources */ = {isa = PBXBuildFile; fileRef = FA74C0EF2117C60B0013A840 /* ForgotPasswordVC.swift */; };
		FA74C10F211BB8F00013A840 /* Localizable.strings in Resources */ = {isa = PBXBuildFile; fileRef = FA74C10D211BB8F00013A840 /* Localizable.strings */; };
		FA74C111211BBF490013A840 /* String+Formatting.swift in Sources */ = {isa = PBXBuildFile; fileRef = FA74C110211BBF490013A840 /* String+Formatting.swift */; };
		FA74C113211C61580013A840 /* StringTests.swift in Sources */ = {isa = PBXBuildFile; fileRef = FA74C112211C61580013A840 /* StringTests.swift */; };
		FA76D9752131278900EF8E25 /* User.swift in Sources */ = {isa = PBXBuildFile; fileRef = FA76D9742131278900EF8E25 /* User.swift */; };
		FA81361220E8F64500313AB9 /* Settings.bundle in Resources */ = {isa = PBXBuildFile; fileRef = FA81361120E8F64500313AB9 /* Settings.bundle */; };
		FA835D34210EAC110098C270 /* Styler.swift in Sources */ = {isa = PBXBuildFile; fileRef = FA835D33210EAC110098C270 /* Styler.swift */; };
		FA835D36210F054F0098C270 /* ReplaceTopSegue.swift in Sources */ = {isa = PBXBuildFile; fileRef = FA835D35210F054F0098C270 /* ReplaceTopSegue.swift */; };
		FA99615F2136CF3100C85FBC /* MyProfileTabsVC.swift in Sources */ = {isa = PBXBuildFile; fileRef = FA99615E2136CF3100C85FBC /* MyProfileTabsVC.swift */; };
		FA9A71DF20F1D3FA005F6A57 /* AppDelegate+Tools.swift in Sources */ = {isa = PBXBuildFile; fileRef = FA9A71DE20F1D3FA005F6A57 /* AppDelegate+Tools.swift */; };
		FAAE29BF20EE51A700B43BA9 /* UIApplication+Environment.swift in Sources */ = {isa = PBXBuildFile; fileRef = FAAE29BE20EE51A700B43BA9 /* UIApplication+Environment.swift */; };
		FAAE29C020EE581900B43BA9 /* UIApplication+Environment.swift in Sources */ = {isa = PBXBuildFile; fileRef = FAAE29BE20EE51A700B43BA9 /* UIApplication+Environment.swift */; };
		FAAE29C220EFADC800B43BA9 /* R.generated.swift in Sources */ = {isa = PBXBuildFile; fileRef = FAAE29C120EFADC700B43BA9 /* R.generated.swift */; };
		FAAE29C520F05A9600B43BA9 /* UserDefaults+TypeSafety.swift in Sources */ = {isa = PBXBuildFile; fileRef = FAAE29C420F05A9600B43BA9 /* UserDefaults+TypeSafety.swift */; };
		FAB53F8B20DFD618007A80A7 /* MemoryWarner.m in Sources */ = {isa = PBXBuildFile; fileRef = FAB53F8A20DFD618007A80A7 /* MemoryWarner.m */; };
		FABA740D213A29CD0059ACCA /* About.storyboard in Resources */ = {isa = PBXBuildFile; fileRef = FABA740B213A29CD0059ACCA /* About.storyboard */; };
		FABA7410213A359C0059ACCA /* MyPhotos.storyboard in Resources */ = {isa = PBXBuildFile; fileRef = FABA740E213A359C0059ACCA /* MyPhotos.storyboard */; };
		FABA7413213A374F0059ACCA /* Posts.storyboard in Resources */ = {isa = PBXBuildFile; fileRef = FABA7411213A374F0059ACCA /* Posts.storyboard */; };
		FAE1F117213BFBA80002CAB2 /* Locations.storyboard in Resources */ = {isa = PBXBuildFile; fileRef = FAE1F115213BFBA80002CAB2 /* Locations.storyboard */; };
		FAE1F119214354A80002CAB2 /* Avenir.swift in Sources */ = {isa = PBXBuildFile; fileRef = FAE1F118214354A80002CAB2 /* Avenir.swift */; };
		FAE1F11C21437F860002CAB2 /* String+Assert.swift in Sources */ = {isa = PBXBuildFile; fileRef = FAE1F11B21437F860002CAB2 /* String+Assert.swift */; };
		FAF1853120FA0C8600CC5D83 /* RootVC.swift in Sources */ = {isa = PBXBuildFile; fileRef = FAF1853020FA0C8600CC5D83 /* RootVC.swift */; };
		FAF1853220FA0DEF00CC5D83 /* Root.storyboard in Resources */ = {isa = PBXBuildFile; fileRef = FAF1853420FA0DEF00CC5D83 /* Root.storyboard */; };
		FAFEDA50211DB0E800DA3DB8 /* LoginFailVC.swift in Sources */ = {isa = PBXBuildFile; fileRef = FAFEDA4F211DB0E800DA3DB8 /* LoginFailVC.swift */; };
		FAFEDA522129602800DA3DB8 /* WelcomeVC.swift in Sources */ = {isa = PBXBuildFile; fileRef = FAFEDA512129602800DA3DB8 /* WelcomeVC.swift */; };
		FAFEDA5421296F6D00DA3DB8 /* MainTBC.swift in Sources */ = {isa = PBXBuildFile; fileRef = FAFEDA5321296F6D00DA3DB8 /* MainTBC.swift */; };
/* End PBXBuildFile section */

/* Begin PBXContainerItemProxy section */
		FA392BCE20DF69F50026C828 /* PBXContainerItemProxy */ = {
			isa = PBXContainerItemProxy;
			containerPortal = FA392BAF20DF69F30026C828 /* Project object */;
			proxyType = 1;
			remoteGlobalIDString = FA392BB620DF69F30026C828;
			remoteInfo = MTP;
		};
		FA392BD920DF69F50026C828 /* PBXContainerItemProxy */ = {
			isa = PBXContainerItemProxy;
			containerPortal = FA392BAF20DF69F30026C828 /* Project object */;
			proxyType = 1;
			remoteGlobalIDString = FA392BB620DF69F30026C828;
			remoteInfo = MTP;
		};
/* End PBXContainerItemProxy section */

/* Begin PBXFileReference section */
		27E7D0BB03B2B712259282CD /* Pods-MTP-settings-metadata.plist */ = {isa = PBXFileReference; includeInIndex = 1; lastKnownFileType = text.plist.xml; name = "Pods-MTP-settings-metadata.plist"; path = "MTP/source/resources/Settings.bundle/Pods-MTP-settings-metadata.plist"; sourceTree = "<group>"; };
		3D74791BE9295E16EA91DC4C /* Pods-MTP.debug.xcconfig */ = {isa = PBXFileReference; includeInIndex = 1; lastKnownFileType = text.xcconfig; name = "Pods-MTP.debug.xcconfig"; path = "Pods/Target Support Files/Pods-MTP/Pods-MTP.debug.xcconfig"; sourceTree = "<group>"; };
		5250514805CCAF19BF74C4E2 /* Pods-MTPTests.release.xcconfig */ = {isa = PBXFileReference; includeInIndex = 1; lastKnownFileType = text.xcconfig; name = "Pods-MTPTests.release.xcconfig"; path = "Pods/Target Support Files/Pods-MTPTests/Pods-MTPTests.release.xcconfig"; sourceTree = "<group>"; };
		5B51432A4FEC34463DAE35D6 /* Pods-MTPUITests.release.xcconfig */ = {isa = PBXFileReference; includeInIndex = 1; lastKnownFileType = text.xcconfig; name = "Pods-MTPUITests.release.xcconfig"; path = "Pods/Target Support Files/Pods-MTPUITests/Pods-MTPUITests.release.xcconfig"; sourceTree = "<group>"; };
		7A421C21DED7018B2D88EDFE /* Pods-MTPTests.debug.xcconfig */ = {isa = PBXFileReference; includeInIndex = 1; lastKnownFileType = text.xcconfig; name = "Pods-MTPTests.debug.xcconfig"; path = "Pods/Target Support Files/Pods-MTPTests/Pods-MTPTests.debug.xcconfig"; sourceTree = "<group>"; };
		7E2C18C122B275F3B40CDCDA /* Pods-MTP-settings-metadata.plist */ = {isa = PBXFileReference; includeInIndex = 1; lastKnownFileType = text.plist.xml; name = "Pods-MTP-settings-metadata.plist"; path = "MTP/resources/Settings.bundle/Pods-MTP-settings-metadata.plist"; sourceTree = "<group>"; };
		848B6781D80D51E75A14ECF6 /* libPods-MTPTests.a */ = {isa = PBXFileReference; explicitFileType = archive.ar; includeInIndex = 0; path = "libPods-MTPTests.a"; sourceTree = BUILT_PRODUCTS_DIR; };
		B1C0AF3F035BC227379ED6DE /* libPods-MTPUITests.a */ = {isa = PBXFileReference; explicitFileType = archive.ar; includeInIndex = 0; path = "libPods-MTPUITests.a"; sourceTree = BUILT_PRODUCTS_DIR; };
		B988D22396864AC3181C1EA5 /* Pods-MTP-metadata.plist */ = {isa = PBXFileReference; includeInIndex = 1; lastKnownFileType = text.plist.xml; name = "Pods-MTP-metadata.plist"; path = "Pods/Pods-MTP-metadata.plist"; sourceTree = "<group>"; };
		CF56246BCC141A7DD1DD5AF9 /* Pods-MTPUITests.debug.xcconfig */ = {isa = PBXFileReference; includeInIndex = 1; lastKnownFileType = text.xcconfig; name = "Pods-MTPUITests.debug.xcconfig"; path = "Pods/Target Support Files/Pods-MTPUITests/Pods-MTPUITests.debug.xcconfig"; sourceTree = "<group>"; };
		E03793369993AA49FE17B339 /* Pods-MTP.release.xcconfig */ = {isa = PBXFileReference; includeInIndex = 1; lastKnownFileType = text.xcconfig; name = "Pods-MTP.release.xcconfig"; path = "Pods/Target Support Files/Pods-MTP/Pods-MTP.release.xcconfig"; sourceTree = "<group>"; };
		EA7B8EF0C9A37C87525A9855 /* libPods-MTP.a */ = {isa = PBXFileReference; explicitFileType = archive.ar; includeInIndex = 0; path = "libPods-MTP.a"; sourceTree = BUILT_PRODUCTS_DIR; };
		FA0BE96B210C5F3300797224 /* ViewTests.swift */ = {isa = PBXFileReference; lastKnownFileType = sourcecode.swift; path = ViewTests.swift; sourceTree = "<group>"; };
		FA12D67F213B8A240053E9BF /* RankingPage.swift */ = {isa = PBXFileReference; lastKnownFileType = sourcecode.swift; path = RankingPage.swift; sourceTree = "<group>"; };
		FA12D681213B963C0053E9BF /* RankingVC.swift */ = {isa = PBXFileReference; lastKnownFileType = sourcecode.swift; path = RankingVC.swift; sourceTree = "<group>"; };
		FA32CC7120FAC863004C1329 /* XCTestCase+UITest.swift */ = {isa = PBXFileReference; lastKnownFileType = sourcecode.swift; path = "XCTestCase+UITest.swift"; sourceTree = "<group>"; };
		FA32CC7320FB6E67004C1329 /* UIView+Gradient.swift */ = {isa = PBXFileReference; lastKnownFileType = sourcecode.swift; path = "UIView+Gradient.swift"; sourceTree = "<group>"; };
		FA32CC752100C34E004C1329 /* LoginVC.swift */ = {isa = PBXFileReference; lastKnownFileType = sourcecode.swift; path = LoginVC.swift; sourceTree = "<group>"; };
		FA32CC772100C360004C1329 /* SignupVC.swift */ = {isa = PBXFileReference; lastKnownFileType = sourcecode.swift; path = SignupVC.swift; sourceTree = "<group>"; };
		FA32CC7F2100CB75004C1329 /* Base */ = {isa = PBXFileReference; lastKnownFileType = file.storyboard; name = Base; path = Base.lproj/Signup.storyboard; sourceTree = "<group>"; };
		FA32CC8A2100CC6B004C1329 /* Base */ = {isa = PBXFileReference; lastKnownFileType = file.storyboard; name = Base; path = Base.lproj/Login.storyboard; sourceTree = "<group>"; };
		FA390133213AB4A90016A362 /* Base */ = {isa = PBXFileReference; lastKnownFileType = file.storyboard; name = Base; path = Base.lproj/Rankings.storyboard; sourceTree = "<group>"; };
		FA390138213B84B40016A362 /* RankingPagingVC.swift */ = {isa = PBXFileReference; lastKnownFileType = sourcecode.swift; path = RankingPagingVC.swift; sourceTree = "<group>"; };
		FA392BB720DF69F30026C828 /* MTP.app */ = {isa = PBXFileReference; explicitFileType = wrapper.application; includeInIndex = 0; path = MTP.app; sourceTree = BUILT_PRODUCTS_DIR; };
		FA392BBA20DF69F30026C828 /* AppDelegate.swift */ = {isa = PBXFileReference; lastKnownFileType = sourcecode.swift; path = AppDelegate.swift; sourceTree = "<group>"; };
		FA392BBC20DF69F30026C828 /* LocationsVC.swift */ = {isa = PBXFileReference; lastKnownFileType = sourcecode.swift; path = LocationsVC.swift; sourceTree = "<group>"; };
		FA392BBE20DF69F30026C828 /* RankingsVC.swift */ = {isa = PBXFileReference; lastKnownFileType = sourcecode.swift; path = RankingsVC.swift; sourceTree = "<group>"; };
		FA392BC120DF69F30026C828 /* Base */ = {isa = PBXFileReference; lastKnownFileType = file.storyboard; name = Base; path = Base.lproj/Main.storyboard; sourceTree = "<group>"; };
		FA392BC320DF69F50026C828 /* Assets.xcassets */ = {isa = PBXFileReference; lastKnownFileType = folder.assetcatalog; path = Assets.xcassets; sourceTree = "<group>"; };
		FA392BC620DF69F50026C828 /* Base */ = {isa = PBXFileReference; lastKnownFileType = file.storyboard; name = Base; path = Base.lproj/LaunchScreen.storyboard; sourceTree = "<group>"; };
		FA392BC820DF69F50026C828 /* Info.plist */ = {isa = PBXFileReference; lastKnownFileType = text.plist.xml; path = Info.plist; sourceTree = "<group>"; };
		FA392BCD20DF69F50026C828 /* MTPTests.xctest */ = {isa = PBXFileReference; explicitFileType = wrapper.cfbundle; includeInIndex = 0; path = MTPTests.xctest; sourceTree = BUILT_PRODUCTS_DIR; };
		FA392BD120DF69F50026C828 /* MTPTests.swift */ = {isa = PBXFileReference; lastKnownFileType = sourcecode.swift; path = MTPTests.swift; sourceTree = "<group>"; };
		FA392BD320DF69F50026C828 /* Info.plist */ = {isa = PBXFileReference; lastKnownFileType = text.plist.xml; path = Info.plist; sourceTree = "<group>"; };
		FA392BD820DF69F50026C828 /* MTPUITests.xctest */ = {isa = PBXFileReference; explicitFileType = wrapper.cfbundle; includeInIndex = 0; path = MTPUITests.xctest; sourceTree = BUILT_PRODUCTS_DIR; };
		FA392BDC20DF69F50026C828 /* MTPUITests.swift */ = {isa = PBXFileReference; lastKnownFileType = sourcecode.swift; path = MTPUITests.swift; sourceTree = "<group>"; };
		FA392BDE20DF69F50026C828 /* Info.plist */ = {isa = PBXFileReference; lastKnownFileType = text.plist.xml; path = Info.plist; sourceTree = "<group>"; };
		FA3CEC552132579300791195 /* Gestalt.swift */ = {isa = PBXFileReference; lastKnownFileType = sourcecode.swift; path = Gestalt.swift; sourceTree = "<group>"; };
		FA3E366A20DFACCD002AF4EE /* Podfile */ = {isa = PBXFileReference; lastKnownFileType = text; path = Podfile; sourceTree = "<group>"; xcLanguageSpecificationIdentifier = xcode.lang.ruby; };
		FA3E366B20DFB484002AF4EE /* .swiftlint.yml */ = {isa = PBXFileReference; lastKnownFileType = text; path = .swiftlint.yml; sourceTree = "<group>"; };
		FA3E366F20DFC0E3002AF4EE /* IDETemplateMacros.plist */ = {isa = PBXFileReference; lastKnownFileType = text.plist.xml; name = IDETemplateMacros.plist; path = MTP.xcodeproj/xcshareddata/IDETemplateMacros.plist; sourceTree = "<group>"; };
		FA46377D210DE1E60007382D /* SettingsVC.swift */ = {isa = PBXFileReference; lastKnownFileType = sourcecode.swift; path = SettingsVC.swift; sourceTree = "<group>"; };
		FA46377F210DE94C0007382D /* EditProfileVC.swift */ = {isa = PBXFileReference; lastKnownFileType = sourcecode.swift; path = EditProfileVC.swift; sourceTree = "<group>"; };
		FA463782210E00E60007382D /* Base */ = {isa = PBXFileReference; lastKnownFileType = file.storyboard; name = Base; path = Base.lproj/EditProfile.storyboard; sourceTree = "<group>"; };
		FA463784210E06230007382D /* Logger.swift */ = {isa = PBXFileReference; lastKnownFileType = sourcecode.swift; path = Logger.swift; sourceTree = "<group>"; };
		FA46532F21157784005B5A0A /* FacebookButton.swift */ = {isa = PBXFileReference; lastKnownFileType = sourcecode.swift; path = FacebookButton.swift; sourceTree = "<group>"; };
		FA4653312115A250005B5A0A /* UserDefaults+Gestalt.swift */ = {isa = PBXFileReference; lastKnownFileType = sourcecode.swift; path = "UserDefaults+Gestalt.swift"; sourceTree = "<group>"; };
		FA4653332115ADC6005B5A0A /* MTPAPI.swift */ = {isa = PBXFileReference; lastKnownFileType = sourcecode.swift; path = MTPAPI.swift; sourceTree = "<group>"; };
		FA4F1C5B20DFA67700B8A1ED /* LICENSE.md */ = {isa = PBXFileReference; lastKnownFileType = net.daringfireball.markdown; path = LICENSE.md; sourceTree = "<group>"; };
		FA4F1C5C20DFA67700B8A1ED /* README.md */ = {isa = PBXFileReference; lastKnownFileType = net.daringfireball.markdown; path = README.md; sourceTree = "<group>"; };
		FA4F1C5D20DFA69000B8A1ED /* .gitignore */ = {isa = PBXFileReference; lastKnownFileType = text; path = .gitignore; sourceTree = "<group>"; };
		FA4F1C5E20DFA74500B8A1ED /* Gemfile */ = {isa = PBXFileReference; lastKnownFileType = text; path = Gemfile; sourceTree = "<group>"; };
		FA74574C210CA5730010F4F4 /* MyProfileVC.swift */ = {isa = PBXFileReference; lastKnownFileType = sourcecode.swift; path = MyProfileVC.swift; sourceTree = "<group>"; };
		FA745754210DA4C60010F4F4 /* Base */ = {isa = PBXFileReference; lastKnownFileType = file.storyboard; name = Base; path = Base.lproj/MyProfile.storyboard; sourceTree = "<group>"; };
		FA745756210DBD910010F4F4 /* UINavigationBar+Transparent.swift */ = {isa = PBXFileReference; lastKnownFileType = sourcecode.swift; path = "UINavigationBar+Transparent.swift"; sourceTree = "<group>"; };
		FA74C0EF2117C60B0013A840 /* ForgotPasswordVC.swift */ = {isa = PBXFileReference; lastKnownFileType = sourcecode.swift; path = ForgotPasswordVC.swift; sourceTree = "<group>"; };
		FA74C10E211BB8F00013A840 /* Base */ = {isa = PBXFileReference; lastKnownFileType = text.plist.strings; name = Base; path = Base.lproj/Localizable.strings; sourceTree = "<group>"; };
		FA74C110211BBF490013A840 /* String+Formatting.swift */ = {isa = PBXFileReference; lastKnownFileType = sourcecode.swift; path = "String+Formatting.swift"; sourceTree = "<group>"; };
		FA74C112211C61580013A840 /* StringTests.swift */ = {isa = PBXFileReference; lastKnownFileType = sourcecode.swift; path = StringTests.swift; sourceTree = "<group>"; };
		FA76D9742131278900EF8E25 /* User.swift */ = {isa = PBXFileReference; lastKnownFileType = sourcecode.swift; path = User.swift; sourceTree = "<group>"; };
		FA81361120E8F64500313AB9 /* Settings.bundle */ = {isa = PBXFileReference; lastKnownFileType = "wrapper.plug-in"; path = Settings.bundle; sourceTree = "<group>"; };
		FA81361320E8FD4E00313AB9 /* script_build_end.sh */ = {isa = PBXFileReference; lastKnownFileType = text.script.sh; path = script_build_end.sh; sourceTree = "<group>"; };
		FA81361420E8FD4E00313AB9 /* script_build_begin.sh */ = {isa = PBXFileReference; lastKnownFileType = text.script.sh; path = script_build_begin.sh; sourceTree = "<group>"; };
		FA835D33210EAC110098C270 /* Styler.swift */ = {isa = PBXFileReference; lastKnownFileType = sourcecode.swift; path = Styler.swift; sourceTree = "<group>"; };
		FA835D35210F054F0098C270 /* ReplaceTopSegue.swift */ = {isa = PBXFileReference; lastKnownFileType = sourcecode.swift; path = ReplaceTopSegue.swift; sourceTree = "<group>"; };
		FA99615E2136CF3100C85FBC /* MyProfileTabsVC.swift */ = {isa = PBXFileReference; lastKnownFileType = sourcecode.swift; path = MyProfileTabsVC.swift; sourceTree = "<group>"; };
		FA9A71DE20F1D3FA005F6A57 /* AppDelegate+Tools.swift */ = {isa = PBXFileReference; lastKnownFileType = sourcecode.swift; path = "AppDelegate+Tools.swift"; sourceTree = "<group>"; };
		FA9A71E020F1DD60005F6A57 /* Gemfile.lock */ = {isa = PBXFileReference; lastKnownFileType = text; path = Gemfile.lock; sourceTree = "<group>"; };
		FA9A71E120F1DD6C005F6A57 /* Podfile.lock */ = {isa = PBXFileReference; lastKnownFileType = text; path = Podfile.lock; sourceTree = "<group>"; };
		FA9A71E220F2308E005F6A57 /* .jazzy.yaml */ = {isa = PBXFileReference; lastKnownFileType = text; path = .jazzy.yaml; sourceTree = "<group>"; };
		FAAE29BE20EE51A700B43BA9 /* UIApplication+Environment.swift */ = {isa = PBXFileReference; lastKnownFileType = sourcecode.swift; path = "UIApplication+Environment.swift"; sourceTree = "<group>"; };
		FAAE29C120EFADC700B43BA9 /* R.generated.swift */ = {isa = PBXFileReference; fileEncoding = 4; lastKnownFileType = sourcecode.swift; path = R.generated.swift; sourceTree = "<group>"; };
		FAAE29C420F05A9600B43BA9 /* UserDefaults+TypeSafety.swift */ = {isa = PBXFileReference; lastKnownFileType = sourcecode.swift; path = "UserDefaults+TypeSafety.swift"; sourceTree = "<group>"; };
		FAB53F8320DFCB40007A80A7 /* Dangerfile */ = {isa = PBXFileReference; lastKnownFileType = text; path = Dangerfile; sourceTree = "<group>"; };
		FAB53F8420DFCC03007A80A7 /* .slather.yml */ = {isa = PBXFileReference; lastKnownFileType = text; path = .slather.yml; sourceTree = "<group>"; };
		FAB53F8520DFCC03007A80A7 /* .travis.yml */ = {isa = PBXFileReference; lastKnownFileType = text; path = .travis.yml; sourceTree = "<group>"; };
		FAB53F8620DFCC04007A80A7 /* .coveralls.yml */ = {isa = PBXFileReference; lastKnownFileType = text; path = .coveralls.yml; sourceTree = "<group>"; };
		FAB53F8720DFD617007A80A7 /* MTPTests-Bridging-Header.h */ = {isa = PBXFileReference; lastKnownFileType = sourcecode.c.h; path = "MTPTests-Bridging-Header.h"; sourceTree = "<group>"; };
		FAB53F8920DFD618007A80A7 /* MemoryWarner.h */ = {isa = PBXFileReference; fileEncoding = 4; lastKnownFileType = sourcecode.c.h; path = MemoryWarner.h; sourceTree = "<group>"; };
		FAB53F8A20DFD618007A80A7 /* MemoryWarner.m */ = {isa = PBXFileReference; fileEncoding = 4; lastKnownFileType = sourcecode.c.objc; path = MemoryWarner.m; sourceTree = "<group>"; };
		FABA740C213A29CD0059ACCA /* Base */ = {isa = PBXFileReference; lastKnownFileType = file.storyboard; name = Base; path = Base.lproj/About.storyboard; sourceTree = "<group>"; };
		FABA740F213A359C0059ACCA /* Base */ = {isa = PBXFileReference; lastKnownFileType = file.storyboard; name = Base; path = Base.lproj/MyPhotos.storyboard; sourceTree = "<group>"; };
		FABA7412213A374F0059ACCA /* Base */ = {isa = PBXFileReference; lastKnownFileType = file.storyboard; name = Base; path = Base.lproj/Posts.storyboard; sourceTree = "<group>"; };
		FAE1F116213BFBA80002CAB2 /* Base */ = {isa = PBXFileReference; lastKnownFileType = file.storyboard; name = Base; path = Base.lproj/Locations.storyboard; sourceTree = "<group>"; };
		FAE1F118214354A80002CAB2 /* Avenir.swift */ = {isa = PBXFileReference; lastKnownFileType = sourcecode.swift; path = Avenir.swift; sourceTree = "<group>"; };
		FAE1F11B21437F860002CAB2 /* String+Assert.swift */ = {isa = PBXFileReference; fileEncoding = 4; lastKnownFileType = sourcecode.swift; path = "String+Assert.swift"; sourceTree = "<group>"; };
		FAF1853020FA0C8600CC5D83 /* RootVC.swift */ = {isa = PBXFileReference; lastKnownFileType = sourcecode.swift; path = RootVC.swift; sourceTree = "<group>"; };
		FAF1853320FA0DEF00CC5D83 /* Base */ = {isa = PBXFileReference; lastKnownFileType = file.storyboard; name = Base; path = Base.lproj/Root.storyboard; sourceTree = "<group>"; };
		FAF1853520FA16CE00CC5D83 /* TODO.md */ = {isa = PBXFileReference; lastKnownFileType = net.daringfireball.markdown; path = TODO.md; sourceTree = "<group>"; };
		FAFEDA4F211DB0E800DA3DB8 /* LoginFailVC.swift */ = {isa = PBXFileReference; lastKnownFileType = sourcecode.swift; path = LoginFailVC.swift; sourceTree = "<group>"; };
		FAFEDA512129602800DA3DB8 /* WelcomeVC.swift */ = {isa = PBXFileReference; lastKnownFileType = sourcecode.swift; path = WelcomeVC.swift; sourceTree = "<group>"; };
		FAFEDA5321296F6D00DA3DB8 /* MainTBC.swift */ = {isa = PBXFileReference; lastKnownFileType = sourcecode.swift; path = MainTBC.swift; sourceTree = "<group>"; };
/* End PBXFileReference section */

/* Begin PBXFrameworksBuildPhase section */
		FA392BB420DF69F30026C828 /* Frameworks */ = {
			isa = PBXFrameworksBuildPhase;
			buildActionMask = 2147483647;
			files = (
				C1D9A04EB6208ED844515108 /* libPods-MTP.a in Frameworks */,
			);
			runOnlyForDeploymentPostprocessing = 0;
		};
		FA392BCA20DF69F50026C828 /* Frameworks */ = {
			isa = PBXFrameworksBuildPhase;
			buildActionMask = 2147483647;
			files = (
				529054A21D10AD8DB1855DB5 /* libPods-MTPTests.a in Frameworks */,
			);
			runOnlyForDeploymentPostprocessing = 0;
		};
		FA392BD520DF69F50026C828 /* Frameworks */ = {
			isa = PBXFrameworksBuildPhase;
			buildActionMask = 2147483647;
			files = (
				122BA726DE2ED1EC0C4144BB /* libPods-MTPUITests.a in Frameworks */,
			);
			runOnlyForDeploymentPostprocessing = 0;
		};
/* End PBXFrameworksBuildPhase section */

/* Begin PBXGroup section */
		88C40F6C54584204BBA2D4C6 /* Frameworks */ = {
			isa = PBXGroup;
			children = (
				EA7B8EF0C9A37C87525A9855 /* libPods-MTP.a */,
				848B6781D80D51E75A14ECF6 /* libPods-MTPTests.a */,
				B1C0AF3F035BC227379ED6DE /* libPods-MTPUITests.a */,
			);
			name = Frameworks;
			sourceTree = "<group>";
		};
		AF51EC73BEE12E3A8680F4F4 /* Pods */ = {
			isa = PBXGroup;
			children = (
				3D74791BE9295E16EA91DC4C /* Pods-MTP.debug.xcconfig */,
				E03793369993AA49FE17B339 /* Pods-MTP.release.xcconfig */,
				7A421C21DED7018B2D88EDFE /* Pods-MTPTests.debug.xcconfig */,
				5250514805CCAF19BF74C4E2 /* Pods-MTPTests.release.xcconfig */,
				CF56246BCC141A7DD1DD5AF9 /* Pods-MTPUITests.debug.xcconfig */,
				5B51432A4FEC34463DAE35D6 /* Pods-MTPUITests.release.xcconfig */,
				B988D22396864AC3181C1EA5 /* Pods-MTP-metadata.plist */,
				27E7D0BB03B2B712259282CD /* Pods-MTP-settings-metadata.plist */,
				7E2C18C122B275F3B40CDCDA /* Pods-MTP-settings-metadata.plist */,
			);
			name = Pods;
			sourceTree = "<group>";
		};
		FA390135213B7C5E0016A362 /* rankings */ = {
			isa = PBXGroup;
			children = (
				FA12D67F213B8A240053E9BF /* RankingPage.swift */,
				FA390138213B84B40016A362 /* RankingPagingVC.swift */,
				FA12D681213B963C0053E9BF /* RankingVC.swift */,
				FA392BBE20DF69F30026C828 /* RankingsVC.swift */,
			);
			path = rankings;
			sourceTree = "<group>";
		};
		FA390136213B7CFB0016A362 /* startup */ = {
			isa = PBXGroup;
			children = (
				FA74C0EF2117C60B0013A840 /* ForgotPasswordVC.swift */,
				FA32CC752100C34E004C1329 /* LoginVC.swift */,
				FAFEDA4F211DB0E800DA3DB8 /* LoginFailVC.swift */,
				FAF1853020FA0C8600CC5D83 /* RootVC.swift */,
				FA32CC772100C360004C1329 /* SignupVC.swift */,
				FAFEDA512129602800DA3DB8 /* WelcomeVC.swift */,
			);
			path = startup;
			sourceTree = "<group>";
		};
		FA390137213B7D490016A362 /* profile */ = {
			isa = PBXGroup;
			children = (
				FA46377F210DE94C0007382D /* EditProfileVC.swift */,
				FA74574C210CA5730010F4F4 /* MyProfileVC.swift */,
				FA99615E2136CF3100C85FBC /* MyProfileTabsVC.swift */,
				FA46377D210DE1E60007382D /* SettingsVC.swift */,
			);
			path = profile;
			sourceTree = "<group>";
		};
		FA392BAE20DF69F30026C828 = {
			isa = PBXGroup;
			children = (
				FA392BB920DF69F30026C828 /* MTP */,
				FA392BEE20DFA6190026C828 /* metadata */,
				FA392BD020DF69F50026C828 /* MTPTests */,
				FA392BDB20DF69F50026C828 /* MTPUITests */,
				FA392BB820DF69F30026C828 /* Products */,
				AF51EC73BEE12E3A8680F4F4 /* Pods */,
				88C40F6C54584204BBA2D4C6 /* Frameworks */,
			);
			sourceTree = "<group>";
		};
		FA392BB820DF69F30026C828 /* Products */ = {
			isa = PBXGroup;
			children = (
				FA392BB720DF69F30026C828 /* MTP.app */,
				FA392BCD20DF69F50026C828 /* MTPTests.xctest */,
				FA392BD820DF69F50026C828 /* MTPUITests.xctest */,
			);
			name = Products;
			sourceTree = "<group>";
		};
		FA392BB920DF69F30026C828 /* MTP */ = {
			isa = PBXGroup;
			children = (
				FA392BEB20DFA5570026C828 /* application */,
				FA392BEC20DFA56B0026C828 /* interface */,
				FA392BED20DFA5810026C828 /* resources */,
				FAAE29C320F0570000B43BA9 /* support */,
			);
			path = MTP;
			sourceTree = "<group>";
		};
		FA392BD020DF69F50026C828 /* MTPTests */ = {
			isa = PBXGroup;
			children = (
				FA392BD120DF69F50026C828 /* MTPTests.swift */,
				FA0BE96B210C5F3300797224 /* ViewTests.swift */,
				FA74C112211C61580013A840 /* StringTests.swift */,
				FAE1F11A21437F2E0002CAB2 /* support */,
			);
			path = MTPTests;
			sourceTree = "<group>";
		};
		FA392BDB20DF69F50026C828 /* MTPUITests */ = {
			isa = PBXGroup;
			children = (
				FA392BDC20DF69F50026C828 /* MTPUITests.swift */,
				FA32CC7120FAC863004C1329 /* XCTestCase+UITest.swift */,
				FA392BDE20DF69F50026C828 /* Info.plist */,
			);
			path = MTPUITests;
			sourceTree = "<group>";
		};
		FA392BEB20DFA5570026C828 /* application */ = {
			isa = PBXGroup;
			children = (
				FA392BBA20DF69F30026C828 /* AppDelegate.swift */,
				FA9A71DE20F1D3FA005F6A57 /* AppDelegate+Tools.swift */,
				FA3CEC552132579300791195 /* Gestalt.swift */,
				FA4653332115ADC6005B5A0A /* MTPAPI.swift */,
				FA76D9742131278900EF8E25 /* User.swift */,
				FA4653312115A250005B5A0A /* UserDefaults+Gestalt.swift */,
			);
			path = application;
			sourceTree = "<group>";
		};
		FA392BEC20DFA56B0026C828 /* interface */ = {
			isa = PBXGroup;
			children = (
				FA392BBC20DF69F30026C828 /* LocationsVC.swift */,
				FAFEDA5321296F6D00DA3DB8 /* MainTBC.swift */,
				FA390137213B7D490016A362 /* profile */,
				FA390135213B7C5E0016A362 /* rankings */,
				FA390136213B7CFB0016A362 /* startup */,
			);
			path = interface;
			sourceTree = "<group>";
		};
		FA392BED20DFA5810026C828 /* resources */ = {
			isa = PBXGroup;
			children = (
				FABA740B213A29CD0059ACCA /* About.storyboard */,
				FA392BC320DF69F50026C828 /* Assets.xcassets */,
				FA463781210E00E60007382D /* EditProfile.storyboard */,
				FA392BC820DF69F50026C828 /* Info.plist */,
				FA392BC520DF69F50026C828 /* LaunchScreen.storyboard */,
				FAE1F115213BFBA80002CAB2 /* Locations.storyboard */,
				FA32CC8B2100CC6B004C1329 /* Login.storyboard */,
				FA74C10D211BB8F00013A840 /* Localizable.strings */,
				FA392BC020DF69F30026C828 /* Main.storyboard */,
				FABA740E213A359C0059ACCA /* MyPhotos.storyboard */,
				FA745755210DA4C60010F4F4 /* MyProfile.storyboard */,
				FABA7411213A374F0059ACCA /* Posts.storyboard */,
				FA390134213AB4A90016A362 /* Rankings.storyboard */,
				FAF1853420FA0DEF00CC5D83 /* Root.storyboard */,
				FAAE29C120EFADC700B43BA9 /* R.generated.swift */,
				FA81361120E8F64500313AB9 /* Settings.bundle */,
				FA32CC802100CB75004C1329 /* Signup.storyboard */,
			);
			path = resources;
			sourceTree = "<group>";
		};
		FA392BEE20DFA6190026C828 /* metadata */ = {
			isa = PBXGroup;
			children = (
				FAB53F8620DFCC04007A80A7 /* .coveralls.yml */,
				FA4F1C5D20DFA69000B8A1ED /* .gitignore */,
				FA9A71E220F2308E005F6A57 /* .jazzy.yaml */,
				FAB53F8420DFCC03007A80A7 /* .slather.yml */,
				FA3E366B20DFB484002AF4EE /* .swiftlint.yml */,
				FAB53F8520DFCC03007A80A7 /* .travis.yml */,
				FAB53F8320DFCB40007A80A7 /* Dangerfile */,
				FA4F1C5E20DFA74500B8A1ED /* Gemfile */,
				FA9A71E020F1DD60005F6A57 /* Gemfile.lock */,
				FA3E366F20DFC0E3002AF4EE /* IDETemplateMacros.plist */,
				FA4F1C5B20DFA67700B8A1ED /* LICENSE.md */,
				FA3E366A20DFACCD002AF4EE /* Podfile */,
				FA9A71E120F1DD6C005F6A57 /* Podfile.lock */,
				FA4F1C5C20DFA67700B8A1ED /* README.md */,
				FA81361420E8FD4E00313AB9 /* script_build_begin.sh */,
				FA81361320E8FD4E00313AB9 /* script_build_end.sh */,
				FAF1853520FA16CE00CC5D83 /* TODO.md */,
			);
			name = metadata;
			sourceTree = "<group>";
		};
		FAAE29C320F0570000B43BA9 /* support */ = {
			isa = PBXGroup;
			children = (
				FA46532F21157784005B5A0A /* FacebookButton.swift */,
				FAE1F118214354A80002CAB2 /* Avenir.swift */,
				FA463784210E06230007382D /* Logger.swift */,
				FA835D35210F054F0098C270 /* ReplaceTopSegue.swift */,
				FA835D33210EAC110098C270 /* Styler.swift */,
				FAAE29BE20EE51A700B43BA9 /* UIApplication+Environment.swift */,
				FA745756210DBD910010F4F4 /* UINavigationBar+Transparent.swift */,
				FA74C110211BBF490013A840 /* String+Formatting.swift */,
				FA32CC7320FB6E67004C1329 /* UIView+Gradient.swift */,
				FAAE29C420F05A9600B43BA9 /* UserDefaults+TypeSafety.swift */,
			);
			path = support;
			sourceTree = "<group>";
		};
		FAE1F11A21437F2E0002CAB2 /* support */ = {
			isa = PBXGroup;
			children = (
				FAB53F8920DFD618007A80A7 /* MemoryWarner.h */,
				FAB53F8A20DFD618007A80A7 /* MemoryWarner.m */,
				FA392BD320DF69F50026C828 /* Info.plist */,
				FAB53F8720DFD617007A80A7 /* MTPTests-Bridging-Header.h */,
				FAE1F11B21437F860002CAB2 /* String+Assert.swift */,
			);
			path = support;
			sourceTree = "<group>";
		};
/* End PBXGroup section */

/* Begin PBXNativeTarget section */
		FA392BB620DF69F30026C828 /* MTP */ = {
			isa = PBXNativeTarget;
			buildConfigurationList = FA392BE120DF69F50026C828 /* Build configuration list for PBXNativeTarget "MTP" */;
			buildPhases = (
				758B7A9DF0E27C737110216C /* [CP] Check Pods Manifest.lock */,
				FA81361520E8FE9700313AB9 /* Run script_build_begin.sh */,
				FA392BB320DF69F30026C828 /* Sources */,
				FA392BB420DF69F30026C828 /* Frameworks */,
				FA392BB520DF69F30026C828 /* Resources */,
				6488DCB99249CC3516D4C352 /* [CP] Copy Pods Resources */,
				FA3E366C20DFBC2F002AF4EE /* Run script_build_end.sh */,
			);
			buildRules = (
			);
			dependencies = (
			);
			name = MTP;
			productName = MTP;
			productReference = FA392BB720DF69F30026C828 /* MTP.app */;
			productType = "com.apple.product-type.application";
		};
		FA392BCC20DF69F50026C828 /* MTPTests */ = {
			isa = PBXNativeTarget;
			buildConfigurationList = FA392BE420DF69F50026C828 /* Build configuration list for PBXNativeTarget "MTPTests" */;
			buildPhases = (
				F46FBA4D9FE9733B1B0ACC92 /* [CP] Check Pods Manifest.lock */,
				FA392BC920DF69F50026C828 /* Sources */,
				FA392BCA20DF69F50026C828 /* Frameworks */,
				FA3E366D20DFBC61002AF4EE /* SwiftLint */,
				FA392BCB20DF69F50026C828 /* Resources */,
			);
			buildRules = (
			);
			dependencies = (
				FA392BCF20DF69F50026C828 /* PBXTargetDependency */,
			);
			name = MTPTests;
			productName = MTPTests;
			productReference = FA392BCD20DF69F50026C828 /* MTPTests.xctest */;
			productType = "com.apple.product-type.bundle.unit-test";
		};
		FA392BD720DF69F50026C828 /* MTPUITests */ = {
			isa = PBXNativeTarget;
			buildConfigurationList = FA392BE720DF69F50026C828 /* Build configuration list for PBXNativeTarget "MTPUITests" */;
			buildPhases = (
				9742874D2D96EE610208747B /* [CP] Check Pods Manifest.lock */,
				FA392BD420DF69F50026C828 /* Sources */,
				FA392BD520DF69F50026C828 /* Frameworks */,
				FA3E366E20DFBC86002AF4EE /* SwiftLint */,
				FA392BD620DF69F50026C828 /* Resources */,
			);
			buildRules = (
			);
			dependencies = (
				FA392BDA20DF69F50026C828 /* PBXTargetDependency */,
			);
			name = MTPUITests;
			productName = MTPUITests;
			productReference = FA392BD820DF69F50026C828 /* MTPUITests.xctest */;
			productType = "com.apple.product-type.bundle.ui-testing";
		};
/* End PBXNativeTarget section */

/* Begin PBXProject section */
		FA392BAF20DF69F30026C828 /* Project object */ = {
			isa = PBXProject;
			attributes = {
				LastSwiftUpdateCheck = 0940;
				LastUpgradeCheck = 0940;
				ORGANIZATIONNAME = "Trollwerks Inc.";
				TargetAttributes = {
					FA392BB620DF69F30026C828 = {
						CreatedOnToolsVersion = 9.4.1;
					};
					FA392BCC20DF69F50026C828 = {
						CreatedOnToolsVersion = 9.4.1;
						LastSwiftMigration = 0940;
						TestTargetID = FA392BB620DF69F30026C828;
					};
					FA392BD720DF69F50026C828 = {
						CreatedOnToolsVersion = 9.4.1;
						TestTargetID = FA392BB620DF69F30026C828;
					};
				};
			};
			buildConfigurationList = FA392BB220DF69F30026C828 /* Build configuration list for PBXProject "MTP" */;
			compatibilityVersion = "Xcode 9.3";
			developmentRegion = en;
			hasScannedForEncodings = 0;
			knownRegions = (
				en,
				Base,
			);
			mainGroup = FA392BAE20DF69F30026C828;
			productRefGroup = FA392BB820DF69F30026C828 /* Products */;
			projectDirPath = "";
			projectRoot = "";
			targets = (
				FA392BB620DF69F30026C828 /* MTP */,
				FA392BCC20DF69F50026C828 /* MTPTests */,
				FA392BD720DF69F50026C828 /* MTPUITests */,
			);
		};
/* End PBXProject section */

/* Begin PBXResourcesBuildPhase section */
		FA392BB520DF69F30026C828 /* Resources */ = {
			isa = PBXResourcesBuildPhase;
			buildActionMask = 2147483647;
			files = (
				FAE1F117213BFBA80002CAB2 /* Locations.storyboard in Resources */,
				FA392BC720DF69F50026C828 /* LaunchScreen.storyboard in Resources */,
				FA74C10F211BB8F00013A840 /* Localizable.strings in Resources */,
				FA81361220E8F64500313AB9 /* Settings.bundle in Resources */,
				FA392BC420DF69F50026C828 /* Assets.xcassets in Resources */,
				FA463783210E00E60007382D /* EditProfile.storyboard in Resources */,
				FABA740D213A29CD0059ACCA /* About.storyboard in Resources */,
				FABA7413213A374F0059ACCA /* Posts.storyboard in Resources */,
				FA390132213AB4A90016A362 /* Rankings.storyboard in Resources */,
				FA392BC220DF69F30026C828 /* Main.storyboard in Resources */,
				FAF1853220FA0DEF00CC5D83 /* Root.storyboard in Resources */,
				0A2349E36085A3EE89A30019 /* Pods-MTP-metadata.plist in Resources */,
				FABA7410213A359C0059ACCA /* MyPhotos.storyboard in Resources */,
				FA32CC7E2100CB75004C1329 /* Signup.storyboard in Resources */,
				F5352AD2AEBF0C3A5C6191CE /* Pods-MTP-settings-metadata.plist in Resources */,
				FA745753210DA4C60010F4F4 /* MyProfile.storyboard in Resources */,
				FA32CC892100CC6B004C1329 /* Login.storyboard in Resources */,
			);
			runOnlyForDeploymentPostprocessing = 0;
		};
		FA392BCB20DF69F50026C828 /* Resources */ = {
			isa = PBXResourcesBuildPhase;
			buildActionMask = 2147483647;
			files = (
			);
			runOnlyForDeploymentPostprocessing = 0;
		};
		FA392BD620DF69F50026C828 /* Resources */ = {
			isa = PBXResourcesBuildPhase;
			buildActionMask = 2147483647;
			files = (
			);
			runOnlyForDeploymentPostprocessing = 0;
		};
/* End PBXResourcesBuildPhase section */

/* Begin PBXShellScriptBuildPhase section */
		6488DCB99249CC3516D4C352 /* [CP] Copy Pods Resources */ = {
			isa = PBXShellScriptBuildPhase;
			buildActionMask = 2147483647;
			files = (
			);
			inputPaths = (
				"${SRCROOT}/Pods/Target Support Files/Pods-MTP/Pods-MTP-resources.sh",
				"${PODS_CONFIGURATION_BUILD_DIR}/AppCenter/AppCenterDistributeResources.bundle",
				"${PODS_ROOT}/FBSDKCoreKit/FacebookSDKStrings.bundle",
			);
			name = "[CP] Copy Pods Resources";
			outputPaths = (
				"${TARGET_BUILD_DIR}/${UNLOCALIZED_RESOURCES_FOLDER_PATH}/AppCenterDistributeResources.bundle",
				"${TARGET_BUILD_DIR}/${UNLOCALIZED_RESOURCES_FOLDER_PATH}/FacebookSDKStrings.bundle",
			);
			runOnlyForDeploymentPostprocessing = 0;
			shellPath = /bin/sh;
			shellScript = "\"${SRCROOT}/Pods/Target Support Files/Pods-MTP/Pods-MTP-resources.sh\"\n";
			showEnvVarsInLog = 0;
		};
		758B7A9DF0E27C737110216C /* [CP] Check Pods Manifest.lock */ = {
			isa = PBXShellScriptBuildPhase;
			buildActionMask = 2147483647;
			files = (
			);
			inputPaths = (
				"${PODS_PODFILE_DIR_PATH}/Podfile.lock",
				"${PODS_ROOT}/Manifest.lock",
			);
			name = "[CP] Check Pods Manifest.lock";
			outputPaths = (
				"$(DERIVED_FILE_DIR)/Pods-MTP-checkManifestLockResult.txt",
			);
			runOnlyForDeploymentPostprocessing = 0;
			shellPath = /bin/sh;
			shellScript = "diff \"${PODS_PODFILE_DIR_PATH}/Podfile.lock\" \"${PODS_ROOT}/Manifest.lock\" > /dev/null\nif [ $? != 0 ] ; then\n    # print error to STDERR\n    echo \"error: The sandbox is not in sync with the Podfile.lock. Run 'pod install' or update your CocoaPods installation.\" >&2\n    exit 1\nfi\n# This output is used by Xcode 'outputs' to avoid re-running this script phase.\necho \"SUCCESS\" > \"${SCRIPT_OUTPUT_FILE_0}\"\n";
			showEnvVarsInLog = 0;
		};
		9742874D2D96EE610208747B /* [CP] Check Pods Manifest.lock */ = {
			isa = PBXShellScriptBuildPhase;
			buildActionMask = 2147483647;
			files = (
			);
			inputPaths = (
				"${PODS_PODFILE_DIR_PATH}/Podfile.lock",
				"${PODS_ROOT}/Manifest.lock",
			);
			name = "[CP] Check Pods Manifest.lock";
			outputPaths = (
				"$(DERIVED_FILE_DIR)/Pods-MTPUITests-checkManifestLockResult.txt",
			);
			runOnlyForDeploymentPostprocessing = 0;
			shellPath = /bin/sh;
			shellScript = "diff \"${PODS_PODFILE_DIR_PATH}/Podfile.lock\" \"${PODS_ROOT}/Manifest.lock\" > /dev/null\nif [ $? != 0 ] ; then\n    # print error to STDERR\n    echo \"error: The sandbox is not in sync with the Podfile.lock. Run 'pod install' or update your CocoaPods installation.\" >&2\n    exit 1\nfi\n# This output is used by Xcode 'outputs' to avoid re-running this script phase.\necho \"SUCCESS\" > \"${SCRIPT_OUTPUT_FILE_0}\"\n";
			showEnvVarsInLog = 0;
		};
		F46FBA4D9FE9733B1B0ACC92 /* [CP] Check Pods Manifest.lock */ = {
			isa = PBXShellScriptBuildPhase;
			buildActionMask = 2147483647;
			files = (
			);
			inputPaths = (
				"${PODS_PODFILE_DIR_PATH}/Podfile.lock",
				"${PODS_ROOT}/Manifest.lock",
			);
			name = "[CP] Check Pods Manifest.lock";
			outputPaths = (
				"$(DERIVED_FILE_DIR)/Pods-MTPTests-checkManifestLockResult.txt",
			);
			runOnlyForDeploymentPostprocessing = 0;
			shellPath = /bin/sh;
			shellScript = "diff \"${PODS_PODFILE_DIR_PATH}/Podfile.lock\" \"${PODS_ROOT}/Manifest.lock\" > /dev/null\nif [ $? != 0 ] ; then\n    # print error to STDERR\n    echo \"error: The sandbox is not in sync with the Podfile.lock. Run 'pod install' or update your CocoaPods installation.\" >&2\n    exit 1\nfi\n# This output is used by Xcode 'outputs' to avoid re-running this script phase.\necho \"SUCCESS\" > \"${SCRIPT_OUTPUT_FILE_0}\"\n";
			showEnvVarsInLog = 0;
		};
		FA3E366C20DFBC2F002AF4EE /* Run script_build_end.sh */ = {
			isa = PBXShellScriptBuildPhase;
			buildActionMask = 2147483647;
			files = (
			);
			inputPaths = (
			);
			name = "Run script_build_end.sh";
			outputPaths = (
			);
			runOnlyForDeploymentPostprocessing = 0;
			shellPath = /bin/sh;
			shellScript = "script_file=\"script_build_end.sh\"\n\necho \"Running a custom build phase script: $script_file\"\n. \"${PROJECT_DIR}/${script_file}\"\nscriptExitStatus=$?\n\necho \"DONE with script: ${script_file} (exitStatus=${scriptExitStatus})\"\n\nexit \"${scriptExitStatus}\"";
		};
		FA3E366D20DFBC61002AF4EE /* SwiftLint */ = {
			isa = PBXShellScriptBuildPhase;
			buildActionMask = 2147483647;
			files = (
			);
			inputPaths = (
			);
			name = SwiftLint;
			outputPaths = (
			);
			runOnlyForDeploymentPostprocessing = 0;
			shellPath = /bin/sh;
			shellScript = "if which swiftlint >/dev/null; then\n  swiftlint\nelse\n  echo \"warning: SwiftLint not installed, download from https://github.com/realm/SwiftLint\"\nfi";
		};
		FA3E366E20DFBC86002AF4EE /* SwiftLint */ = {
			isa = PBXShellScriptBuildPhase;
			buildActionMask = 2147483647;
			files = (
			);
			inputPaths = (
			);
			name = SwiftLint;
			outputPaths = (
			);
			runOnlyForDeploymentPostprocessing = 0;
			shellPath = /bin/sh;
			shellScript = "if which swiftlint >/dev/null; then\n  swiftlint\nelse\n  echo \"warning: SwiftLint not installed, download from https://github.com/realm/SwiftLint\"\nfi";
		};
		FA81361520E8FE9700313AB9 /* Run script_build_begin.sh */ = {
			isa = PBXShellScriptBuildPhase;
			buildActionMask = 2147483647;
			files = (
			);
			inputPaths = (
			);
			name = "Run script_build_begin.sh";
			outputPaths = (
			);
			runOnlyForDeploymentPostprocessing = 0;
			shellPath = /bin/sh;
			shellScript = "script_file=\"script_build_begin.sh\"\n\necho \"Running a custom build phase script: $script_file\"\n. \"${PROJECT_DIR}/${script_file}\"\nscriptExitStatus=$?\n\necho \"DONE with script: ${script_file} (exitStatus=${scriptExitStatus})\"\n\nexit \"${scriptExitStatus}\"";
		};
/* End PBXShellScriptBuildPhase section */

/* Begin PBXSourcesBuildPhase section */
		FA392BB320DF69F30026C828 /* Sources */ = {
			isa = PBXSourcesBuildPhase;
			buildActionMask = 2147483647;
			files = (
				FA3CEC562132579300791195 /* Gestalt.swift in Sources */,
				FA463785210E06230007382D /* Logger.swift in Sources */,
				FA74574D210CA5730010F4F4 /* MyProfileVC.swift in Sources */,
				FAFEDA50211DB0E800DA3DB8 /* LoginFailVC.swift in Sources */,
				FA835D36210F054F0098C270 /* ReplaceTopSegue.swift in Sources */,
				FA12D680213B8A240053E9BF /* RankingPage.swift in Sources */,
				FA4653342115ADC6005B5A0A /* MTPAPI.swift in Sources */,
				FA390139213B84B40016A362 /* RankingPagingVC.swift in Sources */,
				FA76D9752131278900EF8E25 /* User.swift in Sources */,
				FA74C111211BBF490013A840 /* String+Formatting.swift in Sources */,
				FAFEDA522129602800DA3DB8 /* WelcomeVC.swift in Sources */,
				FA9A71DF20F1D3FA005F6A57 /* AppDelegate+Tools.swift in Sources */,
				FA32CC7420FB6E67004C1329 /* UIView+Gradient.swift in Sources */,
				FAF1853120FA0C8600CC5D83 /* RootVC.swift in Sources */,
				FAFEDA5421296F6D00DA3DB8 /* MainTBC.swift in Sources */,
				FAAE29BF20EE51A700B43BA9 /* UIApplication+Environment.swift in Sources */,
				FA32CC762100C34E004C1329 /* LoginVC.swift in Sources */,
				FA46533021157784005B5A0A /* FacebookButton.swift in Sources */,
				FA745757210DBD910010F4F4 /* UINavigationBar+Transparent.swift in Sources */,
				FA392BBF20DF69F30026C828 /* RankingsVC.swift in Sources */,
				FAAE29C220EFADC800B43BA9 /* R.generated.swift in Sources */,
				FA12D682213B963C0053E9BF /* RankingVC.swift in Sources */,
				FA4653322115A250005B5A0A /* UserDefaults+Gestalt.swift in Sources */,
				FA74C0F02117C60B0013A840 /* ForgotPasswordVC.swift in Sources */,
				FA392BBB20DF69F30026C828 /* AppDelegate.swift in Sources */,
				FA463780210DE94C0007382D /* EditProfileVC.swift in Sources */,
				FA99615F2136CF3100C85FBC /* MyProfileTabsVC.swift in Sources */,
				FA835D34210EAC110098C270 /* Styler.swift in Sources */,
				FA392BBD20DF69F30026C828 /* LocationsVC.swift in Sources */,
				FAE1F119214354A80002CAB2 /* Avenir.swift in Sources */,
				FA32CC782100C360004C1329 /* SignupVC.swift in Sources */,
				FAAE29C520F05A9600B43BA9 /* UserDefaults+TypeSafety.swift in Sources */,
				FA46377E210DE1E60007382D /* SettingsVC.swift in Sources */,
			);
			runOnlyForDeploymentPostprocessing = 0;
		};
		FA392BC920DF69F50026C828 /* Sources */ = {
			isa = PBXSourcesBuildPhase;
			buildActionMask = 2147483647;
			files = (
				FA392BD220DF69F50026C828 /* MTPTests.swift in Sources */,
				FAB53F8B20DFD618007A80A7 /* MemoryWarner.m in Sources */,
				FAE1F11C21437F860002CAB2 /* String+Assert.swift in Sources */,
				FA74C113211C61580013A840 /* StringTests.swift in Sources */,
				FA0BE96C210C5F3300797224 /* ViewTests.swift in Sources */,
			);
			runOnlyForDeploymentPostprocessing = 0;
		};
		FA392BD420DF69F50026C828 /* Sources */ = {
			isa = PBXSourcesBuildPhase;
			buildActionMask = 2147483647;
			files = (
				FAAE29C020EE581900B43BA9 /* UIApplication+Environment.swift in Sources */,
				FA32CC7220FAC863004C1329 /* XCTestCase+UITest.swift in Sources */,
				FA392BDD20DF69F50026C828 /* MTPUITests.swift in Sources */,
			);
			runOnlyForDeploymentPostprocessing = 0;
		};
/* End PBXSourcesBuildPhase section */

/* Begin PBXTargetDependency section */
		FA392BCF20DF69F50026C828 /* PBXTargetDependency */ = {
			isa = PBXTargetDependency;
			target = FA392BB620DF69F30026C828 /* MTP */;
			targetProxy = FA392BCE20DF69F50026C828 /* PBXContainerItemProxy */;
		};
		FA392BDA20DF69F50026C828 /* PBXTargetDependency */ = {
			isa = PBXTargetDependency;
			target = FA392BB620DF69F30026C828 /* MTP */;
			targetProxy = FA392BD920DF69F50026C828 /* PBXContainerItemProxy */;
		};
/* End PBXTargetDependency section */

/* Begin PBXVariantGroup section */
		FA32CC802100CB75004C1329 /* Signup.storyboard */ = {
			isa = PBXVariantGroup;
			children = (
				FA32CC7F2100CB75004C1329 /* Base */,
			);
			name = Signup.storyboard;
			sourceTree = "<group>";
		};
		FA32CC8B2100CC6B004C1329 /* Login.storyboard */ = {
			isa = PBXVariantGroup;
			children = (
				FA32CC8A2100CC6B004C1329 /* Base */,
			);
			name = Login.storyboard;
			sourceTree = "<group>";
		};
		FA390134213AB4A90016A362 /* Rankings.storyboard */ = {
			isa = PBXVariantGroup;
			children = (
				FA390133213AB4A90016A362 /* Base */,
			);
			name = Rankings.storyboard;
			sourceTree = "<group>";
		};
		FA392BC020DF69F30026C828 /* Main.storyboard */ = {
			isa = PBXVariantGroup;
			children = (
				FA392BC120DF69F30026C828 /* Base */,
			);
			name = Main.storyboard;
			sourceTree = "<group>";
		};
		FA392BC520DF69F50026C828 /* LaunchScreen.storyboard */ = {
			isa = PBXVariantGroup;
			children = (
				FA392BC620DF69F50026C828 /* Base */,
			);
			name = LaunchScreen.storyboard;
			sourceTree = "<group>";
		};
		FA463781210E00E60007382D /* EditProfile.storyboard */ = {
			isa = PBXVariantGroup;
			children = (
				FA463782210E00E60007382D /* Base */,
			);
			name = EditProfile.storyboard;
			sourceTree = "<group>";
		};
		FA745755210DA4C60010F4F4 /* MyProfile.storyboard */ = {
			isa = PBXVariantGroup;
			children = (
				FA745754210DA4C60010F4F4 /* Base */,
			);
			name = MyProfile.storyboard;
			sourceTree = "<group>";
		};
		FA74C10D211BB8F00013A840 /* Localizable.strings */ = {
			isa = PBXVariantGroup;
			children = (
				FA74C10E211BB8F00013A840 /* Base */,
			);
			name = Localizable.strings;
			sourceTree = "<group>";
		};
		FABA740B213A29CD0059ACCA /* About.storyboard */ = {
			isa = PBXVariantGroup;
			children = (
				FABA740C213A29CD0059ACCA /* Base */,
			);
			name = About.storyboard;
			sourceTree = "<group>";
		};
		FABA740E213A359C0059ACCA /* MyPhotos.storyboard */ = {
			isa = PBXVariantGroup;
			children = (
				FABA740F213A359C0059ACCA /* Base */,
			);
			name = MyPhotos.storyboard;
			sourceTree = "<group>";
		};
		FABA7411213A374F0059ACCA /* Posts.storyboard */ = {
			isa = PBXVariantGroup;
			children = (
				FABA7412213A374F0059ACCA /* Base */,
			);
			name = Posts.storyboard;
			sourceTree = "<group>";
		};
		FAE1F115213BFBA80002CAB2 /* Locations.storyboard */ = {
			isa = PBXVariantGroup;
			children = (
				FAE1F116213BFBA80002CAB2 /* Base */,
			);
			name = Locations.storyboard;
			sourceTree = "<group>";
		};
		FAF1853420FA0DEF00CC5D83 /* Root.storyboard */ = {
			isa = PBXVariantGroup;
			children = (
				FAF1853320FA0DEF00CC5D83 /* Base */,
			);
			name = Root.storyboard;
			sourceTree = "<group>";
		};
/* End PBXVariantGroup section */

/* Begin XCBuildConfiguration section */
		FA392BDF20DF69F50026C828 /* Debug */ = {
			isa = XCBuildConfiguration;
			buildSettings = {
				ALWAYS_SEARCH_USER_PATHS = NO;
				CLANG_ANALYZER_NONNULL = YES;
				CLANG_ANALYZER_NUMBER_OBJECT_CONVERSION = YES_AGGRESSIVE;
				CLANG_CXX_LANGUAGE_STANDARD = "gnu++14";
				CLANG_CXX_LIBRARY = "libc++";
				CLANG_ENABLE_MODULES = YES;
				CLANG_ENABLE_OBJC_ARC = YES;
				CLANG_ENABLE_OBJC_WEAK = YES;
				CLANG_WARN_BLOCK_CAPTURE_AUTORELEASING = YES;
				CLANG_WARN_BOOL_CONVERSION = YES;
				CLANG_WARN_COMMA = YES;
				CLANG_WARN_CONSTANT_CONVERSION = YES;
				CLANG_WARN_DEPRECATED_OBJC_IMPLEMENTATIONS = YES;
				CLANG_WARN_DIRECT_OBJC_ISA_USAGE = YES_ERROR;
				CLANG_WARN_DOCUMENTATION_COMMENTS = YES;
				CLANG_WARN_EMPTY_BODY = YES;
				CLANG_WARN_ENUM_CONVERSION = YES;
				CLANG_WARN_INFINITE_RECURSION = YES;
				CLANG_WARN_INT_CONVERSION = YES;
				CLANG_WARN_NON_LITERAL_NULL_CONVERSION = YES;
				CLANG_WARN_OBJC_IMPLICIT_RETAIN_SELF = YES;
				CLANG_WARN_OBJC_LITERAL_CONVERSION = YES;
				CLANG_WARN_OBJC_ROOT_CLASS = YES_ERROR;
				CLANG_WARN_RANGE_LOOP_ANALYSIS = YES;
				CLANG_WARN_STRICT_PROTOTYPES = YES;
				CLANG_WARN_SUSPICIOUS_MOVE = YES;
				CLANG_WARN_UNGUARDED_AVAILABILITY = YES_AGGRESSIVE;
				CLANG_WARN_UNREACHABLE_CODE = YES;
				CLANG_WARN__DUPLICATE_METHOD_MATCH = YES;
				CODE_SIGN_IDENTITY = "iPhone Developer";
				COPY_PHASE_STRIP = NO;
				DEBUG_INFORMATION_FORMAT = dwarf;
				ENABLE_STRICT_OBJC_MSGSEND = YES;
				ENABLE_TESTABILITY = YES;
				GCC_C_LANGUAGE_STANDARD = gnu11;
				GCC_DYNAMIC_NO_PIC = NO;
				GCC_NO_COMMON_BLOCKS = YES;
				GCC_OPTIMIZATION_LEVEL = 0;
				GCC_PREPROCESSOR_DEFINITIONS = (
					"DEBUG=1",
					"$(inherited)",
				);
				GCC_WARN_64_TO_32_BIT_CONVERSION = YES;
				GCC_WARN_ABOUT_RETURN_TYPE = YES_ERROR;
				GCC_WARN_UNDECLARED_SELECTOR = YES;
				GCC_WARN_UNINITIALIZED_AUTOS = YES_AGGRESSIVE;
				GCC_WARN_UNUSED_FUNCTION = YES;
				GCC_WARN_UNUSED_VARIABLE = YES;
				IPHONEOS_DEPLOYMENT_TARGET = 11.4;
				MTL_ENABLE_DEBUG_INFO = YES;
				ONLY_ACTIVE_ARCH = YES;
				SDKROOT = iphoneos;
				SWIFT_ACTIVE_COMPILATION_CONDITIONS = DEBUG;
				SWIFT_OPTIMIZATION_LEVEL = "-Onone";
			};
			name = Debug;
		};
		FA392BE020DF69F50026C828 /* Release */ = {
			isa = XCBuildConfiguration;
			buildSettings = {
				ALWAYS_SEARCH_USER_PATHS = NO;
				CLANG_ANALYZER_NONNULL = YES;
				CLANG_ANALYZER_NUMBER_OBJECT_CONVERSION = YES_AGGRESSIVE;
				CLANG_CXX_LANGUAGE_STANDARD = "gnu++14";
				CLANG_CXX_LIBRARY = "libc++";
				CLANG_ENABLE_MODULES = YES;
				CLANG_ENABLE_OBJC_ARC = YES;
				CLANG_ENABLE_OBJC_WEAK = YES;
				CLANG_WARN_BLOCK_CAPTURE_AUTORELEASING = YES;
				CLANG_WARN_BOOL_CONVERSION = YES;
				CLANG_WARN_COMMA = YES;
				CLANG_WARN_CONSTANT_CONVERSION = YES;
				CLANG_WARN_DEPRECATED_OBJC_IMPLEMENTATIONS = YES;
				CLANG_WARN_DIRECT_OBJC_ISA_USAGE = YES_ERROR;
				CLANG_WARN_DOCUMENTATION_COMMENTS = YES;
				CLANG_WARN_EMPTY_BODY = YES;
				CLANG_WARN_ENUM_CONVERSION = YES;
				CLANG_WARN_INFINITE_RECURSION = YES;
				CLANG_WARN_INT_CONVERSION = YES;
				CLANG_WARN_NON_LITERAL_NULL_CONVERSION = YES;
				CLANG_WARN_OBJC_IMPLICIT_RETAIN_SELF = YES;
				CLANG_WARN_OBJC_LITERAL_CONVERSION = YES;
				CLANG_WARN_OBJC_ROOT_CLASS = YES_ERROR;
				CLANG_WARN_RANGE_LOOP_ANALYSIS = YES;
				CLANG_WARN_STRICT_PROTOTYPES = YES;
				CLANG_WARN_SUSPICIOUS_MOVE = YES;
				CLANG_WARN_UNGUARDED_AVAILABILITY = YES_AGGRESSIVE;
				CLANG_WARN_UNREACHABLE_CODE = YES;
				CLANG_WARN__DUPLICATE_METHOD_MATCH = YES;
				CODE_SIGN_IDENTITY = "iPhone Developer";
				COPY_PHASE_STRIP = NO;
				DEBUG_INFORMATION_FORMAT = "dwarf-with-dsym";
				ENABLE_NS_ASSERTIONS = NO;
				ENABLE_STRICT_OBJC_MSGSEND = YES;
				GCC_C_LANGUAGE_STANDARD = gnu11;
				GCC_NO_COMMON_BLOCKS = YES;
				GCC_WARN_64_TO_32_BIT_CONVERSION = YES;
				GCC_WARN_ABOUT_RETURN_TYPE = YES_ERROR;
				GCC_WARN_UNDECLARED_SELECTOR = YES;
				GCC_WARN_UNINITIALIZED_AUTOS = YES_AGGRESSIVE;
				GCC_WARN_UNUSED_FUNCTION = YES;
				GCC_WARN_UNUSED_VARIABLE = YES;
				IPHONEOS_DEPLOYMENT_TARGET = 11.4;
				MTL_ENABLE_DEBUG_INFO = NO;
				SDKROOT = iphoneos;
				SWIFT_COMPILATION_MODE = wholemodule;
				SWIFT_OPTIMIZATION_LEVEL = "-O";
				VALIDATE_PRODUCT = YES;
			};
			name = Release;
		};
		FA392BE220DF69F50026C828 /* Debug */ = {
			isa = XCBuildConfiguration;
			baseConfigurationReference = 3D74791BE9295E16EA91DC4C /* Pods-MTP.debug.xcconfig */;
			buildSettings = {
				ASSETCATALOG_COMPILER_APPICON_NAME = AppIcon;
				CODE_SIGN_STYLE = Manual;
				DEBUG_INFORMATION_FORMAT = "dwarf-with-dsym";
				DEVELOPMENT_TEAM = 556343DW3U;
				INFOPLIST_FILE = "$(SRCROOT)/MTP/resources/Info.plist";
				LD_RUNPATH_SEARCH_PATHS = (
					"$(inherited)",
					"@executable_path/Frameworks",
				);
				PRODUCT_BUNDLE_IDENTIFIER = com.trollwerks.mtp;
				PRODUCT_NAME = "$(TARGET_NAME)";
				PROVISIONING_PROFILE = "a9e6260d-514e-43af-a160-caf934a66289";
				PROVISIONING_PROFILE_SPECIFIER = "MTP-Development";
				SWIFT_VERSION = 4.0;
				TARGETED_DEVICE_FAMILY = "1,2";
			};
			name = Debug;
		};
		FA392BE320DF69F50026C828 /* Release */ = {
			isa = XCBuildConfiguration;
			baseConfigurationReference = E03793369993AA49FE17B339 /* Pods-MTP.release.xcconfig */;
			buildSettings = {
				ASSETCATALOG_COMPILER_APPICON_NAME = AppIcon;
				CODE_SIGN_STYLE = Manual;
				DEVELOPMENT_TEAM = "";
				INFOPLIST_FILE = "$(SRCROOT)/MTP/resources/Info.plist";
				LD_RUNPATH_SEARCH_PATHS = (
					"$(inherited)",
					"@executable_path/Frameworks",
				);
				PRODUCT_BUNDLE_IDENTIFIER = com.trollwerks.mtp;
				PRODUCT_NAME = "$(TARGET_NAME)";
				PROVISIONING_PROFILE_SPECIFIER = "";
				SWIFT_VERSION = 4.0;
				TARGETED_DEVICE_FAMILY = "1,2";
			};
			name = Release;
		};
		FA392BE520DF69F50026C828 /* Debug */ = {
			isa = XCBuildConfiguration;
			baseConfigurationReference = 7A421C21DED7018B2D88EDFE /* Pods-MTPTests.debug.xcconfig */;
			buildSettings = {
				ALWAYS_EMBED_SWIFT_STANDARD_LIBRARIES = YES;
				BUNDLE_LOADER = "$(TEST_HOST)";
				CLANG_ENABLE_MODULES = YES;
				CODE_SIGN_STYLE = Automatic;
				DEVELOPMENT_TEAM = 556343DW3U;
				INFOPLIST_FILE = MTPTests/support/Info.plist;
				LD_RUNPATH_SEARCH_PATHS = (
					"$(inherited)",
					"@executable_path/Frameworks",
					"@loader_path/Frameworks",
				);
				PRODUCT_BUNDLE_IDENTIFIER = com.trollwerks.MTPTests;
				PRODUCT_NAME = "$(TARGET_NAME)";
				SWIFT_OBJC_BRIDGING_HEADER = "MTPTests/support/MTPTests-Bridging-Header.h";
				SWIFT_OPTIMIZATION_LEVEL = "-Onone";
				SWIFT_VERSION = 4.0;
				TARGETED_DEVICE_FAMILY = "1,2";
				TEST_HOST = "$(BUILT_PRODUCTS_DIR)/MTP.app/MTP";
			};
			name = Debug;
		};
		FA392BE620DF69F50026C828 /* Release */ = {
			isa = XCBuildConfiguration;
			baseConfigurationReference = 5250514805CCAF19BF74C4E2 /* Pods-MTPTests.release.xcconfig */;
			buildSettings = {
				ALWAYS_EMBED_SWIFT_STANDARD_LIBRARIES = YES;
				BUNDLE_LOADER = "$(TEST_HOST)";
				CLANG_ENABLE_MODULES = YES;
				CODE_SIGN_STYLE = Automatic;
				DEVELOPMENT_TEAM = 556343DW3U;
				INFOPLIST_FILE = MTPTests/support/Info.plist;
				LD_RUNPATH_SEARCH_PATHS = (
					"$(inherited)",
					"@executable_path/Frameworks",
					"@loader_path/Frameworks",
				);
				PRODUCT_BUNDLE_IDENTIFIER = com.trollwerks.MTPTests;
				PRODUCT_NAME = "$(TARGET_NAME)";
				SWIFT_OBJC_BRIDGING_HEADER = "MTPTests/support/MTPTests-Bridging-Header.h";
				SWIFT_VERSION = 4.0;
				TARGETED_DEVICE_FAMILY = "1,2";
				TEST_HOST = "$(BUILT_PRODUCTS_DIR)/MTP.app/MTP";
			};
			name = Release;
		};
		FA392BE820DF69F50026C828 /* Debug */ = {
			isa = XCBuildConfiguration;
			baseConfigurationReference = CF56246BCC141A7DD1DD5AF9 /* Pods-MTPUITests.debug.xcconfig */;
			buildSettings = {
				ALWAYS_EMBED_SWIFT_STANDARD_LIBRARIES = YES;
				CODE_SIGN_STYLE = Automatic;
				DEVELOPMENT_TEAM = 556343DW3U;
				INFOPLIST_FILE = MTPUITests/Info.plist;
				LD_RUNPATH_SEARCH_PATHS = (
					"$(inherited)",
					"@executable_path/Frameworks",
					"@loader_path/Frameworks",
				);
				PRODUCT_BUNDLE_IDENTIFIER = com.trollwerks.MTPUITests;
				PRODUCT_NAME = "$(TARGET_NAME)";
				SWIFT_VERSION = 4.0;
				TARGETED_DEVICE_FAMILY = "1,2";
				TEST_TARGET_NAME = MTP;
			};
			name = Debug;
		};
		FA392BE920DF69F50026C828 /* Release */ = {
			isa = XCBuildConfiguration;
			baseConfigurationReference = 5B51432A4FEC34463DAE35D6 /* Pods-MTPUITests.release.xcconfig */;
			buildSettings = {
				ALWAYS_EMBED_SWIFT_STANDARD_LIBRARIES = YES;
				CODE_SIGN_STYLE = Automatic;
				DEVELOPMENT_TEAM = 556343DW3U;
				INFOPLIST_FILE = MTPUITests/Info.plist;
				LD_RUNPATH_SEARCH_PATHS = (
					"$(inherited)",
					"@executable_path/Frameworks",
					"@loader_path/Frameworks",
				);
				PRODUCT_BUNDLE_IDENTIFIER = com.trollwerks.MTPUITests;
				PRODUCT_NAME = "$(TARGET_NAME)";
				SWIFT_VERSION = 4.0;
				TARGETED_DEVICE_FAMILY = "1,2";
				TEST_TARGET_NAME = MTP;
			};
			name = Release;
		};
/* End XCBuildConfiguration section */

/* Begin XCConfigurationList section */
		FA392BB220DF69F30026C828 /* Build configuration list for PBXProject "MTP" */ = {
			isa = XCConfigurationList;
			buildConfigurations = (
				FA392BDF20DF69F50026C828 /* Debug */,
				FA392BE020DF69F50026C828 /* Release */,
			);
			defaultConfigurationIsVisible = 0;
			defaultConfigurationName = Release;
		};
		FA392BE120DF69F50026C828 /* Build configuration list for PBXNativeTarget "MTP" */ = {
			isa = XCConfigurationList;
			buildConfigurations = (
				FA392BE220DF69F50026C828 /* Debug */,
				FA392BE320DF69F50026C828 /* Release */,
			);
			defaultConfigurationIsVisible = 0;
			defaultConfigurationName = Release;
		};
		FA392BE420DF69F50026C828 /* Build configuration list for PBXNativeTarget "MTPTests" */ = {
			isa = XCConfigurationList;
			buildConfigurations = (
				FA392BE520DF69F50026C828 /* Debug */,
				FA392BE620DF69F50026C828 /* Release */,
			);
			defaultConfigurationIsVisible = 0;
			defaultConfigurationName = Release;
		};
		FA392BE720DF69F50026C828 /* Build configuration list for PBXNativeTarget "MTPUITests" */ = {
			isa = XCConfigurationList;
			buildConfigurations = (
				FA392BE820DF69F50026C828 /* Debug */,
				FA392BE920DF69F50026C828 /* Release */,
			);
			defaultConfigurationIsVisible = 0;
			defaultConfigurationName = Release;
		};
/* End XCConfigurationList section */
	};
	rootObject = FA392BAF20DF69F30026C828 /* Project object */;
}
