// !$*UTF8*$!
{
	archiveVersion = 1;
	classes = {
	};
	objectVersion = 50;
	objects = {

/* Begin PBXBuildFile section */
		0A2349E36085A3EE89A30019 /* Pods-MTP-metadata.plist in Resources */ = {isa = PBXBuildFile; fileRef = B988D22396864AC3181C1EA5 /* Pods-MTP-metadata.plist */; };
		122BA726DE2ED1EC0C4144BB /* libPods-MTPUITests.a in Frameworks */ = {isa = PBXBuildFile; fileRef = B1C0AF3F035BC227379ED6DE /* libPods-MTPUITests.a */; };
		529054A21D10AD8DB1855DB5 /* libPods-MTPTests.a in Frameworks */ = {isa = PBXBuildFile; fileRef = 848B6781D80D51E75A14ECF6 /* libPods-MTPTests.a */; };
		8C5ECE0221FE9B3600322ABF /* Checklist.swift in Sources */ = {isa = PBXBuildFile; fileRef = 8C5ECE0121FE9B3600322ABF /* Checklist.swift */; };
		8C5ECE9E21FEE6F800322ABF /* CountGroupCell.swift in Sources */ = {isa = PBXBuildFile; fileRef = 8C5ECE9D21FEE6F800322ABF /* CountGroupCell.swift */; };
		8C5ECF3A21FFE49800322ABF /* RankingsPage.swift in Sources */ = {isa = PBXBuildFile; fileRef = 8C5ECF3921FFE49800322ABF /* RankingsPage.swift */; };
		8C76D5DC22028874005CF4CD /* ServiceProvider.swift in Sources */ = {isa = PBXBuildFile; fileRef = 8C76D5DB22028874005CF4CD /* ServiceProvider.swift */; };
		C1D9A04EB6208ED844515108 /* libPods-MTP.a in Frameworks */ = {isa = PBXBuildFile; fileRef = EA7B8EF0C9A37C87525A9855 /* libPods-MTP.a */; };
		F5352AD2AEBF0C3A5C6191CE /* Pods-MTP-settings-metadata.plist in Resources */ = {isa = PBXBuildFile; fileRef = 7E2C18C122B275F3B40CDCDA /* Pods-MTP-settings-metadata.plist */; };
		FA0BE96C210C5F3300797224 /* ViewTests.swift in Sources */ = {isa = PBXBuildFile; fileRef = FA0BE96B210C5F3300797224 /* ViewTests.swift */; };
		FA12D682213B963C0053E9BF /* RankingsPageVC.swift in Sources */ = {isa = PBXBuildFile; fileRef = FA12D681213B963C0053E9BF /* RankingsPageVC.swift */; };
		FA254DCB21685D6800FC9360 /* NSObject+Create.swift in Sources */ = {isa = PBXBuildFile; fileRef = FA254DCA21685D6800FC9360 /* NSObject+Create.swift */; };
		FA254DCD2169A2A400FC9360 /* MyAboutVC.swift in Sources */ = {isa = PBXBuildFile; fileRef = FA254DCC2169A2A400FC9360 /* MyAboutVC.swift */; };
		FA25ACE6217B54A8000AE26D /* RankingCell.swift in Sources */ = {isa = PBXBuildFile; fileRef = FA25ACE5217B54A8000AE26D /* RankingCell.swift */; };
		FA25ACE8217C87ED000AE26D /* RankingHeader.swift in Sources */ = {isa = PBXBuildFile; fileRef = FA25ACE7217C87ED000AE26D /* RankingHeader.swift */; };
		FA291FD5217ECBC8004140BD /* RankingsFilterVC.swift in Sources */ = {isa = PBXBuildFile; fileRef = FA291FD4217ECBC8004140BD /* RankingsFilterVC.swift */; };
		FA2E718521ED535B00E6AB73 /* WHS.swift in Sources */ = {isa = PBXBuildFile; fileRef = FA2E718421ED535B00E6AB73 /* WHS.swift */; };
		FA32CC7220FAC863004C1329 /* XCTestCase+UITest.swift in Sources */ = {isa = PBXBuildFile; fileRef = FA32CC7120FAC863004C1329 /* XCTestCase+UITest.swift */; };
		FA32CC7420FB6E67004C1329 /* UIView+Gradient.swift in Sources */ = {isa = PBXBuildFile; fileRef = FA32CC7320FB6E67004C1329 /* UIView+Gradient.swift */; };
		FA32CC762100C34E004C1329 /* LoginVC.swift in Sources */ = {isa = PBXBuildFile; fileRef = FA32CC752100C34E004C1329 /* LoginVC.swift */; };
		FA32CC782100C360004C1329 /* SignupVC.swift in Sources */ = {isa = PBXBuildFile; fileRef = FA32CC772100C360004C1329 /* SignupVC.swift */; };
		FA32CC7E2100CB75004C1329 /* Signup.storyboard in Resources */ = {isa = PBXBuildFile; fileRef = FA32CC802100CB75004C1329 /* Signup.storyboard */; };
		FA32CC892100CC6B004C1329 /* Login.storyboard in Resources */ = {isa = PBXBuildFile; fileRef = FA32CC8B2100CC6B004C1329 /* Login.storyboard */; };
		FA390132213AB4A90016A362 /* Rankings.storyboard in Resources */ = {isa = PBXBuildFile; fileRef = FA390134213AB4A90016A362 /* Rankings.storyboard */; };
		FA390139213B84B40016A362 /* RankingsPagingVC.swift in Sources */ = {isa = PBXBuildFile; fileRef = FA390138213B84B40016A362 /* RankingsPagingVC.swift */; };
		FA392BBB20DF69F30026C828 /* AppDelegate.swift in Sources */ = {isa = PBXBuildFile; fileRef = FA392BBA20DF69F30026C828 /* AppDelegate.swift */; };
		FA392BBD20DF69F30026C828 /* LocationsVC.swift in Sources */ = {isa = PBXBuildFile; fileRef = FA392BBC20DF69F30026C828 /* LocationsVC.swift */; };
		FA392BBF20DF69F30026C828 /* RankingsVC.swift in Sources */ = {isa = PBXBuildFile; fileRef = FA392BBE20DF69F30026C828 /* RankingsVC.swift */; };
		FA392BC220DF69F30026C828 /* Main.storyboard in Resources */ = {isa = PBXBuildFile; fileRef = FA392BC020DF69F30026C828 /* Main.storyboard */; };
		FA392BC420DF69F50026C828 /* Assets.xcassets in Resources */ = {isa = PBXBuildFile; fileRef = FA392BC320DF69F50026C828 /* Assets.xcassets */; };
		FA392BC720DF69F50026C828 /* LaunchScreen.storyboard in Resources */ = {isa = PBXBuildFile; fileRef = FA392BC520DF69F50026C828 /* LaunchScreen.storyboard */; };
		FA392BD220DF69F50026C828 /* MTPTests.swift in Sources */ = {isa = PBXBuildFile; fileRef = FA392BD120DF69F50026C828 /* MTPTests.swift */; };
		FA392BDD20DF69F50026C828 /* MTPUITests.swift in Sources */ = {isa = PBXBuildFile; fileRef = FA392BDC20DF69F50026C828 /* MTPUITests.swift */; };
		FA3BD1D2215F7FCD007EAF75 /* MyPostsVC.swift in Sources */ = {isa = PBXBuildFile; fileRef = FA3BD1D1215F7FCD007EAF75 /* MyPostsVC.swift */; };
		FA3BD2292160D6BC007EAF75 /* CreateTests.swift in Sources */ = {isa = PBXBuildFile; fileRef = FA3BD2282160D6BC007EAF75 /* CreateTests.swift */; };
		FA3CEC562132579300791195 /* Gestalt.swift in Sources */ = {isa = PBXBuildFile; fileRef = FA3CEC552132579300791195 /* Gestalt.swift */; };
		FA46377E210DE1E60007382D /* SettingsVC.swift in Sources */ = {isa = PBXBuildFile; fileRef = FA46377D210DE1E60007382D /* SettingsVC.swift */; };
		FA463780210DE94C0007382D /* EditProfileVC.swift in Sources */ = {isa = PBXBuildFile; fileRef = FA46377F210DE94C0007382D /* EditProfileVC.swift */; };
		FA463783210E00E60007382D /* EditProfile.storyboard in Resources */ = {isa = PBXBuildFile; fileRef = FA463781210E00E60007382D /* EditProfile.storyboard */; };
		FA463785210E06230007382D /* LoggingService.swift in Sources */ = {isa = PBXBuildFile; fileRef = FA463784210E06230007382D /* LoggingService.swift */; };
		FA46533021157784005B5A0A /* FacebookButton.swift in Sources */ = {isa = PBXBuildFile; fileRef = FA46532F21157784005B5A0A /* FacebookButton.swift */; };
		FA4653322115A250005B5A0A /* UserDefaults+Gestalt.swift in Sources */ = {isa = PBXBuildFile; fileRef = FA4653312115A250005B5A0A /* UserDefaults+Gestalt.swift */; };
		FA4653342115ADC6005B5A0A /* MTPAPI.swift in Sources */ = {isa = PBXBuildFile; fileRef = FA4653332115ADC6005B5A0A /* MTPAPI.swift */; };
		FA5AC0B421FC49860080F84F /* PlaceAnnotation.swift in Sources */ = {isa = PBXBuildFile; fileRef = FA5AC0B321FC49860080F84F /* PlaceAnnotation.swift */; };
		FA5AC0B621FC4EBE0080F84F /* PlaceAnnotationView.swift in Sources */ = {isa = PBXBuildFile; fileRef = FA5AC0B521FC4EBE0080F84F /* PlaceAnnotationView.swift */; };
		FA5AC0B821FD4A160080F84F /* PlaceClusterAnnotationView.swift in Sources */ = {isa = PBXBuildFile; fileRef = FA5AC0B721FD4A160080F84F /* PlaceClusterAnnotationView.swift */; };
		FA5AC0BB21FDC1060080F84F /* MyCounts.storyboard in Resources */ = {isa = PBXBuildFile; fileRef = FA5AC0B921FDC1050080F84F /* MyCounts.storyboard */; };
		FA5AC0BD21FDC80A0080F84F /* MyCountsVC.swift in Sources */ = {isa = PBXBuildFile; fileRef = FA5AC0BC21FDC80A0080F84F /* MyCountsVC.swift */; };
		FA5AC0BF21FDCB9D0080F84F /* MyCountsPagingVC.swift in Sources */ = {isa = PBXBuildFile; fileRef = FA5AC0BE21FDCB9D0080F84F /* MyCountsPagingVC.swift */; };
		FA5AC0C121FDCCDE0080F84F /* ListPagingItem.swift in Sources */ = {isa = PBXBuildFile; fileRef = FA5AC0C021FDCCDE0080F84F /* ListPagingItem.swift */; };
		FA5AC0C321FDCE200080F84F /* MyCountsPageVC.swift in Sources */ = {isa = PBXBuildFile; fileRef = FA5AC0C221FDCE200080F84F /* MyCountsPageVC.swift */; };
		FA5AC0C521FDD7C00080F84F /* CountHeader.swift in Sources */ = {isa = PBXBuildFile; fileRef = FA5AC0C421FDD7C00080F84F /* CountHeader.swift */; };
		FA5AC0C721FDD8AA0080F84F /* CountToggleCell.swift in Sources */ = {isa = PBXBuildFile; fileRef = FA5AC0C621FDD8AA0080F84F /* CountToggleCell.swift */; };
		FA6A188621EFEF920092C56C /* Observable.swift in Sources */ = {isa = PBXBuildFile; fileRef = FA6A188521EFEF920092C56C /* Observable.swift */; };
		FA74574D210CA5730010F4F4 /* MyProfileVC.swift in Sources */ = {isa = PBXBuildFile; fileRef = FA74574C210CA5730010F4F4 /* MyProfileVC.swift */; };
		FA745753210DA4C60010F4F4 /* MyProfile.storyboard in Resources */ = {isa = PBXBuildFile; fileRef = FA745755210DA4C60010F4F4 /* MyProfile.storyboard */; };
		FA745757210DBD910010F4F4 /* UINavigationBar+Transparent.swift in Sources */ = {isa = PBXBuildFile; fileRef = FA745756210DBD910010F4F4 /* UINavigationBar+Transparent.swift */; };
		FA74C0F02117C60B0013A840 /* ForgotPasswordVC.swift in Sources */ = {isa = PBXBuildFile; fileRef = FA74C0EF2117C60B0013A840 /* ForgotPasswordVC.swift */; };
		FA74C10F211BB8F00013A840 /* Localizable.strings in Resources */ = {isa = PBXBuildFile; fileRef = FA74C10D211BB8F00013A840 /* Localizable.strings */; };
		FA74C111211BBF490013A840 /* String+Formatting.swift in Sources */ = {isa = PBXBuildFile; fileRef = FA74C110211BBF490013A840 /* String+Formatting.swift */; };
		FA74C113211C61580013A840 /* StringTests.swift in Sources */ = {isa = PBXBuildFile; fileRef = FA74C112211C61580013A840 /* StringTests.swift */; };
		FA76D9752131278900EF8E25 /* User.swift in Sources */ = {isa = PBXBuildFile; fileRef = FA76D9742131278900EF8E25 /* User.swift */; };
		FA81361220E8F64500313AB9 /* Settings.bundle in Resources */ = {isa = PBXBuildFile; fileRef = FA81361120E8F64500313AB9 /* Settings.bundle */; };
		FA835D34210EAC110098C270 /* Styler.swift in Sources */ = {isa = PBXBuildFile; fileRef = FA835D33210EAC110098C270 /* Styler.swift */; };
		FA835D36210F054F0098C270 /* ReplaceTopSegue.swift in Sources */ = {isa = PBXBuildFile; fileRef = FA835D35210F054F0098C270 /* ReplaceTopSegue.swift */; };
		FA8A65AF217ED3BA00BC0DFE /* RankingsFilter.storyboard in Resources */ = {isa = PBXBuildFile; fileRef = FA8A65AD217ED3BA00BC0DFE /* RankingsFilter.storyboard */; };
		FA99615F2136CF3100C85FBC /* MyProfilePagingVC.swift in Sources */ = {isa = PBXBuildFile; fileRef = FA99615E2136CF3100C85FBC /* MyProfilePagingVC.swift */; };
		FA9A71DF20F1D3FA005F6A57 /* AppDelegate+Tools.swift in Sources */ = {isa = PBXBuildFile; fileRef = FA9A71DE20F1D3FA005F6A57 /* AppDelegate+Tools.swift */; };
		FAAE29BF20EE51A700B43BA9 /* UIApplication+Environment.swift in Sources */ = {isa = PBXBuildFile; fileRef = FAAE29BE20EE51A700B43BA9 /* UIApplication+Environment.swift */; };
		FAAE29C020EE581900B43BA9 /* UIApplication+Environment.swift in Sources */ = {isa = PBXBuildFile; fileRef = FAAE29BE20EE51A700B43BA9 /* UIApplication+Environment.swift */; };
		FAAE29C220EFADC800B43BA9 /* R.generated.swift in Sources */ = {isa = PBXBuildFile; fileRef = FAAE29C120EFADC700B43BA9 /* R.generated.swift */; };
		FAAE29C520F05A9600B43BA9 /* UserDefaults+TypeSafety.swift in Sources */ = {isa = PBXBuildFile; fileRef = FAAE29C420F05A9600B43BA9 /* UserDefaults+TypeSafety.swift */; };
		FAB53F8B20DFD618007A80A7 /* MemoryWarner.m in Sources */ = {isa = PBXBuildFile; fileRef = FAB53F8A20DFD618007A80A7 /* MemoryWarner.m */; };
		FABA740D213A29CD0059ACCA /* MyAbout.storyboard in Resources */ = {isa = PBXBuildFile; fileRef = FABA740B213A29CD0059ACCA /* MyAbout.storyboard */; };
		FABA7410213A359C0059ACCA /* MyPhotos.storyboard in Resources */ = {isa = PBXBuildFile; fileRef = FABA740E213A359C0059ACCA /* MyPhotos.storyboard */; };
		FABA7413213A374F0059ACCA /* MyPosts.storyboard in Resources */ = {isa = PBXBuildFile; fileRef = FABA7411213A374F0059ACCA /* MyPosts.storyboard */; };
		FAC159A221EB68AA00564E2D /* Location.swift in Sources */ = {isa = PBXBuildFile; fileRef = FAC159A121EB68AA00564E2D /* Location.swift */; };
		FAC3BCB8216A225900E1507E /* TagButton.swift in Sources */ = {isa = PBXBuildFile; fileRef = FAC3BCB5216A225900E1507E /* TagButton.swift */; };
		FAC3BCB9216A225900E1507E /* TagsView.swift in Sources */ = {isa = PBXBuildFile; fileRef = FAC3BCB6216A225900E1507E /* TagsView.swift */; };
		FAD2B51321F45796009FFDD7 /* PlaceLocation.swift in Sources */ = {isa = PBXBuildFile; fileRef = FAD2B51221F45796009FFDD7 /* PlaceLocation.swift */; };
		FAD2B51621F46913009FFDD7 /* Checklists.swift in Sources */ = {isa = PBXBuildFile; fileRef = FAD2B51521F46913009FFDD7 /* Checklists.swift */; };
		FAD2B51821F48AB8009FFDD7 /* Place.swift in Sources */ = {isa = PBXBuildFile; fileRef = FAD2B51721F48AB8009FFDD7 /* Place.swift */; };
		FAD2B51A21F492B3009FFDD7 /* UncertainValue.swift in Sources */ = {isa = PBXBuildFile; fileRef = FAD2B51921F492B3009FFDD7 /* UncertainValue.swift */; };
		FAD2B51C21F4A675009FFDD7 /* Restaurant.swift in Sources */ = {isa = PBXBuildFile; fileRef = FAD2B51B21F4A675009FFDD7 /* Restaurant.swift */; };
		FADC1ABA2144FAD70011EE49 /* Date+Formatting.swift in Sources */ = {isa = PBXBuildFile; fileRef = FADC1AB92144FAD70011EE49 /* Date+Formatting.swift */; };
		FADC1ABE2145E9760011EE49 /* MyPhotosVC.swift in Sources */ = {isa = PBXBuildFile; fileRef = FADC1ABD2145E9760011EE49 /* MyPhotosVC.swift */; };
		FAE1F117213BFBA80002CAB2 /* Locations.storyboard in Resources */ = {isa = PBXBuildFile; fileRef = FAE1F115213BFBA80002CAB2 /* Locations.storyboard */; };
		FAE1F119214354A80002CAB2 /* Avenir.swift in Sources */ = {isa = PBXBuildFile; fileRef = FAE1F118214354A80002CAB2 /* Avenir.swift */; };
		FAE1F11C21437F860002CAB2 /* String+Assert.swift in Sources */ = {isa = PBXBuildFile; fileRef = FAE1F11B21437F860002CAB2 /* String+Assert.swift */; };
		FAE1F11E2143B29F0002CAB2 /* LocationTracker.swift in Sources */ = {isa = PBXBuildFile; fileRef = FAE1F11D2143B29F0002CAB2 /* LocationTracker.swift */; };
		FAF1853120FA0C8600CC5D83 /* RootVC.swift in Sources */ = {isa = PBXBuildFile; fileRef = FAF1853020FA0C8600CC5D83 /* RootVC.swift */; };
		FAF1853220FA0DEF00CC5D83 /* Root.storyboard in Resources */ = {isa = PBXBuildFile; fileRef = FAF1853420FA0DEF00CC5D83 /* Root.storyboard */; };
		FAFEDA50211DB0E800DA3DB8 /* LoginFailVC.swift in Sources */ = {isa = PBXBuildFile; fileRef = FAFEDA4F211DB0E800DA3DB8 /* LoginFailVC.swift */; };
		FAFEDA522129602800DA3DB8 /* WelcomeVC.swift in Sources */ = {isa = PBXBuildFile; fileRef = FAFEDA512129602800DA3DB8 /* WelcomeVC.swift */; };
		FAFEDA5421296F6D00DA3DB8 /* MainTBC.swift in Sources */ = {isa = PBXBuildFile; fileRef = FAFEDA5321296F6D00DA3DB8 /* MainTBC.swift */; };
/* End PBXBuildFile section */

/* Begin PBXContainerItemProxy section */
		FA392BCE20DF69F50026C828 /* PBXContainerItemProxy */ = {
			isa = PBXContainerItemProxy;
			containerPortal = FA392BAF20DF69F30026C828 /* Project object */;
			proxyType = 1;
			remoteGlobalIDString = FA392BB620DF69F30026C828;
			remoteInfo = MTP;
		};
		FA392BD920DF69F50026C828 /* PBXContainerItemProxy */ = {
			isa = PBXContainerItemProxy;
			containerPortal = FA392BAF20DF69F30026C828 /* Project object */;
			proxyType = 1;
			remoteGlobalIDString = FA392BB620DF69F30026C828;
			remoteInfo = MTP;
		};
/* End PBXContainerItemProxy section */

/* Begin PBXFileReference section */
		27E7D0BB03B2B712259282CD /* Pods-MTP-settings-metadata.plist */ = {isa = PBXFileReference; includeInIndex = 1; lastKnownFileType = text.plist.xml; name = "Pods-MTP-settings-metadata.plist"; path = "MTP/source/resources/Settings.bundle/Pods-MTP-settings-metadata.plist"; sourceTree = "<group>"; };
		3D74791BE9295E16EA91DC4C /* Pods-MTP.debug.xcconfig */ = {isa = PBXFileReference; includeInIndex = 1; lastKnownFileType = text.xcconfig; name = "Pods-MTP.debug.xcconfig"; path = "Pods/Target Support Files/Pods-MTP/Pods-MTP.debug.xcconfig"; sourceTree = "<group>"; };
		5250514805CCAF19BF74C4E2 /* Pods-MTPTests.release.xcconfig */ = {isa = PBXFileReference; includeInIndex = 1; lastKnownFileType = text.xcconfig; name = "Pods-MTPTests.release.xcconfig"; path = "Pods/Target Support Files/Pods-MTPTests/Pods-MTPTests.release.xcconfig"; sourceTree = "<group>"; };
		5B51432A4FEC34463DAE35D6 /* Pods-MTPUITests.release.xcconfig */ = {isa = PBXFileReference; includeInIndex = 1; lastKnownFileType = text.xcconfig; name = "Pods-MTPUITests.release.xcconfig"; path = "Pods/Target Support Files/Pods-MTPUITests/Pods-MTPUITests.release.xcconfig"; sourceTree = "<group>"; };
		7A421C21DED7018B2D88EDFE /* Pods-MTPTests.debug.xcconfig */ = {isa = PBXFileReference; includeInIndex = 1; lastKnownFileType = text.xcconfig; name = "Pods-MTPTests.debug.xcconfig"; path = "Pods/Target Support Files/Pods-MTPTests/Pods-MTPTests.debug.xcconfig"; sourceTree = "<group>"; };
		7E2C18C122B275F3B40CDCDA /* Pods-MTP-settings-metadata.plist */ = {isa = PBXFileReference; includeInIndex = 1; lastKnownFileType = text.plist.xml; name = "Pods-MTP-settings-metadata.plist"; path = "MTP/resources/Settings.bundle/Pods-MTP-settings-metadata.plist"; sourceTree = "<group>"; };
		848B6781D80D51E75A14ECF6 /* libPods-MTPTests.a */ = {isa = PBXFileReference; explicitFileType = archive.ar; includeInIndex = 0; path = "libPods-MTPTests.a"; sourceTree = BUILT_PRODUCTS_DIR; };
		8C5ECE0121FE9B3600322ABF /* Checklist.swift */ = {isa = PBXFileReference; lastKnownFileType = sourcecode.swift; path = Checklist.swift; sourceTree = "<group>"; };
		8C5ECE9D21FEE6F800322ABF /* CountGroupCell.swift */ = {isa = PBXFileReference; lastKnownFileType = sourcecode.swift; path = CountGroupCell.swift; sourceTree = "<group>"; };
		8C5ECF3921FFE49800322ABF /* RankingsPage.swift */ = {isa = PBXFileReference; lastKnownFileType = sourcecode.swift; path = RankingsPage.swift; sourceTree = "<group>"; };
		8C76D5DB22028874005CF4CD /* ServiceProvider.swift */ = {isa = PBXFileReference; lastKnownFileType = sourcecode.swift; path = ServiceProvider.swift; sourceTree = "<group>"; };
		B1C0AF3F035BC227379ED6DE /* libPods-MTPUITests.a */ = {isa = PBXFileReference; explicitFileType = archive.ar; includeInIndex = 0; path = "libPods-MTPUITests.a"; sourceTree = BUILT_PRODUCTS_DIR; };
		B988D22396864AC3181C1EA5 /* Pods-MTP-metadata.plist */ = {isa = PBXFileReference; includeInIndex = 1; lastKnownFileType = text.plist.xml; name = "Pods-MTP-metadata.plist"; path = "Pods/Pods-MTP-metadata.plist"; sourceTree = "<group>"; };
		CF56246BCC141A7DD1DD5AF9 /* Pods-MTPUITests.debug.xcconfig */ = {isa = PBXFileReference; includeInIndex = 1; lastKnownFileType = text.xcconfig; name = "Pods-MTPUITests.debug.xcconfig"; path = "Pods/Target Support Files/Pods-MTPUITests/Pods-MTPUITests.debug.xcconfig"; sourceTree = "<group>"; };
		E03793369993AA49FE17B339 /* Pods-MTP.release.xcconfig */ = {isa = PBXFileReference; includeInIndex = 1; lastKnownFileType = text.xcconfig; name = "Pods-MTP.release.xcconfig"; path = "Pods/Target Support Files/Pods-MTP/Pods-MTP.release.xcconfig"; sourceTree = "<group>"; };
		EA7B8EF0C9A37C87525A9855 /* libPods-MTP.a */ = {isa = PBXFileReference; explicitFileType = archive.ar; includeInIndex = 0; path = "libPods-MTP.a"; sourceTree = BUILT_PRODUCTS_DIR; };
		FA0BE96B210C5F3300797224 /* ViewTests.swift */ = {isa = PBXFileReference; lastKnownFileType = sourcecode.swift; path = ViewTests.swift; sourceTree = "<group>"; };
		FA12D681213B963C0053E9BF /* RankingsPageVC.swift */ = {isa = PBXFileReference; lastKnownFileType = sourcecode.swift; path = RankingsPageVC.swift; sourceTree = "<group>"; };
		FA254DCA21685D6800FC9360 /* NSObject+Create.swift */ = {isa = PBXFileReference; fileEncoding = 4; lastKnownFileType = sourcecode.swift; path = "NSObject+Create.swift"; sourceTree = "<group>"; };
		FA254DCC2169A2A400FC9360 /* MyAboutVC.swift */ = {isa = PBXFileReference; lastKnownFileType = sourcecode.swift; path = MyAboutVC.swift; sourceTree = "<group>"; };
		FA25ACE5217B54A8000AE26D /* RankingCell.swift */ = {isa = PBXFileReference; lastKnownFileType = sourcecode.swift; path = RankingCell.swift; sourceTree = "<group>"; };
		FA25ACE7217C87ED000AE26D /* RankingHeader.swift */ = {isa = PBXFileReference; lastKnownFileType = sourcecode.swift; path = RankingHeader.swift; sourceTree = "<group>"; };
		FA291FD4217ECBC8004140BD /* RankingsFilterVC.swift */ = {isa = PBXFileReference; lastKnownFileType = sourcecode.swift; path = RankingsFilterVC.swift; sourceTree = "<group>"; };
		FA2E718421ED535B00E6AB73 /* WHS.swift */ = {isa = PBXFileReference; lastKnownFileType = sourcecode.swift; path = WHS.swift; sourceTree = "<group>"; };
		FA32CC7120FAC863004C1329 /* XCTestCase+UITest.swift */ = {isa = PBXFileReference; lastKnownFileType = sourcecode.swift; path = "XCTestCase+UITest.swift"; sourceTree = "<group>"; };
		FA32CC7320FB6E67004C1329 /* UIView+Gradient.swift */ = {isa = PBXFileReference; lastKnownFileType = sourcecode.swift; path = "UIView+Gradient.swift"; sourceTree = "<group>"; };
		FA32CC752100C34E004C1329 /* LoginVC.swift */ = {isa = PBXFileReference; lastKnownFileType = sourcecode.swift; path = LoginVC.swift; sourceTree = "<group>"; };
		FA32CC772100C360004C1329 /* SignupVC.swift */ = {isa = PBXFileReference; lastKnownFileType = sourcecode.swift; path = SignupVC.swift; sourceTree = "<group>"; };
		FA32CC7F2100CB75004C1329 /* Base */ = {isa = PBXFileReference; lastKnownFileType = file.storyboard; name = Base; path = Base.lproj/Signup.storyboard; sourceTree = "<group>"; };
		FA32CC8A2100CC6B004C1329 /* Base */ = {isa = PBXFileReference; lastKnownFileType = file.storyboard; name = Base; path = Base.lproj/Login.storyboard; sourceTree = "<group>"; };
		FA390133213AB4A90016A362 /* Base */ = {isa = PBXFileReference; lastKnownFileType = file.storyboard; name = Base; path = Base.lproj/Rankings.storyboard; sourceTree = "<group>"; };
		FA390138213B84B40016A362 /* RankingsPagingVC.swift */ = {isa = PBXFileReference; lastKnownFileType = sourcecode.swift; path = RankingsPagingVC.swift; sourceTree = "<group>"; };
		FA392BB720DF69F30026C828 /* MTP.app */ = {isa = PBXFileReference; explicitFileType = wrapper.application; includeInIndex = 0; path = MTP.app; sourceTree = BUILT_PRODUCTS_DIR; };
		FA392BBA20DF69F30026C828 /* AppDelegate.swift */ = {isa = PBXFileReference; lastKnownFileType = sourcecode.swift; path = AppDelegate.swift; sourceTree = "<group>"; };
		FA392BBC20DF69F30026C828 /* LocationsVC.swift */ = {isa = PBXFileReference; lastKnownFileType = sourcecode.swift; path = LocationsVC.swift; sourceTree = "<group>"; };
		FA392BBE20DF69F30026C828 /* RankingsVC.swift */ = {isa = PBXFileReference; lastKnownFileType = sourcecode.swift; path = RankingsVC.swift; sourceTree = "<group>"; };
		FA392BC120DF69F30026C828 /* Base */ = {isa = PBXFileReference; lastKnownFileType = file.storyboard; name = Base; path = Base.lproj/Main.storyboard; sourceTree = "<group>"; };
		FA392BC320DF69F50026C828 /* Assets.xcassets */ = {isa = PBXFileReference; lastKnownFileType = folder.assetcatalog; path = Assets.xcassets; sourceTree = "<group>"; };
		FA392BC620DF69F50026C828 /* Base */ = {isa = PBXFileReference; lastKnownFileType = file.storyboard; name = Base; path = Base.lproj/LaunchScreen.storyboard; sourceTree = "<group>"; };
		FA392BC820DF69F50026C828 /* Info.plist */ = {isa = PBXFileReference; lastKnownFileType = text.plist.xml; path = Info.plist; sourceTree = "<group>"; };
		FA392BCD20DF69F50026C828 /* MTPTests.xctest */ = {isa = PBXFileReference; explicitFileType = wrapper.cfbundle; includeInIndex = 0; path = MTPTests.xctest; sourceTree = BUILT_PRODUCTS_DIR; };
		FA392BD120DF69F50026C828 /* MTPTests.swift */ = {isa = PBXFileReference; lastKnownFileType = sourcecode.swift; path = MTPTests.swift; sourceTree = "<group>"; };
		FA392BD320DF69F50026C828 /* Info.plist */ = {isa = PBXFileReference; lastKnownFileType = text.plist.xml; path = Info.plist; sourceTree = "<group>"; };
		FA392BD820DF69F50026C828 /* MTPUITests.xctest */ = {isa = PBXFileReference; explicitFileType = wrapper.cfbundle; includeInIndex = 0; path = MTPUITests.xctest; sourceTree = BUILT_PRODUCTS_DIR; };
		FA392BDC20DF69F50026C828 /* MTPUITests.swift */ = {isa = PBXFileReference; lastKnownFileType = sourcecode.swift; path = MTPUITests.swift; sourceTree = "<group>"; };
		FA392BDE20DF69F50026C828 /* Info.plist */ = {isa = PBXFileReference; lastKnownFileType = text.plist.xml; path = Info.plist; sourceTree = "<group>"; };
		FA3BD1D1215F7FCD007EAF75 /* MyPostsVC.swift */ = {isa = PBXFileReference; lastKnownFileType = sourcecode.swift; path = MyPostsVC.swift; sourceTree = "<group>"; };
		FA3BD2282160D6BC007EAF75 /* CreateTests.swift */ = {isa = PBXFileReference; fileEncoding = 4; lastKnownFileType = sourcecode.swift; path = CreateTests.swift; sourceTree = "<group>"; };
		FA3CEC552132579300791195 /* Gestalt.swift */ = {isa = PBXFileReference; lastKnownFileType = sourcecode.swift; path = Gestalt.swift; sourceTree = "<group>"; };
		FA3E366A20DFACCD002AF4EE /* Podfile */ = {isa = PBXFileReference; lastKnownFileType = text; path = Podfile; sourceTree = "<group>"; xcLanguageSpecificationIdentifier = xcode.lang.ruby; };
		FA3E366B20DFB484002AF4EE /* .swiftlint.yml */ = {isa = PBXFileReference; lastKnownFileType = text; path = .swiftlint.yml; sourceTree = "<group>"; };
		FA3E366F20DFC0E3002AF4EE /* IDETemplateMacros.plist */ = {isa = PBXFileReference; lastKnownFileType = text.plist.xml; name = IDETemplateMacros.plist; path = MTP.xcodeproj/xcshareddata/IDETemplateMacros.plist; sourceTree = "<group>"; };
		FA46377D210DE1E60007382D /* SettingsVC.swift */ = {isa = PBXFileReference; lastKnownFileType = sourcecode.swift; path = SettingsVC.swift; sourceTree = "<group>"; };
		FA46377F210DE94C0007382D /* EditProfileVC.swift */ = {isa = PBXFileReference; lastKnownFileType = sourcecode.swift; path = EditProfileVC.swift; sourceTree = "<group>"; };
		FA463782210E00E60007382D /* Base */ = {isa = PBXFileReference; lastKnownFileType = file.storyboard; name = Base; path = Base.lproj/EditProfile.storyboard; sourceTree = "<group>"; };
		FA463784210E06230007382D /* LoggingService.swift */ = {isa = PBXFileReference; lastKnownFileType = sourcecode.swift; path = LoggingService.swift; sourceTree = "<group>"; };
		FA46532F21157784005B5A0A /* FacebookButton.swift */ = {isa = PBXFileReference; lastKnownFileType = sourcecode.swift; path = FacebookButton.swift; sourceTree = "<group>"; };
		FA4653312115A250005B5A0A /* UserDefaults+Gestalt.swift */ = {isa = PBXFileReference; lastKnownFileType = sourcecode.swift; path = "UserDefaults+Gestalt.swift"; sourceTree = "<group>"; };
		FA4653332115ADC6005B5A0A /* MTPAPI.swift */ = {isa = PBXFileReference; lastKnownFileType = sourcecode.swift; path = MTPAPI.swift; sourceTree = "<group>"; };
		FA4B7FE021E38970006AF8E2 /* MTP.entitlements */ = {isa = PBXFileReference; lastKnownFileType = text.plist.entitlements; path = MTP.entitlements; sourceTree = "<group>"; };
		FA4B7FE121E38BF3006AF8E2 /* apple-app-site-association */ = {isa = PBXFileReference; lastKnownFileType = text; path = "apple-app-site-association"; sourceTree = "<group>"; };
		FA4F1C5B20DFA67700B8A1ED /* LICENSE.md */ = {isa = PBXFileReference; lastKnownFileType = net.daringfireball.markdown; path = LICENSE.md; sourceTree = "<group>"; };
		FA4F1C5C20DFA67700B8A1ED /* README.md */ = {isa = PBXFileReference; lastKnownFileType = net.daringfireball.markdown; path = README.md; sourceTree = "<group>"; };
		FA4F1C5D20DFA69000B8A1ED /* .gitignore */ = {isa = PBXFileReference; lastKnownFileType = text; path = .gitignore; sourceTree = "<group>"; };
		FA4F1C5E20DFA74500B8A1ED /* Gemfile */ = {isa = PBXFileReference; lastKnownFileType = text; path = Gemfile; sourceTree = "<group>"; };
		FA5AC0B321FC49860080F84F /* PlaceAnnotation.swift */ = {isa = PBXFileReference; lastKnownFileType = sourcecode.swift; path = PlaceAnnotation.swift; sourceTree = "<group>"; };
		FA5AC0B521FC4EBE0080F84F /* PlaceAnnotationView.swift */ = {isa = PBXFileReference; lastKnownFileType = sourcecode.swift; path = PlaceAnnotationView.swift; sourceTree = "<group>"; };
		FA5AC0B721FD4A160080F84F /* PlaceClusterAnnotationView.swift */ = {isa = PBXFileReference; lastKnownFileType = sourcecode.swift; path = PlaceClusterAnnotationView.swift; sourceTree = "<group>"; };
		FA5AC0BA21FDC1050080F84F /* Base */ = {isa = PBXFileReference; lastKnownFileType = file.storyboard; name = Base; path = Base.lproj/MyCounts.storyboard; sourceTree = "<group>"; };
		FA5AC0BC21FDC80A0080F84F /* MyCountsVC.swift */ = {isa = PBXFileReference; lastKnownFileType = sourcecode.swift; path = MyCountsVC.swift; sourceTree = "<group>"; };
		FA5AC0BE21FDCB9D0080F84F /* MyCountsPagingVC.swift */ = {isa = PBXFileReference; lastKnownFileType = sourcecode.swift; path = MyCountsPagingVC.swift; sourceTree = "<group>"; };
		FA5AC0C021FDCCDE0080F84F /* ListPagingItem.swift */ = {isa = PBXFileReference; lastKnownFileType = sourcecode.swift; path = ListPagingItem.swift; sourceTree = "<group>"; };
		FA5AC0C221FDCE200080F84F /* MyCountsPageVC.swift */ = {isa = PBXFileReference; lastKnownFileType = sourcecode.swift; path = MyCountsPageVC.swift; sourceTree = "<group>"; };
		FA5AC0C421FDD7C00080F84F /* CountHeader.swift */ = {isa = PBXFileReference; lastKnownFileType = sourcecode.swift; path = CountHeader.swift; sourceTree = "<group>"; };
		FA5AC0C621FDD8AA0080F84F /* CountToggleCell.swift */ = {isa = PBXFileReference; lastKnownFileType = sourcecode.swift; path = CountToggleCell.swift; sourceTree = "<group>"; };
		FA6A188521EFEF920092C56C /* Observable.swift */ = {isa = PBXFileReference; lastKnownFileType = sourcecode.swift; path = Observable.swift; sourceTree = "<group>"; };
		FA74574C210CA5730010F4F4 /* MyProfileVC.swift */ = {isa = PBXFileReference; lastKnownFileType = sourcecode.swift; path = MyProfileVC.swift; sourceTree = "<group>"; };
		FA745754210DA4C60010F4F4 /* Base */ = {isa = PBXFileReference; lastKnownFileType = file.storyboard; name = Base; path = Base.lproj/MyProfile.storyboard; sourceTree = "<group>"; };
		FA745756210DBD910010F4F4 /* UINavigationBar+Transparent.swift */ = {isa = PBXFileReference; lastKnownFileType = sourcecode.swift; path = "UINavigationBar+Transparent.swift"; sourceTree = "<group>"; };
		FA74C0EF2117C60B0013A840 /* ForgotPasswordVC.swift */ = {isa = PBXFileReference; lastKnownFileType = sourcecode.swift; path = ForgotPasswordVC.swift; sourceTree = "<group>"; };
		FA74C10E211BB8F00013A840 /* Base */ = {isa = PBXFileReference; lastKnownFileType = text.plist.strings; name = Base; path = Base.lproj/Localizable.strings; sourceTree = "<group>"; };
		FA74C110211BBF490013A840 /* String+Formatting.swift */ = {isa = PBXFileReference; lastKnownFileType = sourcecode.swift; path = "String+Formatting.swift"; sourceTree = "<group>"; };
		FA74C112211C61580013A840 /* StringTests.swift */ = {isa = PBXFileReference; lastKnownFileType = sourcecode.swift; path = StringTests.swift; sourceTree = "<group>"; };
		FA76D9742131278900EF8E25 /* User.swift */ = {isa = PBXFileReference; lastKnownFileType = sourcecode.swift; path = User.swift; sourceTree = "<group>"; };
		FA81361120E8F64500313AB9 /* Settings.bundle */ = {isa = PBXFileReference; lastKnownFileType = "wrapper.plug-in"; path = Settings.bundle; sourceTree = "<group>"; };
		FA81361320E8FD4E00313AB9 /* script_build_end.sh */ = {isa = PBXFileReference; lastKnownFileType = text.script.sh; path = script_build_end.sh; sourceTree = "<group>"; };
		FA835D33210EAC110098C270 /* Styler.swift */ = {isa = PBXFileReference; lastKnownFileType = sourcecode.swift; path = Styler.swift; sourceTree = "<group>"; };
		FA835D35210F054F0098C270 /* ReplaceTopSegue.swift */ = {isa = PBXFileReference; lastKnownFileType = sourcecode.swift; path = ReplaceTopSegue.swift; sourceTree = "<group>"; };
		FA8A65AE217ED3BA00BC0DFE /* Base */ = {isa = PBXFileReference; lastKnownFileType = file.storyboard; name = Base; path = Base.lproj/RankingsFilter.storyboard; sourceTree = "<group>"; };
		FA99615E2136CF3100C85FBC /* MyProfilePagingVC.swift */ = {isa = PBXFileReference; lastKnownFileType = sourcecode.swift; path = MyProfilePagingVC.swift; sourceTree = "<group>"; };
		FA9A71DE20F1D3FA005F6A57 /* AppDelegate+Tools.swift */ = {isa = PBXFileReference; lastKnownFileType = sourcecode.swift; path = "AppDelegate+Tools.swift"; sourceTree = "<group>"; };
		FA9A71E020F1DD60005F6A57 /* Gemfile.lock */ = {isa = PBXFileReference; lastKnownFileType = text; path = Gemfile.lock; sourceTree = "<group>"; };
		FA9A71E120F1DD6C005F6A57 /* Podfile.lock */ = {isa = PBXFileReference; lastKnownFileType = text; path = Podfile.lock; sourceTree = "<group>"; };
		FA9A71E220F2308E005F6A57 /* .jazzy.yaml */ = {isa = PBXFileReference; lastKnownFileType = text; path = .jazzy.yaml; sourceTree = "<group>"; };
		FAAE29BE20EE51A700B43BA9 /* UIApplication+Environment.swift */ = {isa = PBXFileReference; lastKnownFileType = sourcecode.swift; path = "UIApplication+Environment.swift"; sourceTree = "<group>"; };
		FAAE29C120EFADC700B43BA9 /* R.generated.swift */ = {isa = PBXFileReference; fileEncoding = 4; lastKnownFileType = sourcecode.swift; path = R.generated.swift; sourceTree = "<group>"; };
		FAAE29C420F05A9600B43BA9 /* UserDefaults+TypeSafety.swift */ = {isa = PBXFileReference; lastKnownFileType = sourcecode.swift; path = "UserDefaults+TypeSafety.swift"; sourceTree = "<group>"; };
		FAB53F8320DFCB40007A80A7 /* Dangerfile */ = {isa = PBXFileReference; lastKnownFileType = text; path = Dangerfile; sourceTree = "<group>"; };
		FAB53F8420DFCC03007A80A7 /* .slather.yml */ = {isa = PBXFileReference; lastKnownFileType = text; path = .slather.yml; sourceTree = "<group>"; };
		FAB53F8520DFCC03007A80A7 /* .travis.yml */ = {isa = PBXFileReference; lastKnownFileType = text; path = .travis.yml; sourceTree = "<group>"; };
		FAB53F8620DFCC04007A80A7 /* .coveralls.yml */ = {isa = PBXFileReference; lastKnownFileType = text; path = .coveralls.yml; sourceTree = "<group>"; };
		FAB53F8720DFD617007A80A7 /* MTPTests-Bridging-Header.h */ = {isa = PBXFileReference; lastKnownFileType = sourcecode.c.h; path = "MTPTests-Bridging-Header.h"; sourceTree = "<group>"; };
		FAB53F8920DFD618007A80A7 /* MemoryWarner.h */ = {isa = PBXFileReference; fileEncoding = 4; lastKnownFileType = sourcecode.c.h; path = MemoryWarner.h; sourceTree = "<group>"; };
		FAB53F8A20DFD618007A80A7 /* MemoryWarner.m */ = {isa = PBXFileReference; fileEncoding = 4; lastKnownFileType = sourcecode.c.objc; path = MemoryWarner.m; sourceTree = "<group>"; };
		FABA740C213A29CD0059ACCA /* Base */ = {isa = PBXFileReference; lastKnownFileType = file.storyboard; name = Base; path = Base.lproj/MyAbout.storyboard; sourceTree = "<group>"; };
		FABA740F213A359C0059ACCA /* Base */ = {isa = PBXFileReference; lastKnownFileType = file.storyboard; name = Base; path = Base.lproj/MyPhotos.storyboard; sourceTree = "<group>"; };
		FABA7412213A374F0059ACCA /* Base */ = {isa = PBXFileReference; lastKnownFileType = file.storyboard; name = Base; path = Base.lproj/MyPosts.storyboard; sourceTree = "<group>"; };
		FAC159A121EB68AA00564E2D /* Location.swift */ = {isa = PBXFileReference; lastKnownFileType = sourcecode.swift; path = Location.swift; sourceTree = "<group>"; };
		FAC3BCB5216A225900E1507E /* TagButton.swift */ = {isa = PBXFileReference; fileEncoding = 4; lastKnownFileType = sourcecode.swift; path = TagButton.swift; sourceTree = "<group>"; };
		FAC3BCB6216A225900E1507E /* TagsView.swift */ = {isa = PBXFileReference; fileEncoding = 4; lastKnownFileType = sourcecode.swift; path = TagsView.swift; sourceTree = "<group>"; };
		FAC7A77621FF400300DCED01 /* .codebeatignore */ = {isa = PBXFileReference; lastKnownFileType = text; path = .codebeatignore; sourceTree = "<group>"; };
		FAC7A77721FF43F900DCED01 /* .codebeatsettings */ = {isa = PBXFileReference; lastKnownFileType = text; path = .codebeatsettings; sourceTree = "<group>"; };
		FAC7A77821FF452500DCED01 /* .swift-version */ = {isa = PBXFileReference; lastKnownFileType = text; path = ".swift-version"; sourceTree = "<group>"; };
		FAD2B51221F45796009FFDD7 /* PlaceLocation.swift */ = {isa = PBXFileReference; lastKnownFileType = sourcecode.swift; path = PlaceLocation.swift; sourceTree = "<group>"; };
		FAD2B51521F46913009FFDD7 /* Checklists.swift */ = {isa = PBXFileReference; lastKnownFileType = sourcecode.swift; path = Checklists.swift; sourceTree = "<group>"; };
		FAD2B51721F48AB8009FFDD7 /* Place.swift */ = {isa = PBXFileReference; lastKnownFileType = sourcecode.swift; path = Place.swift; sourceTree = "<group>"; };
		FAD2B51921F492B3009FFDD7 /* UncertainValue.swift */ = {isa = PBXFileReference; lastKnownFileType = sourcecode.swift; path = UncertainValue.swift; sourceTree = "<group>"; };
		FAD2B51B21F4A675009FFDD7 /* Restaurant.swift */ = {isa = PBXFileReference; lastKnownFileType = sourcecode.swift; path = Restaurant.swift; sourceTree = "<group>"; };
		FADC1AB92144FAD70011EE49 /* Date+Formatting.swift */ = {isa = PBXFileReference; lastKnownFileType = sourcecode.swift; path = "Date+Formatting.swift"; sourceTree = "<group>"; };
		FADC1ABD2145E9760011EE49 /* MyPhotosVC.swift */ = {isa = PBXFileReference; lastKnownFileType = sourcecode.swift; path = MyPhotosVC.swift; sourceTree = "<group>"; };
		FAE1F116213BFBA80002CAB2 /* Base */ = {isa = PBXFileReference; lastKnownFileType = file.storyboard; name = Base; path = Base.lproj/Locations.storyboard; sourceTree = "<group>"; };
		FAE1F118214354A80002CAB2 /* Avenir.swift */ = {isa = PBXFileReference; lastKnownFileType = sourcecode.swift; path = Avenir.swift; sourceTree = "<group>"; };
		FAE1F11B21437F860002CAB2 /* String+Assert.swift */ = {isa = PBXFileReference; fileEncoding = 4; lastKnownFileType = sourcecode.swift; path = "String+Assert.swift"; sourceTree = "<group>"; };
		FAE1F11D2143B29F0002CAB2 /* LocationTracker.swift */ = {isa = PBXFileReference; lastKnownFileType = sourcecode.swift; path = LocationTracker.swift; sourceTree = "<group>"; };
		FAF122F7215652AE0099B772 /* project_Release.xcconfig */ = {isa = PBXFileReference; lastKnownFileType = text.xcconfig; path = project_Release.xcconfig; sourceTree = "<group>"; };
		FAF122F8215652AE0099B772 /* MTPUITests_base.xcconfig */ = {isa = PBXFileReference; lastKnownFileType = text.xcconfig; path = MTPUITests_base.xcconfig; sourceTree = "<group>"; };
		FAF122F9215652AE0099B772 /* project_Debug.xcconfig */ = {isa = PBXFileReference; lastKnownFileType = text.xcconfig; path = project_Debug.xcconfig; sourceTree = "<group>"; };
		FAF122FA215652AE0099B772 /* MTPTests_base.xcconfig */ = {isa = PBXFileReference; lastKnownFileType = text.xcconfig; path = MTPTests_base.xcconfig; sourceTree = "<group>"; };
		FAF122FB215652AE0099B772 /* MTPTests_Debug.xcconfig */ = {isa = PBXFileReference; lastKnownFileType = text.xcconfig; path = MTPTests_Debug.xcconfig; sourceTree = "<group>"; };
		FAF122FC215652AE0099B772 /* MTP_Release.xcconfig */ = {isa = PBXFileReference; lastKnownFileType = text.xcconfig; path = MTP_Release.xcconfig; sourceTree = "<group>"; };
		FAF122FD215652AE0099B772 /* project_base.xcconfig */ = {isa = PBXFileReference; lastKnownFileType = text.xcconfig; path = project_base.xcconfig; sourceTree = "<group>"; };
		FAF122FE215652AE0099B772 /* MTPTests_Release.xcconfig */ = {isa = PBXFileReference; lastKnownFileType = text.xcconfig; path = MTPTests_Release.xcconfig; sourceTree = "<group>"; };
		FAF122FF215652AE0099B772 /* MTPUITests_Release.xcconfig */ = {isa = PBXFileReference; lastKnownFileType = text.xcconfig; path = MTPUITests_Release.xcconfig; sourceTree = "<group>"; };
		FAF12300215652AE0099B772 /* MTP_Debug.xcconfig */ = {isa = PBXFileReference; lastKnownFileType = text.xcconfig; path = MTP_Debug.xcconfig; sourceTree = "<group>"; };
		FAF12301215652AE0099B772 /* MTPUITests_Debug.xcconfig */ = {isa = PBXFileReference; lastKnownFileType = text.xcconfig; path = MTPUITests_Debug.xcconfig; sourceTree = "<group>"; };
		FAF12302215652AE0099B772 /* MTP_base.xcconfig */ = {isa = PBXFileReference; lastKnownFileType = text.xcconfig; path = MTP_base.xcconfig; sourceTree = "<group>"; };
		FAF1853020FA0C8600CC5D83 /* RootVC.swift */ = {isa = PBXFileReference; lastKnownFileType = sourcecode.swift; path = RootVC.swift; sourceTree = "<group>"; };
		FAF1853320FA0DEF00CC5D83 /* Base */ = {isa = PBXFileReference; lastKnownFileType = file.storyboard; name = Base; path = Base.lproj/Root.storyboard; sourceTree = "<group>"; };
		FAF1853520FA16CE00CC5D83 /* TODO.md */ = {isa = PBXFileReference; lastKnownFileType = net.daringfireball.markdown; path = TODO.md; sourceTree = "<group>"; };
		FAFEDA4F211DB0E800DA3DB8 /* LoginFailVC.swift */ = {isa = PBXFileReference; lastKnownFileType = sourcecode.swift; path = LoginFailVC.swift; sourceTree = "<group>"; };
		FAFEDA512129602800DA3DB8 /* WelcomeVC.swift */ = {isa = PBXFileReference; lastKnownFileType = sourcecode.swift; path = WelcomeVC.swift; sourceTree = "<group>"; };
		FAFEDA5321296F6D00DA3DB8 /* MainTBC.swift */ = {isa = PBXFileReference; lastKnownFileType = sourcecode.swift; path = MainTBC.swift; sourceTree = "<group>"; };
/* End PBXFileReference section */

/* Begin PBXFrameworksBuildPhase section */
		FA392BB420DF69F30026C828 /* Frameworks */ = {
			isa = PBXFrameworksBuildPhase;
			buildActionMask = 2147483647;
			files = (
				C1D9A04EB6208ED844515108 /* libPods-MTP.a in Frameworks */,
			);
			runOnlyForDeploymentPostprocessing = 0;
		};
		FA392BCA20DF69F50026C828 /* Frameworks */ = {
			isa = PBXFrameworksBuildPhase;
			buildActionMask = 2147483647;
			files = (
				529054A21D10AD8DB1855DB5 /* libPods-MTPTests.a in Frameworks */,
			);
			runOnlyForDeploymentPostprocessing = 0;
		};
		FA392BD520DF69F50026C828 /* Frameworks */ = {
			isa = PBXFrameworksBuildPhase;
			buildActionMask = 2147483647;
			files = (
				122BA726DE2ED1EC0C4144BB /* libPods-MTPUITests.a in Frameworks */,
			);
			runOnlyForDeploymentPostprocessing = 0;
		};
/* End PBXFrameworksBuildPhase section */

/* Begin PBXGroup section */
		88C40F6C54584204BBA2D4C6 /* Frameworks */ = {
			isa = PBXGroup;
			children = (
				EA7B8EF0C9A37C87525A9855 /* libPods-MTP.a */,
				848B6781D80D51E75A14ECF6 /* libPods-MTPTests.a */,
				B1C0AF3F035BC227379ED6DE /* libPods-MTPUITests.a */,
			);
			name = Frameworks;
			sourceTree = "<group>";
		};
		AF51EC73BEE12E3A8680F4F4 /* Pods */ = {
			isa = PBXGroup;
			children = (
				3D74791BE9295E16EA91DC4C /* Pods-MTP.debug.xcconfig */,
				E03793369993AA49FE17B339 /* Pods-MTP.release.xcconfig */,
				7A421C21DED7018B2D88EDFE /* Pods-MTPTests.debug.xcconfig */,
				5250514805CCAF19BF74C4E2 /* Pods-MTPTests.release.xcconfig */,
				CF56246BCC141A7DD1DD5AF9 /* Pods-MTPUITests.debug.xcconfig */,
				5B51432A4FEC34463DAE35D6 /* Pods-MTPUITests.release.xcconfig */,
				B988D22396864AC3181C1EA5 /* Pods-MTP-metadata.plist */,
				27E7D0BB03B2B712259282CD /* Pods-MTP-settings-metadata.plist */,
				7E2C18C122B275F3B40CDCDA /* Pods-MTP-settings-metadata.plist */,
			);
			name = Pods;
			sourceTree = "<group>";
		};
		FA390135213B7C5E0016A362 /* rankings */ = {
			isa = PBXGroup;
			children = (
				FA5AC0C021FDCCDE0080F84F /* ListPagingItem.swift */,
				FA25ACE5217B54A8000AE26D /* RankingCell.swift */,
				FA25ACE7217C87ED000AE26D /* RankingHeader.swift */,
				FA291FD4217ECBC8004140BD /* RankingsFilterVC.swift */,
				FA12D681213B963C0053E9BF /* RankingsPageVC.swift */,
				FA390138213B84B40016A362 /* RankingsPagingVC.swift */,
				FA392BBE20DF69F30026C828 /* RankingsVC.swift */,
			);
			path = rankings;
			sourceTree = "<group>";
		};
		FA390136213B7CFB0016A362 /* startup */ = {
			isa = PBXGroup;
			children = (
				FA74C0EF2117C60B0013A840 /* ForgotPasswordVC.swift */,
				FA32CC752100C34E004C1329 /* LoginVC.swift */,
				FAFEDA4F211DB0E800DA3DB8 /* LoginFailVC.swift */,
				FAF1853020FA0C8600CC5D83 /* RootVC.swift */,
				FA32CC772100C360004C1329 /* SignupVC.swift */,
				FAFEDA512129602800DA3DB8 /* WelcomeVC.swift */,
			);
			path = startup;
			sourceTree = "<group>";
		};
		FA390137213B7D490016A362 /* profile */ = {
			isa = PBXGroup;
			children = (
				FA5AC0C421FDD7C00080F84F /* CountHeader.swift */,
				FA5AC0C621FDD8AA0080F84F /* CountToggleCell.swift */,
				8C5ECE9D21FEE6F800322ABF /* CountGroupCell.swift */,
				FA46377F210DE94C0007382D /* EditProfileVC.swift */,
				FA254DCC2169A2A400FC9360 /* MyAboutVC.swift */,
				FA5AC0C221FDCE200080F84F /* MyCountsPageVC.swift */,
				FA5AC0BE21FDCB9D0080F84F /* MyCountsPagingVC.swift */,
				FA5AC0BC21FDC80A0080F84F /* MyCountsVC.swift */,
				FADC1ABD2145E9760011EE49 /* MyPhotosVC.swift */,
				FA3BD1D1215F7FCD007EAF75 /* MyPostsVC.swift */,
				FA74574C210CA5730010F4F4 /* MyProfileVC.swift */,
				FA99615E2136CF3100C85FBC /* MyProfilePagingVC.swift */,
				FA46377D210DE1E60007382D /* SettingsVC.swift */,
			);
			path = profile;
			sourceTree = "<group>";
		};
		FA392BAE20DF69F30026C828 = {
			isa = PBXGroup;
			children = (
				FA392BB920DF69F30026C828 /* MTP */,
				FA392BEE20DFA6190026C828 /* metadata */,
				FA392BD020DF69F50026C828 /* MTPTests */,
				FA392BDB20DF69F50026C828 /* MTPUITests */,
				FA392BB820DF69F30026C828 /* Products */,
				AF51EC73BEE12E3A8680F4F4 /* Pods */,
				88C40F6C54584204BBA2D4C6 /* Frameworks */,
			);
			sourceTree = "<group>";
		};
		FA392BB820DF69F30026C828 /* Products */ = {
			isa = PBXGroup;
			children = (
				FA392BB720DF69F30026C828 /* MTP.app */,
				FA392BCD20DF69F50026C828 /* MTPTests.xctest */,
				FA392BD820DF69F50026C828 /* MTPUITests.xctest */,
			);
			name = Products;
			sourceTree = "<group>";
		};
		FA392BB920DF69F30026C828 /* MTP */ = {
			isa = PBXGroup;
			children = (
				FA392BEB20DFA5570026C828 /* application */,
				FA392BEC20DFA56B0026C828 /* interface */,
				FA392BED20DFA5810026C828 /* resources */,
				FAAE29C320F0570000B43BA9 /* support */,
			);
			path = MTP;
			sourceTree = "<group>";
		};
		FA392BD020DF69F50026C828 /* MTPTests */ = {
			isa = PBXGroup;
			children = (
				FA392BD120DF69F50026C828 /* MTPTests.swift */,
				FA3BD2282160D6BC007EAF75 /* CreateTests.swift */,
				FA0BE96B210C5F3300797224 /* ViewTests.swift */,
				FA74C112211C61580013A840 /* StringTests.swift */,
				FAE1F11A21437F2E0002CAB2 /* support */,
			);
			path = MTPTests;
			sourceTree = "<group>";
		};
		FA392BDB20DF69F50026C828 /* MTPUITests */ = {
			isa = PBXGroup;
			children = (
				FA392BDC20DF69F50026C828 /* MTPUITests.swift */,
				FA32CC7120FAC863004C1329 /* XCTestCase+UITest.swift */,
				FA392BDE20DF69F50026C828 /* Info.plist */,
			);
			path = MTPUITests;
			sourceTree = "<group>";
		};
		FA392BEB20DFA5570026C828 /* application */ = {
			isa = PBXGroup;
			children = (
				FA392BBA20DF69F30026C828 /* AppDelegate.swift */,
				FA9A71DE20F1D3FA005F6A57 /* AppDelegate+Tools.swift */,
				FAD2B51421F468A3009FFDD7 /* models */,
				FA3CEC552132579300791195 /* Gestalt.swift */,
				FA4653332115ADC6005B5A0A /* MTPAPI.swift */,
				8C76D5DB22028874005CF4CD /* ServiceProvider.swift */,
				FA4653312115A250005B5A0A /* UserDefaults+Gestalt.swift */,
			);
			path = application;
			sourceTree = "<group>";
		};
		FA392BEC20DFA56B0026C828 /* interface */ = {
			isa = PBXGroup;
			children = (
				FA5AC0B121FC38790080F84F /* locations */,
				FAFEDA5321296F6D00DA3DB8 /* MainTBC.swift */,
				FA390137213B7D490016A362 /* profile */,
				FA390135213B7C5E0016A362 /* rankings */,
				FA390136213B7CFB0016A362 /* startup */,
			);
			path = interface;
			sourceTree = "<group>";
		};
		FA392BED20DFA5810026C828 /* resources */ = {
			isa = PBXGroup;
			children = (
				FA392BC320DF69F50026C828 /* Assets.xcassets */,
				FA392BC820DF69F50026C828 /* Info.plist */,
				FA74C10D211BB8F00013A840 /* Localizable.strings */,
				FA392BC020DF69F30026C828 /* Main.storyboard */,
				FA5AC0B221FC389D0080F84F /* locations */,
				FA8A65B0217ED4A300BC0DFE /* profile */,
				FA8A65B1217ED4F200BC0DFE /* rankings */,
				FAAE29C120EFADC700B43BA9 /* R.generated.swift */,
				FA81361120E8F64500313AB9 /* Settings.bundle */,
				FA8A65B2217ED50E00BC0DFE /* startup */,
			);
			path = resources;
			sourceTree = "<group>";
		};
		FA392BEE20DFA6190026C828 /* metadata */ = {
			isa = PBXGroup;
			children = (
				FAC7A77621FF400300DCED01 /* .codebeatignore */,
				FAC7A77721FF43F900DCED01 /* .codebeatsettings */,
				FAB53F8620DFCC04007A80A7 /* .coveralls.yml */,
				FA4F1C5D20DFA69000B8A1ED /* .gitignore */,
				FA9A71E220F2308E005F6A57 /* .jazzy.yaml */,
				FAB53F8420DFCC03007A80A7 /* .slather.yml */,
				FA3E366B20DFB484002AF4EE /* .swiftlint.yml */,
				FAC7A77821FF452500DCED01 /* .swift-version */,
				FAB53F8520DFCC03007A80A7 /* .travis.yml */,
				FA4B7FE121E38BF3006AF8E2 /* apple-app-site-association */,
				FAB53F8320DFCB40007A80A7 /* Dangerfile */,
				FA4F1C5E20DFA74500B8A1ED /* Gemfile */,
				FA9A71E020F1DD60005F6A57 /* Gemfile.lock */,
				FA3E366F20DFC0E3002AF4EE /* IDETemplateMacros.plist */,
				FA4F1C5B20DFA67700B8A1ED /* LICENSE.md */,
				FA4B7FE021E38970006AF8E2 /* MTP.entitlements */,
				FA3E366A20DFACCD002AF4EE /* Podfile */,
				FA9A71E120F1DD6C005F6A57 /* Podfile.lock */,
				FA4F1C5C20DFA67700B8A1ED /* README.md */,
				FA81361320E8FD4E00313AB9 /* script_build_end.sh */,
				FAF1853520FA16CE00CC5D83 /* TODO.md */,
				FAF122F6215652AE0099B772 /* xccconfig */,
			);
			name = metadata;
			sourceTree = "<group>";
		};
		FA5AC0B121FC38790080F84F /* locations */ = {
			isa = PBXGroup;
			children = (
				FA392BBC20DF69F30026C828 /* LocationsVC.swift */,
				FA5AC0B321FC49860080F84F /* PlaceAnnotation.swift */,
				FA5AC0B521FC4EBE0080F84F /* PlaceAnnotationView.swift */,
				FA5AC0B721FD4A160080F84F /* PlaceClusterAnnotationView.swift */,
			);
			path = locations;
			sourceTree = "<group>";
		};
		FA5AC0B221FC389D0080F84F /* locations */ = {
			isa = PBXGroup;
			children = (
				FAE1F115213BFBA80002CAB2 /* Locations.storyboard */,
			);
			name = locations;
			sourceTree = "<group>";
		};
		FA8A65B0217ED4A300BC0DFE /* profile */ = {
			isa = PBXGroup;
			children = (
				FA463781210E00E60007382D /* EditProfile.storyboard */,
				FABA740B213A29CD0059ACCA /* MyAbout.storyboard */,
				FA5AC0B921FDC1050080F84F /* MyCounts.storyboard */,
				FABA740E213A359C0059ACCA /* MyPhotos.storyboard */,
				FABA7411213A374F0059ACCA /* MyPosts.storyboard */,
				FA745755210DA4C60010F4F4 /* MyProfile.storyboard */,
			);
			name = profile;
			sourceTree = "<group>";
		};
		FA8A65B1217ED4F200BC0DFE /* rankings */ = {
			isa = PBXGroup;
			children = (
				FA390134213AB4A90016A362 /* Rankings.storyboard */,
				FA8A65AD217ED3BA00BC0DFE /* RankingsFilter.storyboard */,
			);
			name = rankings;
			sourceTree = "<group>";
		};
		FA8A65B2217ED50E00BC0DFE /* startup */ = {
			isa = PBXGroup;
			children = (
				FA392BC520DF69F50026C828 /* LaunchScreen.storyboard */,
				FA32CC8B2100CC6B004C1329 /* Login.storyboard */,
				FAF1853420FA0DEF00CC5D83 /* Root.storyboard */,
				FA32CC802100CB75004C1329 /* Signup.storyboard */,
			);
			name = startup;
			sourceTree = "<group>";
		};
		FAAE29C320F0570000B43BA9 /* support */ = {
			isa = PBXGroup;
			children = (
				FAE1F118214354A80002CAB2 /* Avenir.swift */,
				FADC1AB92144FAD70011EE49 /* Date+Formatting.swift */,
				FA46532F21157784005B5A0A /* FacebookButton.swift */,
				FAE1F11D2143B29F0002CAB2 /* LocationTracker.swift */,
				FA463784210E06230007382D /* LoggingService.swift */,
				FA254DCA21685D6800FC9360 /* NSObject+Create.swift */,
				FA6A188521EFEF920092C56C /* Observable.swift */,
				FA835D35210F054F0098C270 /* ReplaceTopSegue.swift */,
				FA835D33210EAC110098C270 /* Styler.swift */,
				FAAE29BE20EE51A700B43BA9 /* UIApplication+Environment.swift */,
				FA745756210DBD910010F4F4 /* UINavigationBar+Transparent.swift */,
				FA74C110211BBF490013A840 /* String+Formatting.swift */,
				FAC3BCB5216A225900E1507E /* TagButton.swift */,
				FAC3BCB6216A225900E1507E /* TagsView.swift */,
				FA32CC7320FB6E67004C1329 /* UIView+Gradient.swift */,
				FAD2B51921F492B3009FFDD7 /* UncertainValue.swift */,
				FAAE29C420F05A9600B43BA9 /* UserDefaults+TypeSafety.swift */,
			);
			path = support;
			sourceTree = "<group>";
		};
		FAD2B51421F468A3009FFDD7 /* models */ = {
			isa = PBXGroup;
			children = (
				8C5ECE0121FE9B3600322ABF /* Checklist.swift */,
				FAD2B51521F46913009FFDD7 /* Checklists.swift */,
				FAC159A121EB68AA00564E2D /* Location.swift */,
				FAD2B51721F48AB8009FFDD7 /* Place.swift */,
				FAD2B51221F45796009FFDD7 /* PlaceLocation.swift */,
				8C5ECF3921FFE49800322ABF /* RankingsPage.swift */,
				FAD2B51B21F4A675009FFDD7 /* Restaurant.swift */,
				FA76D9742131278900EF8E25 /* User.swift */,
				FA2E718421ED535B00E6AB73 /* WHS.swift */,
			);
			path = models;
			sourceTree = "<group>";
		};
		FAE1F11A21437F2E0002CAB2 /* support */ = {
			isa = PBXGroup;
			children = (
				FAB53F8920DFD618007A80A7 /* MemoryWarner.h */,
				FAB53F8A20DFD618007A80A7 /* MemoryWarner.m */,
				FA392BD320DF69F50026C828 /* Info.plist */,
				FAB53F8720DFD617007A80A7 /* MTPTests-Bridging-Header.h */,
				FAE1F11B21437F860002CAB2 /* String+Assert.swift */,
			);
			path = support;
			sourceTree = "<group>";
		};
		FAF122F6215652AE0099B772 /* xccconfig */ = {
			isa = PBXGroup;
			children = (
				FAF12302215652AE0099B772 /* MTP_base.xcconfig */,
				FAF12300215652AE0099B772 /* MTP_Debug.xcconfig */,
				FAF122FC215652AE0099B772 /* MTP_Release.xcconfig */,
				FAF122FA215652AE0099B772 /* MTPTests_base.xcconfig */,
				FAF122FB215652AE0099B772 /* MTPTests_Debug.xcconfig */,
				FAF122FE215652AE0099B772 /* MTPTests_Release.xcconfig */,
				FAF122F8215652AE0099B772 /* MTPUITests_base.xcconfig */,
				FAF12301215652AE0099B772 /* MTPUITests_Debug.xcconfig */,
				FAF122FF215652AE0099B772 /* MTPUITests_Release.xcconfig */,
				FAF122FD215652AE0099B772 /* project_base.xcconfig */,
				FAF122F9215652AE0099B772 /* project_Debug.xcconfig */,
				FAF122F7215652AE0099B772 /* project_Release.xcconfig */,
			);
			path = xccconfig;
			sourceTree = "<group>";
		};
/* End PBXGroup section */

/* Begin PBXNativeTarget section */
		FA392BB620DF69F30026C828 /* MTP */ = {
			isa = PBXNativeTarget;
			buildConfigurationList = FA392BE120DF69F50026C828 /* Build configuration list for PBXNativeTarget "MTP" */;
			buildPhases = (
				758B7A9DF0E27C737110216C /* [CP] Check Pods Manifest.lock */,
				FA81361520E8FE9700313AB9 /* Generate R.generated.swift */,
				FA392BB320DF69F30026C828 /* Sources */,
				FA392BB420DF69F30026C828 /* Frameworks */,
				FA3BD22A2160DE7A007EAF75 /* SwiftLint */,
				FA392BB520DF69F30026C828 /* Resources */,
				6488DCB99249CC3516D4C352 /* [CP] Copy Pods Resources */,
				FA3E366C20DFBC2F002AF4EE /* Run script_build_end.sh */,
			);
			buildRules = (
			);
			dependencies = (
			);
			name = MTP;
			productName = MTP;
			productReference = FA392BB720DF69F30026C828 /* MTP.app */;
			productType = "com.apple.product-type.application";
		};
		FA392BCC20DF69F50026C828 /* MTPTests */ = {
			isa = PBXNativeTarget;
			buildConfigurationList = FA392BE420DF69F50026C828 /* Build configuration list for PBXNativeTarget "MTPTests" */;
			buildPhases = (
				F46FBA4D9FE9733B1B0ACC92 /* [CP] Check Pods Manifest.lock */,
				FA392BC920DF69F50026C828 /* Sources */,
				FA392BCA20DF69F50026C828 /* Frameworks */,
				FA3E366D20DFBC61002AF4EE /* SwiftLint */,
				FA392BCB20DF69F50026C828 /* Resources */,
			);
			buildRules = (
			);
			dependencies = (
				FA392BCF20DF69F50026C828 /* PBXTargetDependency */,
			);
			name = MTPTests;
			productName = MTPTests;
			productReference = FA392BCD20DF69F50026C828 /* MTPTests.xctest */;
			productType = "com.apple.product-type.bundle.unit-test";
		};
		FA392BD720DF69F50026C828 /* MTPUITests */ = {
			isa = PBXNativeTarget;
			buildConfigurationList = FA392BE720DF69F50026C828 /* Build configuration list for PBXNativeTarget "MTPUITests" */;
			buildPhases = (
				9742874D2D96EE610208747B /* [CP] Check Pods Manifest.lock */,
				FA392BD420DF69F50026C828 /* Sources */,
				FA392BD520DF69F50026C828 /* Frameworks */,
				FA3E366E20DFBC86002AF4EE /* SwiftLint */,
				FA392BD620DF69F50026C828 /* Resources */,
			);
			buildRules = (
			);
			dependencies = (
				FA392BDA20DF69F50026C828 /* PBXTargetDependency */,
			);
			name = MTPUITests;
			productName = MTPUITests;
			productReference = FA392BD820DF69F50026C828 /* MTPUITests.xctest */;
			productType = "com.apple.product-type.bundle.ui-testing";
		};
/* End PBXNativeTarget section */

/* Begin PBXProject section */
		FA392BAF20DF69F30026C828 /* Project object */ = {
			isa = PBXProject;
			attributes = {
				LastSwiftUpdateCheck = 0940;
				LastUpgradeCheck = 1000;
				ORGANIZATIONNAME = "Trollwerks Inc.";
				TargetAttributes = {
					FA392BB620DF69F30026C828 = {
						CreatedOnToolsVersion = 9.4.1;
						SystemCapabilities = {
							com.apple.SafariKeychain = {
								enabled = 1;
							};
						};
					};
					FA392BCC20DF69F50026C828 = {
						CreatedOnToolsVersion = 9.4.1;
						LastSwiftMigration = 0940;
						TestTargetID = FA392BB620DF69F30026C828;
					};
					FA392BD720DF69F50026C828 = {
						CreatedOnToolsVersion = 9.4.1;
						TestTargetID = FA392BB620DF69F30026C828;
					};
				};
			};
			buildConfigurationList = FA392BB220DF69F30026C828 /* Build configuration list for PBXProject "MTP" */;
			compatibilityVersion = "Xcode 9.3";
			developmentRegion = en;
			hasScannedForEncodings = 0;
			knownRegions = (
				en,
				Base,
			);
			mainGroup = FA392BAE20DF69F30026C828;
			productRefGroup = FA392BB820DF69F30026C828 /* Products */;
			projectDirPath = "";
			projectRoot = "";
			targets = (
				FA392BB620DF69F30026C828 /* MTP */,
				FA392BCC20DF69F50026C828 /* MTPTests */,
				FA392BD720DF69F50026C828 /* MTPUITests */,
			);
		};
/* End PBXProject section */

/* Begin PBXResourcesBuildPhase section */
		FA392BB520DF69F30026C828 /* Resources */ = {
			isa = PBXResourcesBuildPhase;
			buildActionMask = 2147483647;
			files = (
				FAE1F117213BFBA80002CAB2 /* Locations.storyboard in Resources */,
				FA392BC720DF69F50026C828 /* LaunchScreen.storyboard in Resources */,
				FA74C10F211BB8F00013A840 /* Localizable.strings in Resources */,
				FA5AC0BB21FDC1060080F84F /* MyCounts.storyboard in Resources */,
				FA81361220E8F64500313AB9 /* Settings.bundle in Resources */,
				FA392BC420DF69F50026C828 /* Assets.xcassets in Resources */,
				FA463783210E00E60007382D /* EditProfile.storyboard in Resources */,
				FABA740D213A29CD0059ACCA /* MyAbout.storyboard in Resources */,
				FABA7413213A374F0059ACCA /* MyPosts.storyboard in Resources */,
				FA390132213AB4A90016A362 /* Rankings.storyboard in Resources */,
				FA392BC220DF69F30026C828 /* Main.storyboard in Resources */,
				FAF1853220FA0DEF00CC5D83 /* Root.storyboard in Resources */,
				0A2349E36085A3EE89A30019 /* Pods-MTP-metadata.plist in Resources */,
				FABA7410213A359C0059ACCA /* MyPhotos.storyboard in Resources */,
				FA32CC7E2100CB75004C1329 /* Signup.storyboard in Resources */,
				F5352AD2AEBF0C3A5C6191CE /* Pods-MTP-settings-metadata.plist in Resources */,
				FA745753210DA4C60010F4F4 /* MyProfile.storyboard in Resources */,
				FA32CC892100CC6B004C1329 /* Login.storyboard in Resources */,
				FA8A65AF217ED3BA00BC0DFE /* RankingsFilter.storyboard in Resources */,
			);
			runOnlyForDeploymentPostprocessing = 0;
		};
		FA392BCB20DF69F50026C828 /* Resources */ = {
			isa = PBXResourcesBuildPhase;
			buildActionMask = 2147483647;
			files = (
			);
			runOnlyForDeploymentPostprocessing = 0;
		};
		FA392BD620DF69F50026C828 /* Resources */ = {
			isa = PBXResourcesBuildPhase;
			buildActionMask = 2147483647;
			files = (
			);
			runOnlyForDeploymentPostprocessing = 0;
		};
/* End PBXResourcesBuildPhase section */

/* Begin PBXShellScriptBuildPhase section */
		6488DCB99249CC3516D4C352 /* [CP] Copy Pods Resources */ = {
			isa = PBXShellScriptBuildPhase;
			buildActionMask = 2147483647;
			files = (
			);
			inputPaths = (
				"${SRCROOT}/Pods/Target Support Files/Pods-MTP/Pods-MTP-resources.sh",
				"${PODS_CONFIGURATION_BUILD_DIR}/AppCenter/AppCenterDistributeResources.bundle",
				"${PODS_ROOT}/FBSDKCoreKit/FacebookSDKStrings.bundle",
			);
			name = "[CP] Copy Pods Resources";
			outputPaths = (
				"${TARGET_BUILD_DIR}/${UNLOCALIZED_RESOURCES_FOLDER_PATH}/AppCenterDistributeResources.bundle",
				"${TARGET_BUILD_DIR}/${UNLOCALIZED_RESOURCES_FOLDER_PATH}/FacebookSDKStrings.bundle",
			);
			runOnlyForDeploymentPostprocessing = 0;
			shellPath = /bin/sh;
			shellScript = "\"${SRCROOT}/Pods/Target Support Files/Pods-MTP/Pods-MTP-resources.sh\"\n";
			showEnvVarsInLog = 0;
		};
		758B7A9DF0E27C737110216C /* [CP] Check Pods Manifest.lock */ = {
			isa = PBXShellScriptBuildPhase;
			buildActionMask = 2147483647;
			files = (
			);
			inputPaths = (
				"${PODS_PODFILE_DIR_PATH}/Podfile.lock",
				"${PODS_ROOT}/Manifest.lock",
			);
			name = "[CP] Check Pods Manifest.lock";
			outputPaths = (
				"$(DERIVED_FILE_DIR)/Pods-MTP-checkManifestLockResult.txt",
			);
			runOnlyForDeploymentPostprocessing = 0;
			shellPath = /bin/sh;
			shellScript = "diff \"${PODS_PODFILE_DIR_PATH}/Podfile.lock\" \"${PODS_ROOT}/Manifest.lock\" > /dev/null\nif [ $? != 0 ] ; then\n    # print error to STDERR\n    echo \"error: The sandbox is not in sync with the Podfile.lock. Run 'pod install' or update your CocoaPods installation.\" >&2\n    exit 1\nfi\n# This output is used by Xcode 'outputs' to avoid re-running this script phase.\necho \"SUCCESS\" > \"${SCRIPT_OUTPUT_FILE_0}\"\n";
			showEnvVarsInLog = 0;
		};
		9742874D2D96EE610208747B /* [CP] Check Pods Manifest.lock */ = {
			isa = PBXShellScriptBuildPhase;
			buildActionMask = 2147483647;
			files = (
			);
			inputPaths = (
				"${PODS_PODFILE_DIR_PATH}/Podfile.lock",
				"${PODS_ROOT}/Manifest.lock",
			);
			name = "[CP] Check Pods Manifest.lock";
			outputPaths = (
				"$(DERIVED_FILE_DIR)/Pods-MTPUITests-checkManifestLockResult.txt",
			);
			runOnlyForDeploymentPostprocessing = 0;
			shellPath = /bin/sh;
			shellScript = "diff \"${PODS_PODFILE_DIR_PATH}/Podfile.lock\" \"${PODS_ROOT}/Manifest.lock\" > /dev/null\nif [ $? != 0 ] ; then\n    # print error to STDERR\n    echo \"error: The sandbox is not in sync with the Podfile.lock. Run 'pod install' or update your CocoaPods installation.\" >&2\n    exit 1\nfi\n# This output is used by Xcode 'outputs' to avoid re-running this script phase.\necho \"SUCCESS\" > \"${SCRIPT_OUTPUT_FILE_0}\"\n";
			showEnvVarsInLog = 0;
		};
		F46FBA4D9FE9733B1B0ACC92 /* [CP] Check Pods Manifest.lock */ = {
			isa = PBXShellScriptBuildPhase;
			buildActionMask = 2147483647;
			files = (
			);
			inputPaths = (
				"${PODS_PODFILE_DIR_PATH}/Podfile.lock",
				"${PODS_ROOT}/Manifest.lock",
			);
			name = "[CP] Check Pods Manifest.lock";
			outputPaths = (
				"$(DERIVED_FILE_DIR)/Pods-MTPTests-checkManifestLockResult.txt",
			);
			runOnlyForDeploymentPostprocessing = 0;
			shellPath = /bin/sh;
			shellScript = "diff \"${PODS_PODFILE_DIR_PATH}/Podfile.lock\" \"${PODS_ROOT}/Manifest.lock\" > /dev/null\nif [ $? != 0 ] ; then\n    # print error to STDERR\n    echo \"error: The sandbox is not in sync with the Podfile.lock. Run 'pod install' or update your CocoaPods installation.\" >&2\n    exit 1\nfi\n# This output is used by Xcode 'outputs' to avoid re-running this script phase.\necho \"SUCCESS\" > \"${SCRIPT_OUTPUT_FILE_0}\"\n";
			showEnvVarsInLog = 0;
		};
		FA3BD22A2160DE7A007EAF75 /* SwiftLint */ = {
			isa = PBXShellScriptBuildPhase;
			buildActionMask = 2147483647;
			files = (
			);
			inputFileListPaths = (
			);
			inputPaths = (
			);
			name = SwiftLint;
			outputFileListPaths = (
			);
			outputPaths = (
			);
			runOnlyForDeploymentPostprocessing = 0;
			shellPath = /bin/sh;
			shellScript = "${PODS_ROOT}/SwiftLint/swiftlint\n";
		};
		FA3E366C20DFBC2F002AF4EE /* Run script_build_end.sh */ = {
			isa = PBXShellScriptBuildPhase;
			buildActionMask = 2147483647;
			files = (
			);
			inputPaths = (
			);
			name = "Run script_build_end.sh";
			outputPaths = (
			);
			runOnlyForDeploymentPostprocessing = 0;
			shellPath = /bin/sh;
			shellScript = "script_file=\"script_build_end.sh\"\n\necho \"Running a custom build phase script: $script_file\"\n. \"${PROJECT_DIR}/${script_file}\"\nscriptExitStatus=$?\n\necho \"DONE with script: ${script_file} (exitStatus=${scriptExitStatus})\"\n\nexit \"${scriptExitStatus}\"\n";
		};
		FA3E366D20DFBC61002AF4EE /* SwiftLint */ = {
			isa = PBXShellScriptBuildPhase;
			buildActionMask = 2147483647;
			files = (
			);
			inputPaths = (
			);
			name = SwiftLint;
			outputPaths = (
			);
			runOnlyForDeploymentPostprocessing = 0;
			shellPath = /bin/sh;
			shellScript = "${PODS_ROOT}/SwiftLint/swiftlint\n";
		};
		FA3E366E20DFBC86002AF4EE /* SwiftLint */ = {
			isa = PBXShellScriptBuildPhase;
			buildActionMask = 2147483647;
			files = (
			);
			inputPaths = (
			);
			name = SwiftLint;
			outputPaths = (
			);
			runOnlyForDeploymentPostprocessing = 0;
			shellPath = /bin/sh;
			shellScript = "${PODS_ROOT}/SwiftLint/swiftlint\n";
		};
		FA81361520E8FE9700313AB9 /* Generate R.generated.swift */ = {
			isa = PBXShellScriptBuildPhase;
			buildActionMask = 2147483647;
			files = (
			);
			inputPaths = (
				"$TEMP_DIR/rswift-lastrun",
			);
			name = "Generate R.generated.swift";
			outputPaths = (
				"${SRCROOT}/MTP/resources/R.generated.swift",
			);
			runOnlyForDeploymentPostprocessing = 0;
			shellPath = /bin/sh;
			shellScript = "\"$PODS_ROOT/R.swift/rswift\" generate \"${SRCROOT}/MTP/resources/R.generated.swift\"\necho R.generated.swift generated\n";
		};
/* End PBXShellScriptBuildPhase section */

/* Begin PBXSourcesBuildPhase section */
		FA392BB320DF69F30026C828 /* Sources */ = {
			isa = PBXSourcesBuildPhase;
			buildActionMask = 2147483647;
			files = (
				FA3CEC562132579300791195 /* Gestalt.swift in Sources */,
				FA463785210E06230007382D /* LoggingService.swift in Sources */,
				FA74574D210CA5730010F4F4 /* MyProfileVC.swift in Sources */,
				FAFEDA50211DB0E800DA3DB8 /* LoginFailVC.swift in Sources */,
				FA835D36210F054F0098C270 /* ReplaceTopSegue.swift in Sources */,
				8C5ECE9E21FEE6F800322ABF /* CountGroupCell.swift in Sources */,
				FA25ACE8217C87ED000AE26D /* RankingHeader.swift in Sources */,
				FA291FD5217ECBC8004140BD /* RankingsFilterVC.swift in Sources */,
				FAC3BCB8216A225900E1507E /* TagButton.swift in Sources */,
				FA5AC0C521FDD7C00080F84F /* CountHeader.swift in Sources */,
				8C5ECF3A21FFE49800322ABF /* RankingsPage.swift in Sources */,
				FA4653342115ADC6005B5A0A /* MTPAPI.swift in Sources */,
				FA5AC0B421FC49860080F84F /* PlaceAnnotation.swift in Sources */,
				FA390139213B84B40016A362 /* RankingsPagingVC.swift in Sources */,
				FA5AC0BF21FDCB9D0080F84F /* MyCountsPagingVC.swift in Sources */,
				FADC1ABA2144FAD70011EE49 /* Date+Formatting.swift in Sources */,
				FAE1F11E2143B29F0002CAB2 /* LocationTracker.swift in Sources */,
				FAC3BCB9216A225900E1507E /* TagsView.swift in Sources */,
				FAC159A221EB68AA00564E2D /* Location.swift in Sources */,
				FA5AC0B621FC4EBE0080F84F /* PlaceAnnotationView.swift in Sources */,
				FA76D9752131278900EF8E25 /* User.swift in Sources */,
				8C5ECE0221FE9B3600322ABF /* Checklist.swift in Sources */,
				FA6A188621EFEF920092C56C /* Observable.swift in Sources */,
				FA74C111211BBF490013A840 /* String+Formatting.swift in Sources */,
				FA3BD1D2215F7FCD007EAF75 /* MyPostsVC.swift in Sources */,
				FAFEDA522129602800DA3DB8 /* WelcomeVC.swift in Sources */,
				FA9A71DF20F1D3FA005F6A57 /* AppDelegate+Tools.swift in Sources */,
				FA32CC7420FB6E67004C1329 /* UIView+Gradient.swift in Sources */,
				FA5AC0B821FD4A160080F84F /* PlaceClusterAnnotationView.swift in Sources */,
				FAF1853120FA0C8600CC5D83 /* RootVC.swift in Sources */,
				FAFEDA5421296F6D00DA3DB8 /* MainTBC.swift in Sources */,
				FA2E718521ED535B00E6AB73 /* WHS.swift in Sources */,
				FAAE29BF20EE51A700B43BA9 /* UIApplication+Environment.swift in Sources */,
				FA32CC762100C34E004C1329 /* LoginVC.swift in Sources */,
				FA46533021157784005B5A0A /* FacebookButton.swift in Sources */,
				FA745757210DBD910010F4F4 /* UINavigationBar+Transparent.swift in Sources */,
				8C76D5DC22028874005CF4CD /* ServiceProvider.swift in Sources */,
				FAD2B51821F48AB8009FFDD7 /* Place.swift in Sources */,
				FA392BBF20DF69F30026C828 /* RankingsVC.swift in Sources */,
				FA5AC0C321FDCE200080F84F /* MyCountsPageVC.swift in Sources */,
				FAD2B51621F46913009FFDD7 /* Checklists.swift in Sources */,
				FAAE29C220EFADC800B43BA9 /* R.generated.swift in Sources */,
				FA5AC0C721FDD8AA0080F84F /* CountToggleCell.swift in Sources */,
				FA12D682213B963C0053E9BF /* RankingsPageVC.swift in Sources */,
				FA4653322115A250005B5A0A /* UserDefaults+Gestalt.swift in Sources */,
				FA74C0F02117C60B0013A840 /* ForgotPasswordVC.swift in Sources */,
				FA392BBB20DF69F30026C828 /* AppDelegate.swift in Sources */,
				FAD2B51C21F4A675009FFDD7 /* Restaurant.swift in Sources */,
				FA463780210DE94C0007382D /* EditProfileVC.swift in Sources */,
				FA254DCB21685D6800FC9360 /* NSObject+Create.swift in Sources */,
				FAD2B51321F45796009FFDD7 /* PlaceLocation.swift in Sources */,
				FA99615F2136CF3100C85FBC /* MyProfilePagingVC.swift in Sources */,
				FA5AC0BD21FDC80A0080F84F /* MyCountsVC.swift in Sources */,
				FADC1ABE2145E9760011EE49 /* MyPhotosVC.swift in Sources */,
				FA835D34210EAC110098C270 /* Styler.swift in Sources */,
				FA392BBD20DF69F30026C828 /* LocationsVC.swift in Sources */,
				FAD2B51A21F492B3009FFDD7 /* UncertainValue.swift in Sources */,
				FAE1F119214354A80002CAB2 /* Avenir.swift in Sources */,
				FA254DCD2169A2A400FC9360 /* MyAboutVC.swift in Sources */,
				FA32CC782100C360004C1329 /* SignupVC.swift in Sources */,
				FA25ACE6217B54A8000AE26D /* RankingCell.swift in Sources */,
				FAAE29C520F05A9600B43BA9 /* UserDefaults+TypeSafety.swift in Sources */,
				FA5AC0C121FDCCDE0080F84F /* ListPagingItem.swift in Sources */,
				FA46377E210DE1E60007382D /* SettingsVC.swift in Sources */,
			);
			runOnlyForDeploymentPostprocessing = 0;
		};
		FA392BC920DF69F50026C828 /* Sources */ = {
			isa = PBXSourcesBuildPhase;
			buildActionMask = 2147483647;
			files = (
				FA392BD220DF69F50026C828 /* MTPTests.swift in Sources */,
				FAB53F8B20DFD618007A80A7 /* MemoryWarner.m in Sources */,
				FAE1F11C21437F860002CAB2 /* String+Assert.swift in Sources */,
				FA3BD2292160D6BC007EAF75 /* CreateTests.swift in Sources */,
				FA74C113211C61580013A840 /* StringTests.swift in Sources */,
				FA0BE96C210C5F3300797224 /* ViewTests.swift in Sources */,
			);
			runOnlyForDeploymentPostprocessing = 0;
		};
		FA392BD420DF69F50026C828 /* Sources */ = {
			isa = PBXSourcesBuildPhase;
			buildActionMask = 2147483647;
			files = (
				FAAE29C020EE581900B43BA9 /* UIApplication+Environment.swift in Sources */,
				FA32CC7220FAC863004C1329 /* XCTestCase+UITest.swift in Sources */,
				FA392BDD20DF69F50026C828 /* MTPUITests.swift in Sources */,
			);
			runOnlyForDeploymentPostprocessing = 0;
		};
/* End PBXSourcesBuildPhase section */

/* Begin PBXTargetDependency section */
		FA392BCF20DF69F50026C828 /* PBXTargetDependency */ = {
			isa = PBXTargetDependency;
			target = FA392BB620DF69F30026C828 /* MTP */;
			targetProxy = FA392BCE20DF69F50026C828 /* PBXContainerItemProxy */;
		};
		FA392BDA20DF69F50026C828 /* PBXTargetDependency */ = {
			isa = PBXTargetDependency;
			target = FA392BB620DF69F30026C828 /* MTP */;
			targetProxy = FA392BD920DF69F50026C828 /* PBXContainerItemProxy */;
		};
/* End PBXTargetDependency section */

/* Begin PBXVariantGroup section */
		FA32CC802100CB75004C1329 /* Signup.storyboard */ = {
			isa = PBXVariantGroup;
			children = (
				FA32CC7F2100CB75004C1329 /* Base */,
			);
			name = Signup.storyboard;
			sourceTree = "<group>";
		};
		FA32CC8B2100CC6B004C1329 /* Login.storyboard */ = {
			isa = PBXVariantGroup;
			children = (
				FA32CC8A2100CC6B004C1329 /* Base */,
			);
			name = Login.storyboard;
			sourceTree = "<group>";
		};
		FA390134213AB4A90016A362 /* Rankings.storyboard */ = {
			isa = PBXVariantGroup;
			children = (
				FA390133213AB4A90016A362 /* Base */,
			);
			name = Rankings.storyboard;
			sourceTree = "<group>";
		};
		FA392BC020DF69F30026C828 /* Main.storyboard */ = {
			isa = PBXVariantGroup;
			children = (
				FA392BC120DF69F30026C828 /* Base */,
			);
			name = Main.storyboard;
			sourceTree = "<group>";
		};
		FA392BC520DF69F50026C828 /* LaunchScreen.storyboard */ = {
			isa = PBXVariantGroup;
			children = (
				FA392BC620DF69F50026C828 /* Base */,
			);
			name = LaunchScreen.storyboard;
			sourceTree = "<group>";
		};
		FA463781210E00E60007382D /* EditProfile.storyboard */ = {
			isa = PBXVariantGroup;
			children = (
				FA463782210E00E60007382D /* Base */,
			);
			name = EditProfile.storyboard;
			sourceTree = "<group>";
		};
		FA5AC0B921FDC1050080F84F /* MyCounts.storyboard */ = {
			isa = PBXVariantGroup;
			children = (
				FA5AC0BA21FDC1050080F84F /* Base */,
			);
			name = MyCounts.storyboard;
			sourceTree = "<group>";
		};
		FA745755210DA4C60010F4F4 /* MyProfile.storyboard */ = {
			isa = PBXVariantGroup;
			children = (
				FA745754210DA4C60010F4F4 /* Base */,
			);
			name = MyProfile.storyboard;
			sourceTree = "<group>";
		};
		FA74C10D211BB8F00013A840 /* Localizable.strings */ = {
			isa = PBXVariantGroup;
			children = (
				FA74C10E211BB8F00013A840 /* Base */,
			);
			name = Localizable.strings;
			sourceTree = "<group>";
		};
		FA8A65AD217ED3BA00BC0DFE /* RankingsFilter.storyboard */ = {
			isa = PBXVariantGroup;
			children = (
				FA8A65AE217ED3BA00BC0DFE /* Base */,
			);
			name = RankingsFilter.storyboard;
			sourceTree = "<group>";
		};
		FABA740B213A29CD0059ACCA /* MyAbout.storyboard */ = {
			isa = PBXVariantGroup;
			children = (
				FABA740C213A29CD0059ACCA /* Base */,
			);
			name = MyAbout.storyboard;
			sourceTree = "<group>";
		};
		FABA740E213A359C0059ACCA /* MyPhotos.storyboard */ = {
			isa = PBXVariantGroup;
			children = (
				FABA740F213A359C0059ACCA /* Base */,
			);
			name = MyPhotos.storyboard;
			sourceTree = "<group>";
		};
		FABA7411213A374F0059ACCA /* MyPosts.storyboard */ = {
			isa = PBXVariantGroup;
			children = (
				FABA7412213A374F0059ACCA /* Base */,
			);
			name = MyPosts.storyboard;
			sourceTree = "<group>";
		};
		FAE1F115213BFBA80002CAB2 /* Locations.storyboard */ = {
			isa = PBXVariantGroup;
			children = (
				FAE1F116213BFBA80002CAB2 /* Base */,
			);
			name = Locations.storyboard;
			sourceTree = "<group>";
		};
		FAF1853420FA0DEF00CC5D83 /* Root.storyboard */ = {
			isa = PBXVariantGroup;
			children = (
				FAF1853320FA0DEF00CC5D83 /* Base */,
			);
			name = Root.storyboard;
			sourceTree = "<group>";
		};
/* End PBXVariantGroup section */

/* Begin XCBuildConfiguration section */
		FA392BDF20DF69F50026C828 /* Debug */ = {
			isa = XCBuildConfiguration;
			baseConfigurationReference = FAF122F9215652AE0099B772 /* project_Debug.xcconfig */;
			buildSettings = {
				SWIFT_VERSION = 4.2;
			};
			name = Debug;
		};
		FA392BE020DF69F50026C828 /* Release */ = {
			isa = XCBuildConfiguration;
			baseConfigurationReference = FAF122F7215652AE0099B772 /* project_Release.xcconfig */;
			buildSettings = {
				SWIFT_VERSION = 4.2;
			};
			name = Release;
		};
		FA392BE220DF69F50026C828 /* Debug */ = {
			isa = XCBuildConfiguration;
			baseConfigurationReference = FAF12300215652AE0099B772 /* MTP_Debug.xcconfig */;
			buildSettings = {
				CODE_SIGN_STYLE = Manual;
				DEVELOPMENT_TEAM = 556343DW3U;
				PROVISIONING_PROFILE_SPECIFIER = "MTP-Development";
			};
			name = Debug;
		};
		FA392BE320DF69F50026C828 /* Release */ = {
			isa = XCBuildConfiguration;
			baseConfigurationReference = FAF122FC215652AE0099B772 /* MTP_Release.xcconfig */;
			buildSettings = {
				CODE_SIGN_IDENTITY = "iPhone Distribution";
				CODE_SIGN_STYLE = Manual;
				DEVELOPMENT_TEAM = 556343DW3U;
				PROVISIONING_PROFILE_SPECIFIER = "MTP-AdHoc";
			};
			name = Release;
		};
		FA392BE520DF69F50026C828 /* Debug */ = {
			isa = XCBuildConfiguration;
			baseConfigurationReference = FAF122FB215652AE0099B772 /* MTPTests_Debug.xcconfig */;
			buildSettings = {
				CODE_SIGN_IDENTITY = "iPhone Developer";
				CODE_SIGN_STYLE = Manual;
				DEVELOPMENT_TEAM = 556343DW3U;
				PROVISIONING_PROFILE_SPECIFIER = "";
			};
			name = Debug;
		};
		FA392BE620DF69F50026C828 /* Release */ = {
			isa = XCBuildConfiguration;
			baseConfigurationReference = FAF122FE215652AE0099B772 /* MTPTests_Release.xcconfig */;
			buildSettings = {
				CODE_SIGN_IDENTITY = "iPhone Distribution";
				CODE_SIGN_STYLE = Manual;
				DEVELOPMENT_TEAM = 556343DW3U;
				PROVISIONING_PROFILE_SPECIFIER = "";
			};
			name = Release;
		};
		FA392BE820DF69F50026C828 /* Debug */ = {
			isa = XCBuildConfiguration;
			baseConfigurationReference = FAF12301215652AE0099B772 /* MTPUITests_Debug.xcconfig */;
			buildSettings = {
				CODE_SIGN_IDENTITY = "iPhone Developer";
				CODE_SIGN_STYLE = Automatic;
				DEVELOPMENT_TEAM = 556343DW3U;
				PROVISIONING_PROFILE_SPECIFIER = "";
			};
			name = Debug;
		};
		FA392BE920DF69F50026C828 /* Release */ = {
			isa = XCBuildConfiguration;
			baseConfigurationReference = FAF122FF215652AE0099B772 /* MTPUITests_Release.xcconfig */;
			buildSettings = {
				CODE_SIGN_IDENTITY = "iPhone Developer";
				CODE_SIGN_STYLE = Automatic;
				DEVELOPMENT_TEAM = 556343DW3U;
				PROVISIONING_PROFILE_SPECIFIER = "";
			};
			name = Release;
		};
/* End XCBuildConfiguration section */

/* Begin XCConfigurationList section */
		FA392BB220DF69F30026C828 /* Build configuration list for PBXProject "MTP" */ = {
			isa = XCConfigurationList;
			buildConfigurations = (
				FA392BDF20DF69F50026C828 /* Debug */,
				FA392BE020DF69F50026C828 /* Release */,
			);
			defaultConfigurationIsVisible = 0;
			defaultConfigurationName = Release;
		};
		FA392BE120DF69F50026C828 /* Build configuration list for PBXNativeTarget "MTP" */ = {
			isa = XCConfigurationList;
			buildConfigurations = (
				FA392BE220DF69F50026C828 /* Debug */,
				FA392BE320DF69F50026C828 /* Release */,
			);
			defaultConfigurationIsVisible = 0;
			defaultConfigurationName = Release;
		};
		FA392BE420DF69F50026C828 /* Build configuration list for PBXNativeTarget "MTPTests" */ = {
			isa = XCConfigurationList;
			buildConfigurations = (
				FA392BE520DF69F50026C828 /* Debug */,
				FA392BE620DF69F50026C828 /* Release */,
			);
			defaultConfigurationIsVisible = 0;
			defaultConfigurationName = Release;
		};
		FA392BE720DF69F50026C828 /* Build configuration list for PBXNativeTarget "MTPUITests" */ = {
			isa = XCConfigurationList;
			buildConfigurations = (
				FA392BE820DF69F50026C828 /* Debug */,
				FA392BE920DF69F50026C828 /* Release */,
			);
			defaultConfigurationIsVisible = 0;
			defaultConfigurationName = Release;
		};
/* End XCConfigurationList section */
	};
	rootObject = FA392BAF20DF69F30026C828 /* Project object */;
}
