// !$*UTF8*$!
{
	archiveVersion = 1;
	classes = {
	};
	objectVersion = 50;
	objects = {

/* Begin PBXBuildFile section */
		122BA726DE2ED1EC0C4144BB /* libPods-MTPUITests.a in Frameworks */ = {isa = PBXBuildFile; fileRef = B1C0AF3F035BC227379ED6DE /* libPods-MTPUITests.a */; };
		529054A21D10AD8DB1855DB5 /* libPods-MTPTests.a in Frameworks */ = {isa = PBXBuildFile; fileRef = 848B6781D80D51E75A14ECF6 /* libPods-MTPTests.a */; };
		C1D9A04EB6208ED844515108 /* libPods-MTP.a in Frameworks */ = {isa = PBXBuildFile; fileRef = EA7B8EF0C9A37C87525A9855 /* libPods-MTP.a */; };
		FA392BBB20DF69F30026C828 /* AppDelegate.swift in Sources */ = {isa = PBXBuildFile; fileRef = FA392BBA20DF69F30026C828 /* AppDelegate.swift */; };
		FA392BBD20DF69F30026C828 /* FirstViewController.swift in Sources */ = {isa = PBXBuildFile; fileRef = FA392BBC20DF69F30026C828 /* FirstViewController.swift */; };
		FA392BBF20DF69F30026C828 /* SecondViewController.swift in Sources */ = {isa = PBXBuildFile; fileRef = FA392BBE20DF69F30026C828 /* SecondViewController.swift */; };
		FA392BC220DF69F30026C828 /* Main.storyboard in Resources */ = {isa = PBXBuildFile; fileRef = FA392BC020DF69F30026C828 /* Main.storyboard */; };
		FA392BC420DF69F50026C828 /* Assets.xcassets in Resources */ = {isa = PBXBuildFile; fileRef = FA392BC320DF69F50026C828 /* Assets.xcassets */; };
		FA392BC720DF69F50026C828 /* LaunchScreen.storyboard in Resources */ = {isa = PBXBuildFile; fileRef = FA392BC520DF69F50026C828 /* LaunchScreen.storyboard */; };
		FA392BD220DF69F50026C828 /* MTPTests.swift in Sources */ = {isa = PBXBuildFile; fileRef = FA392BD120DF69F50026C828 /* MTPTests.swift */; };
		FA392BDD20DF69F50026C828 /* MTPUITests.swift in Sources */ = {isa = PBXBuildFile; fileRef = FA392BDC20DF69F50026C828 /* MTPUITests.swift */; };
		FA3E367B20DFC4F9002AF4EE /* Default-568h@2x.png in Resources */ = {isa = PBXBuildFile; fileRef = FA3E367A20DFC4F9002AF4EE /* Default-568h@2x.png */; };
		FAB53F8B20DFD618007A80A7 /* MemoryWarner.m in Sources */ = {isa = PBXBuildFile; fileRef = FAB53F8A20DFD618007A80A7 /* MemoryWarner.m */; };
/* End PBXBuildFile section */

/* Begin PBXContainerItemProxy section */
		FA392BCE20DF69F50026C828 /* PBXContainerItemProxy */ = {
			isa = PBXContainerItemProxy;
			containerPortal = FA392BAF20DF69F30026C828 /* Project object */;
			proxyType = 1;
			remoteGlobalIDString = FA392BB620DF69F30026C828;
			remoteInfo = MTP;
		};
		FA392BD920DF69F50026C828 /* PBXContainerItemProxy */ = {
			isa = PBXContainerItemProxy;
			containerPortal = FA392BAF20DF69F30026C828 /* Project object */;
			proxyType = 1;
			remoteGlobalIDString = FA392BB620DF69F30026C828;
			remoteInfo = MTP;
		};
/* End PBXContainerItemProxy section */

/* Begin PBXFileReference section */
		3D74791BE9295E16EA91DC4C /* Pods-MTP.debug.xcconfig */ = {isa = PBXFileReference; includeInIndex = 1; lastKnownFileType = text.xcconfig; name = "Pods-MTP.debug.xcconfig"; path = "Pods/Target Support Files/Pods-MTP/Pods-MTP.debug.xcconfig"; sourceTree = "<group>"; };
		5250514805CCAF19BF74C4E2 /* Pods-MTPTests.release.xcconfig */ = {isa = PBXFileReference; includeInIndex = 1; lastKnownFileType = text.xcconfig; name = "Pods-MTPTests.release.xcconfig"; path = "Pods/Target Support Files/Pods-MTPTests/Pods-MTPTests.release.xcconfig"; sourceTree = "<group>"; };
		5B51432A4FEC34463DAE35D6 /* Pods-MTPUITests.release.xcconfig */ = {isa = PBXFileReference; includeInIndex = 1; lastKnownFileType = text.xcconfig; name = "Pods-MTPUITests.release.xcconfig"; path = "Pods/Target Support Files/Pods-MTPUITests/Pods-MTPUITests.release.xcconfig"; sourceTree = "<group>"; };
		7A421C21DED7018B2D88EDFE /* Pods-MTPTests.debug.xcconfig */ = {isa = PBXFileReference; includeInIndex = 1; lastKnownFileType = text.xcconfig; name = "Pods-MTPTests.debug.xcconfig"; path = "Pods/Target Support Files/Pods-MTPTests/Pods-MTPTests.debug.xcconfig"; sourceTree = "<group>"; };
		848B6781D80D51E75A14ECF6 /* libPods-MTPTests.a */ = {isa = PBXFileReference; explicitFileType = archive.ar; includeInIndex = 0; path = "libPods-MTPTests.a"; sourceTree = BUILT_PRODUCTS_DIR; };
		B1C0AF3F035BC227379ED6DE /* libPods-MTPUITests.a */ = {isa = PBXFileReference; explicitFileType = archive.ar; includeInIndex = 0; path = "libPods-MTPUITests.a"; sourceTree = BUILT_PRODUCTS_DIR; };
		CF56246BCC141A7DD1DD5AF9 /* Pods-MTPUITests.debug.xcconfig */ = {isa = PBXFileReference; includeInIndex = 1; lastKnownFileType = text.xcconfig; name = "Pods-MTPUITests.debug.xcconfig"; path = "Pods/Target Support Files/Pods-MTPUITests/Pods-MTPUITests.debug.xcconfig"; sourceTree = "<group>"; };
		E03793369993AA49FE17B339 /* Pods-MTP.release.xcconfig */ = {isa = PBXFileReference; includeInIndex = 1; lastKnownFileType = text.xcconfig; name = "Pods-MTP.release.xcconfig"; path = "Pods/Target Support Files/Pods-MTP/Pods-MTP.release.xcconfig"; sourceTree = "<group>"; };
		EA7B8EF0C9A37C87525A9855 /* libPods-MTP.a */ = {isa = PBXFileReference; explicitFileType = archive.ar; includeInIndex = 0; path = "libPods-MTP.a"; sourceTree = BUILT_PRODUCTS_DIR; };
		FA392BB720DF69F30026C828 /* MTP.app */ = {isa = PBXFileReference; explicitFileType = wrapper.application; includeInIndex = 0; path = MTP.app; sourceTree = BUILT_PRODUCTS_DIR; };
		FA392BBA20DF69F30026C828 /* AppDelegate.swift */ = {isa = PBXFileReference; lastKnownFileType = sourcecode.swift; path = AppDelegate.swift; sourceTree = "<group>"; };
		FA392BBC20DF69F30026C828 /* FirstViewController.swift */ = {isa = PBXFileReference; lastKnownFileType = sourcecode.swift; path = FirstViewController.swift; sourceTree = "<group>"; };
		FA392BBE20DF69F30026C828 /* SecondViewController.swift */ = {isa = PBXFileReference; lastKnownFileType = sourcecode.swift; path = SecondViewController.swift; sourceTree = "<group>"; };
		FA392BC120DF69F30026C828 /* Base */ = {isa = PBXFileReference; lastKnownFileType = file.storyboard; name = Base; path = Base.lproj/Main.storyboard; sourceTree = "<group>"; };
		FA392BC320DF69F50026C828 /* Assets.xcassets */ = {isa = PBXFileReference; lastKnownFileType = folder.assetcatalog; path = Assets.xcassets; sourceTree = "<group>"; };
		FA392BC620DF69F50026C828 /* Base */ = {isa = PBXFileReference; lastKnownFileType = file.storyboard; name = Base; path = Base.lproj/LaunchScreen.storyboard; sourceTree = "<group>"; };
		FA392BC820DF69F50026C828 /* Info.plist */ = {isa = PBXFileReference; lastKnownFileType = text.plist.xml; path = Info.plist; sourceTree = "<group>"; };
		FA392BCD20DF69F50026C828 /* MTPTests.xctest */ = {isa = PBXFileReference; explicitFileType = wrapper.cfbundle; includeInIndex = 0; path = MTPTests.xctest; sourceTree = BUILT_PRODUCTS_DIR; };
		FA392BD120DF69F50026C828 /* MTPTests.swift */ = {isa = PBXFileReference; lastKnownFileType = sourcecode.swift; path = MTPTests.swift; sourceTree = "<group>"; };
		FA392BD320DF69F50026C828 /* Info.plist */ = {isa = PBXFileReference; lastKnownFileType = text.plist.xml; path = Info.plist; sourceTree = "<group>"; };
		FA392BD820DF69F50026C828 /* MTPUITests.xctest */ = {isa = PBXFileReference; explicitFileType = wrapper.cfbundle; includeInIndex = 0; path = MTPUITests.xctest; sourceTree = BUILT_PRODUCTS_DIR; };
		FA392BDC20DF69F50026C828 /* MTPUITests.swift */ = {isa = PBXFileReference; lastKnownFileType = sourcecode.swift; path = MTPUITests.swift; sourceTree = "<group>"; };
		FA392BDE20DF69F50026C828 /* Info.plist */ = {isa = PBXFileReference; lastKnownFileType = text.plist.xml; path = Info.plist; sourceTree = "<group>"; };
		FA3E366A20DFACCD002AF4EE /* Podfile */ = {isa = PBXFileReference; lastKnownFileType = text; path = Podfile; sourceTree = "<group>"; xcLanguageSpecificationIdentifier = xcode.lang.ruby; };
		FA3E366B20DFB484002AF4EE /* .swiftlint.yml */ = {isa = PBXFileReference; lastKnownFileType = text; path = .swiftlint.yml; sourceTree = "<group>"; };
		FA3E366F20DFC0E3002AF4EE /* IDETemplateMacros.plist */ = {isa = PBXFileReference; lastKnownFileType = text.plist.xml; name = IDETemplateMacros.plist; path = MTP.xcodeproj/xcshareddata/IDETemplateMacros.plist; sourceTree = "<group>"; };
		FA3E367A20DFC4F9002AF4EE /* Default-568h@2x.png */ = {isa = PBXFileReference; lastKnownFileType = image.png; path = "Default-568h@2x.png"; sourceTree = "<group>"; };
		FA4F1C5B20DFA67700B8A1ED /* LICENSE.md */ = {isa = PBXFileReference; lastKnownFileType = net.daringfireball.markdown; path = LICENSE.md; sourceTree = "<group>"; };
		FA4F1C5C20DFA67700B8A1ED /* README.md */ = {isa = PBXFileReference; lastKnownFileType = net.daringfireball.markdown; path = README.md; sourceTree = "<group>"; };
		FA4F1C5D20DFA69000B8A1ED /* .gitignore */ = {isa = PBXFileReference; lastKnownFileType = text; path = .gitignore; sourceTree = "<group>"; };
		FA4F1C5E20DFA74500B8A1ED /* Gemfile */ = {isa = PBXFileReference; lastKnownFileType = text; path = Gemfile; sourceTree = "<group>"; };
		FAB53F8320DFCB40007A80A7 /* Dangerfile */ = {isa = PBXFileReference; lastKnownFileType = text; path = Dangerfile; sourceTree = "<group>"; };
		FAB53F8420DFCC03007A80A7 /* .slather.yml */ = {isa = PBXFileReference; lastKnownFileType = text; path = .slather.yml; sourceTree = "<group>"; };
		FAB53F8520DFCC03007A80A7 /* .travis.yml */ = {isa = PBXFileReference; lastKnownFileType = text; path = .travis.yml; sourceTree = "<group>"; };
		FAB53F8620DFCC04007A80A7 /* .coveralls.yml */ = {isa = PBXFileReference; lastKnownFileType = text; path = .coveralls.yml; sourceTree = "<group>"; };
		FAB53F8720DFD617007A80A7 /* MTPTests-Bridging-Header.h */ = {isa = PBXFileReference; lastKnownFileType = sourcecode.c.h; path = "MTPTests-Bridging-Header.h"; sourceTree = "<group>"; };
		FAB53F8920DFD618007A80A7 /* MemoryWarner.h */ = {isa = PBXFileReference; fileEncoding = 4; lastKnownFileType = sourcecode.c.h; path = MemoryWarner.h; sourceTree = "<group>"; };
		FAB53F8A20DFD618007A80A7 /* MemoryWarner.m */ = {isa = PBXFileReference; fileEncoding = 4; lastKnownFileType = sourcecode.c.objc; path = MemoryWarner.m; sourceTree = "<group>"; };
/* End PBXFileReference section */

/* Begin PBXFrameworksBuildPhase section */
		FA392BB420DF69F30026C828 /* Frameworks */ = {
			isa = PBXFrameworksBuildPhase;
			buildActionMask = 2147483647;
			files = (
				C1D9A04EB6208ED844515108 /* libPods-MTP.a in Frameworks */,
			);
			runOnlyForDeploymentPostprocessing = 0;
		};
		FA392BCA20DF69F50026C828 /* Frameworks */ = {
			isa = PBXFrameworksBuildPhase;
			buildActionMask = 2147483647;
			files = (
				529054A21D10AD8DB1855DB5 /* libPods-MTPTests.a in Frameworks */,
			);
			runOnlyForDeploymentPostprocessing = 0;
		};
		FA392BD520DF69F50026C828 /* Frameworks */ = {
			isa = PBXFrameworksBuildPhase;
			buildActionMask = 2147483647;
			files = (
				122BA726DE2ED1EC0C4144BB /* libPods-MTPUITests.a in Frameworks */,
			);
			runOnlyForDeploymentPostprocessing = 0;
		};
/* End PBXFrameworksBuildPhase section */

/* Begin PBXGroup section */
		88C40F6C54584204BBA2D4C6 /* Frameworks */ = {
			isa = PBXGroup;
			children = (
				EA7B8EF0C9A37C87525A9855 /* libPods-MTP.a */,
				848B6781D80D51E75A14ECF6 /* libPods-MTPTests.a */,
				B1C0AF3F035BC227379ED6DE /* libPods-MTPUITests.a */,
			);
			name = Frameworks;
			sourceTree = "<group>";
		};
		AF51EC73BEE12E3A8680F4F4 /* Pods */ = {
			isa = PBXGroup;
			children = (
				3D74791BE9295E16EA91DC4C /* Pods-MTP.debug.xcconfig */,
				E03793369993AA49FE17B339 /* Pods-MTP.release.xcconfig */,
				7A421C21DED7018B2D88EDFE /* Pods-MTPTests.debug.xcconfig */,
				5250514805CCAF19BF74C4E2 /* Pods-MTPTests.release.xcconfig */,
				CF56246BCC141A7DD1DD5AF9 /* Pods-MTPUITests.debug.xcconfig */,
				5B51432A4FEC34463DAE35D6 /* Pods-MTPUITests.release.xcconfig */,
			);
			name = Pods;
			sourceTree = "<group>";
		};
		FA392BAE20DF69F30026C828 = {
			isa = PBXGroup;
			children = (
				FA392BB920DF69F30026C828 /* MTP */,
				FA392BEE20DFA6190026C828 /* metadata */,
				FA392BD020DF69F50026C828 /* MTPTests */,
				FA392BDB20DF69F50026C828 /* MTPUITests */,
				FA392BB820DF69F30026C828 /* Products */,
				AF51EC73BEE12E3A8680F4F4 /* Pods */,
				88C40F6C54584204BBA2D4C6 /* Frameworks */,
			);
			sourceTree = "<group>";
		};
		FA392BB820DF69F30026C828 /* Products */ = {
			isa = PBXGroup;
			children = (
				FA392BB720DF69F30026C828 /* MTP.app */,
				FA392BCD20DF69F50026C828 /* MTPTests.xctest */,
				FA392BD820DF69F50026C828 /* MTPUITests.xctest */,
			);
			name = Products;
			sourceTree = "<group>";
		};
		FA392BB920DF69F30026C828 /* MTP */ = {
			isa = PBXGroup;
			children = (
				FA392BEA20DFA5490026C828 /* source */,
			);
			path = MTP;
			sourceTree = "<group>";
		};
		FA392BD020DF69F50026C828 /* MTPTests */ = {
			isa = PBXGroup;
			children = (
				FAB53F8920DFD618007A80A7 /* MemoryWarner.h */,
				FAB53F8A20DFD618007A80A7 /* MemoryWarner.m */,
				FA392BD120DF69F50026C828 /* MTPTests.swift */,
				FA392BD320DF69F50026C828 /* Info.plist */,
				FAB53F8720DFD617007A80A7 /* MTPTests-Bridging-Header.h */,
			);
			path = MTPTests;
			sourceTree = "<group>";
		};
		FA392BDB20DF69F50026C828 /* MTPUITests */ = {
			isa = PBXGroup;
			children = (
				FA392BDC20DF69F50026C828 /* MTPUITests.swift */,
				FA392BDE20DF69F50026C828 /* Info.plist */,
			);
			path = MTPUITests;
			sourceTree = "<group>";
		};
		FA392BEA20DFA5490026C828 /* source */ = {
			isa = PBXGroup;
			children = (
				FA392BEB20DFA5570026C828 /* application */,
				FA392BEC20DFA56B0026C828 /* interface */,
				FA392BED20DFA5810026C828 /* resources */,
			);
			path = source;
			sourceTree = "<group>";
		};
		FA392BEB20DFA5570026C828 /* application */ = {
			isa = PBXGroup;
			children = (
				FA392BBA20DF69F30026C828 /* AppDelegate.swift */,
			);
			path = application;
			sourceTree = "<group>";
		};
		FA392BEC20DFA56B0026C828 /* interface */ = {
			isa = PBXGroup;
			children = (
				FA392BBC20DF69F30026C828 /* FirstViewController.swift */,
				FA392BBE20DF69F30026C828 /* SecondViewController.swift */,
			);
			path = interface;
			sourceTree = "<group>";
		};
		FA392BED20DFA5810026C828 /* resources */ = {
			isa = PBXGroup;
			children = (
				FA3E367A20DFC4F9002AF4EE /* Default-568h@2x.png */,
				FA392BC520DF69F50026C828 /* LaunchScreen.storyboard */,
				FA392BC020DF69F30026C828 /* Main.storyboard */,
				FA392BC320DF69F50026C828 /* Assets.xcassets */,
				FA392BC820DF69F50026C828 /* Info.plist */,
			);
			path = resources;
			sourceTree = "<group>";
		};
		FA392BEE20DFA6190026C828 /* metadata */ = {
			isa = PBXGroup;
			children = (
				FAB53F8620DFCC04007A80A7 /* .coveralls.yml */,
				FA4F1C5D20DFA69000B8A1ED /* .gitignore */,
				FAB53F8420DFCC03007A80A7 /* .slather.yml */,
				FA3E366B20DFB484002AF4EE /* .swiftlint.yml */,
				FAB53F8520DFCC03007A80A7 /* .travis.yml */,
				FAB53F8320DFCB40007A80A7 /* Dangerfile */,
				FA4F1C5E20DFA74500B8A1ED /* Gemfile */,
				FA3E366F20DFC0E3002AF4EE /* IDETemplateMacros.plist */,
				FA4F1C5B20DFA67700B8A1ED /* LICENSE.md */,
				FA3E366A20DFACCD002AF4EE /* Podfile */,
				FA4F1C5C20DFA67700B8A1ED /* README.md */,
			);
			name = metadata;
			sourceTree = "<group>";
		};
/* End PBXGroup section */

/* Begin PBXNativeTarget section */
		FA392BB620DF69F30026C828 /* MTP */ = {
			isa = PBXNativeTarget;
			buildConfigurationList = FA392BE120DF69F50026C828 /* Build configuration list for PBXNativeTarget "MTP" */;
			buildPhases = (
				758B7A9DF0E27C737110216C /* [CP] Check Pods Manifest.lock */,
				FA392BB320DF69F30026C828 /* Sources */,
				FA392BB420DF69F30026C828 /* Frameworks */,
				FA3E366C20DFBC2F002AF4EE /* SwiftLint */,
				FA392BB520DF69F30026C828 /* Resources */,
			);
			buildRules = (
			);
			dependencies = (
			);
			name = MTP;
			productName = MTP;
			productReference = FA392BB720DF69F30026C828 /* MTP.app */;
			productType = "com.apple.product-type.application";
		};
		FA392BCC20DF69F50026C828 /* MTPTests */ = {
			isa = PBXNativeTarget;
			buildConfigurationList = FA392BE420DF69F50026C828 /* Build configuration list for PBXNativeTarget "MTPTests" */;
			buildPhases = (
				F46FBA4D9FE9733B1B0ACC92 /* [CP] Check Pods Manifest.lock */,
				FA392BC920DF69F50026C828 /* Sources */,
				FA392BCA20DF69F50026C828 /* Frameworks */,
				FA3E366D20DFBC61002AF4EE /* SwiftLint */,
				FA392BCB20DF69F50026C828 /* Resources */,
			);
			buildRules = (
			);
			dependencies = (
				FA392BCF20DF69F50026C828 /* PBXTargetDependency */,
			);
			name = MTPTests;
			productName = MTPTests;
			productReference = FA392BCD20DF69F50026C828 /* MTPTests.xctest */;
			productType = "com.apple.product-type.bundle.unit-test";
		};
		FA392BD720DF69F50026C828 /* MTPUITests */ = {
			isa = PBXNativeTarget;
			buildConfigurationList = FA392BE720DF69F50026C828 /* Build configuration list for PBXNativeTarget "MTPUITests" */;
			buildPhases = (
				9742874D2D96EE610208747B /* [CP] Check Pods Manifest.lock */,
				FA392BD420DF69F50026C828 /* Sources */,
				FA392BD520DF69F50026C828 /* Frameworks */,
				FA3E366E20DFBC86002AF4EE /* SwiftLint */,
				FA392BD620DF69F50026C828 /* Resources */,
			);
			buildRules = (
			);
			dependencies = (
				FA392BDA20DF69F50026C828 /* PBXTargetDependency */,
			);
			name = MTPUITests;
			productName = MTPUITests;
			productReference = FA392BD820DF69F50026C828 /* MTPUITests.xctest */;
			productType = "com.apple.product-type.bundle.ui-testing";
		};
/* End PBXNativeTarget section */

/* Begin PBXProject section */
		FA392BAF20DF69F30026C828 /* Project object */ = {
			isa = PBXProject;
			attributes = {
				LastSwiftUpdateCheck = 0940;
				LastUpgradeCheck = 0940;
				ORGANIZATIONNAME = "Trollwerks Inc.";
				TargetAttributes = {
					FA392BB620DF69F30026C828 = {
						CreatedOnToolsVersion = 9.4.1;
					};
					FA392BCC20DF69F50026C828 = {
						CreatedOnToolsVersion = 9.4.1;
						LastSwiftMigration = 0940;
						TestTargetID = FA392BB620DF69F30026C828;
					};
					FA392BD720DF69F50026C828 = {
						CreatedOnToolsVersion = 9.4.1;
						TestTargetID = FA392BB620DF69F30026C828;
					};
				};
			};
			buildConfigurationList = FA392BB220DF69F30026C828 /* Build configuration list for PBXProject "MTP" */;
			compatibilityVersion = "Xcode 9.3";
			developmentRegion = en;
			hasScannedForEncodings = 0;
			knownRegions = (
				en,
				Base,
			);
			mainGroup = FA392BAE20DF69F30026C828;
			productRefGroup = FA392BB820DF69F30026C828 /* Products */;
			projectDirPath = "";
			projectRoot = "";
			targets = (
				FA392BB620DF69F30026C828 /* MTP */,
				FA392BCC20DF69F50026C828 /* MTPTests */,
				FA392BD720DF69F50026C828 /* MTPUITests */,
			);
		};
/* End PBXProject section */

/* Begin PBXResourcesBuildPhase section */
		FA392BB520DF69F30026C828 /* Resources */ = {
			isa = PBXResourcesBuildPhase;
			buildActionMask = 2147483647;
			files = (
				FA392BC720DF69F50026C828 /* LaunchScreen.storyboard in Resources */,
				FA3E367B20DFC4F9002AF4EE /* Default-568h@2x.png in Resources */,
				FA392BC420DF69F50026C828 /* Assets.xcassets in Resources */,
				FA392BC220DF69F30026C828 /* Main.storyboard in Resources */,
			);
			runOnlyForDeploymentPostprocessing = 0;
		};
		FA392BCB20DF69F50026C828 /* Resources */ = {
			isa = PBXResourcesBuildPhase;
			buildActionMask = 2147483647;
			files = (
			);
			runOnlyForDeploymentPostprocessing = 0;
		};
		FA392BD620DF69F50026C828 /* Resources */ = {
			isa = PBXResourcesBuildPhase;
			buildActionMask = 2147483647;
			files = (
			);
			runOnlyForDeploymentPostprocessing = 0;
		};
/* End PBXResourcesBuildPhase section */

/* Begin PBXShellScriptBuildPhase section */
		758B7A9DF0E27C737110216C /* [CP] Check Pods Manifest.lock */ = {
			isa = PBXShellScriptBuildPhase;
			buildActionMask = 2147483647;
			files = (
			);
			inputPaths = (
				"${PODS_PODFILE_DIR_PATH}/Podfile.lock",
				"${PODS_ROOT}/Manifest.lock",
			);
			name = "[CP] Check Pods Manifest.lock";
			outputPaths = (
				"$(DERIVED_FILE_DIR)/Pods-MTP-checkManifestLockResult.txt",
			);
			runOnlyForDeploymentPostprocessing = 0;
			shellPath = /bin/sh;
			shellScript = "diff \"${PODS_PODFILE_DIR_PATH}/Podfile.lock\" \"${PODS_ROOT}/Manifest.lock\" > /dev/null\nif [ $? != 0 ] ; then\n    # print error to STDERR\n    echo \"error: The sandbox is not in sync with the Podfile.lock. Run 'pod install' or update your CocoaPods installation.\" >&2\n    exit 1\nfi\n# This output is used by Xcode 'outputs' to avoid re-running this script phase.\necho \"SUCCESS\" > \"${SCRIPT_OUTPUT_FILE_0}\"\n";
			showEnvVarsInLog = 0;
		};
		9742874D2D96EE610208747B /* [CP] Check Pods Manifest.lock */ = {
			isa = PBXShellScriptBuildPhase;
			buildActionMask = 2147483647;
			files = (
			);
			inputPaths = (
				"${PODS_PODFILE_DIR_PATH}/Podfile.lock",
				"${PODS_ROOT}/Manifest.lock",
			);
			name = "[CP] Check Pods Manifest.lock";
			outputPaths = (
				"$(DERIVED_FILE_DIR)/Pods-MTPUITests-checkManifestLockResult.txt",
			);
			runOnlyForDeploymentPostprocessing = 0;
			shellPath = /bin/sh;
			shellScript = "diff \"${PODS_PODFILE_DIR_PATH}/Podfile.lock\" \"${PODS_ROOT}/Manifest.lock\" > /dev/null\nif [ $? != 0 ] ; then\n    # print error to STDERR\n    echo \"error: The sandbox is not in sync with the Podfile.lock. Run 'pod install' or update your CocoaPods installation.\" >&2\n    exit 1\nfi\n# This output is used by Xcode 'outputs' to avoid re-running this script phase.\necho \"SUCCESS\" > \"${SCRIPT_OUTPUT_FILE_0}\"\n";
			showEnvVarsInLog = 0;
		};
		F46FBA4D9FE9733B1B0ACC92 /* [CP] Check Pods Manifest.lock */ = {
			isa = PBXShellScriptBuildPhase;
			buildActionMask = 2147483647;
			files = (
			);
			inputPaths = (
				"${PODS_PODFILE_DIR_PATH}/Podfile.lock",
				"${PODS_ROOT}/Manifest.lock",
			);
			name = "[CP] Check Pods Manifest.lock";
			outputPaths = (
				"$(DERIVED_FILE_DIR)/Pods-MTPTests-checkManifestLockResult.txt",
			);
			runOnlyForDeploymentPostprocessing = 0;
			shellPath = /bin/sh;
			shellScript = "diff \"${PODS_PODFILE_DIR_PATH}/Podfile.lock\" \"${PODS_ROOT}/Manifest.lock\" > /dev/null\nif [ $? != 0 ] ; then\n    # print error to STDERR\n    echo \"error: The sandbox is not in sync with the Podfile.lock. Run 'pod install' or update your CocoaPods installation.\" >&2\n    exit 1\nfi\n# This output is used by Xcode 'outputs' to avoid re-running this script phase.\necho \"SUCCESS\" > \"${SCRIPT_OUTPUT_FILE_0}\"\n";
			showEnvVarsInLog = 0;
		};
		FA3E366C20DFBC2F002AF4EE /* SwiftLint */ = {
			isa = PBXShellScriptBuildPhase;
			buildActionMask = 2147483647;
			files = (
			);
			inputPaths = (
			);
			name = SwiftLint;
			outputPaths = (
			);
			runOnlyForDeploymentPostprocessing = 0;
			shellPath = /bin/sh;
			shellScript = "if which swiftlint >/dev/null; then\n  swiftlint\nelse\n  echo \"warning: SwiftLint not installed, download from https://github.com/realm/SwiftLint\"\nfi";
		};
		FA3E366D20DFBC61002AF4EE /* SwiftLint */ = {
			isa = PBXShellScriptBuildPhase;
			buildActionMask = 2147483647;
			files = (
			);
			inputPaths = (
			);
			name = SwiftLint;
			outputPaths = (
			);
			runOnlyForDeploymentPostprocessing = 0;
			shellPath = /bin/sh;
			shellScript = "if which swiftlint >/dev/null; then\n  swiftlint\nelse\n  echo \"warning: SwiftLint not installed, download from https://github.com/realm/SwiftLint\"\nfi";
		};
		FA3E366E20DFBC86002AF4EE /* SwiftLint */ = {
			isa = PBXShellScriptBuildPhase;
			buildActionMask = 2147483647;
			files = (
			);
			inputPaths = (
			);
			name = SwiftLint;
			outputPaths = (
			);
			runOnlyForDeploymentPostprocessing = 0;
			shellPath = /bin/sh;
			shellScript = "if which swiftlint >/dev/null; then\n  swiftlint\nelse\n  echo \"warning: SwiftLint not installed, download from https://github.com/realm/SwiftLint\"\nfi";
		};
/* End PBXShellScriptBuildPhase section */

/* Begin PBXSourcesBuildPhase section */
		FA392BB320DF69F30026C828 /* Sources */ = {
			isa = PBXSourcesBuildPhase;
			buildActionMask = 2147483647;
			files = (
				FA392BBF20DF69F30026C828 /* SecondViewController.swift in Sources */,
				FA392BBB20DF69F30026C828 /* AppDelegate.swift in Sources */,
				FA392BBD20DF69F30026C828 /* FirstViewController.swift in Sources */,
			);
			runOnlyForDeploymentPostprocessing = 0;
		};
		FA392BC920DF69F50026C828 /* Sources */ = {
			isa = PBXSourcesBuildPhase;
			buildActionMask = 2147483647;
			files = (
				FA392BD220DF69F50026C828 /* MTPTests.swift in Sources */,
				FAB53F8B20DFD618007A80A7 /* MemoryWarner.m in Sources */,
			);
			runOnlyForDeploymentPostprocessing = 0;
		};
		FA392BD420DF69F50026C828 /* Sources */ = {
			isa = PBXSourcesBuildPhase;
			buildActionMask = 2147483647;
			files = (
				FA392BDD20DF69F50026C828 /* MTPUITests.swift in Sources */,
			);
			runOnlyForDeploymentPostprocessing = 0;
		};
/* End PBXSourcesBuildPhase section */

/* Begin PBXTargetDependency section */
		FA392BCF20DF69F50026C828 /* PBXTargetDependency */ = {
			isa = PBXTargetDependency;
			target = FA392BB620DF69F30026C828 /* MTP */;
			targetProxy = FA392BCE20DF69F50026C828 /* PBXContainerItemProxy */;
		};
		FA392BDA20DF69F50026C828 /* PBXTargetDependency */ = {
			isa = PBXTargetDependency;
			target = FA392BB620DF69F30026C828 /* MTP */;
			targetProxy = FA392BD920DF69F50026C828 /* PBXContainerItemProxy */;
		};
/* End PBXTargetDependency section */

/* Begin PBXVariantGroup section */
		FA392BC020DF69F30026C828 /* Main.storyboard */ = {
			isa = PBXVariantGroup;
			children = (
				FA392BC120DF69F30026C828 /* Base */,
			);
			name = Main.storyboard;
			sourceTree = "<group>";
		};
		FA392BC520DF69F50026C828 /* LaunchScreen.storyboard */ = {
			isa = PBXVariantGroup;
			children = (
				FA392BC620DF69F50026C828 /* Base */,
			);
			name = LaunchScreen.storyboard;
			sourceTree = "<group>";
		};
/* End PBXVariantGroup section */

/* Begin XCBuildConfiguration section */
		FA392BDF20DF69F50026C828 /* Debug */ = {
			isa = XCBuildConfiguration;
			buildSettings = {
				ALWAYS_SEARCH_USER_PATHS = NO;
				CLANG_ANALYZER_NONNULL = YES;
				CLANG_ANALYZER_NUMBER_OBJECT_CONVERSION = YES_AGGRESSIVE;
				CLANG_CXX_LANGUAGE_STANDARD = "gnu++14";
				CLANG_CXX_LIBRARY = "libc++";
				CLANG_ENABLE_MODULES = YES;
				CLANG_ENABLE_OBJC_ARC = YES;
				CLANG_ENABLE_OBJC_WEAK = YES;
				CLANG_WARN_BLOCK_CAPTURE_AUTORELEASING = YES;
				CLANG_WARN_BOOL_CONVERSION = YES;
				CLANG_WARN_COMMA = YES;
				CLANG_WARN_CONSTANT_CONVERSION = YES;
				CLANG_WARN_DEPRECATED_OBJC_IMPLEMENTATIONS = YES;
				CLANG_WARN_DIRECT_OBJC_ISA_USAGE = YES_ERROR;
				CLANG_WARN_DOCUMENTATION_COMMENTS = YES;
				CLANG_WARN_EMPTY_BODY = YES;
				CLANG_WARN_ENUM_CONVERSION = YES;
				CLANG_WARN_INFINITE_RECURSION = YES;
				CLANG_WARN_INT_CONVERSION = YES;
				CLANG_WARN_NON_LITERAL_NULL_CONVERSION = YES;
				CLANG_WARN_OBJC_IMPLICIT_RETAIN_SELF = YES;
				CLANG_WARN_OBJC_LITERAL_CONVERSION = YES;
				CLANG_WARN_OBJC_ROOT_CLASS = YES_ERROR;
				CLANG_WARN_RANGE_LOOP_ANALYSIS = YES;
				CLANG_WARN_STRICT_PROTOTYPES = YES;
				CLANG_WARN_SUSPICIOUS_MOVE = YES;
				CLANG_WARN_UNGUARDED_AVAILABILITY = YES_AGGRESSIVE;
				CLANG_WARN_UNREACHABLE_CODE = YES;
				CLANG_WARN__DUPLICATE_METHOD_MATCH = YES;
				CODE_SIGN_IDENTITY = "iPhone Developer";
				COPY_PHASE_STRIP = NO;
				DEBUG_INFORMATION_FORMAT = dwarf;
				ENABLE_STRICT_OBJC_MSGSEND = YES;
				ENABLE_TESTABILITY = YES;
				GCC_C_LANGUAGE_STANDARD = gnu11;
				GCC_DYNAMIC_NO_PIC = NO;
				GCC_NO_COMMON_BLOCKS = YES;
				GCC_OPTIMIZATION_LEVEL = 0;
				GCC_PREPROCESSOR_DEFINITIONS = (
					"DEBUG=1",
					"$(inherited)",
				);
				GCC_WARN_64_TO_32_BIT_CONVERSION = YES;
				GCC_WARN_ABOUT_RETURN_TYPE = YES_ERROR;
				GCC_WARN_UNDECLARED_SELECTOR = YES;
				GCC_WARN_UNINITIALIZED_AUTOS = YES_AGGRESSIVE;
				GCC_WARN_UNUSED_FUNCTION = YES;
				GCC_WARN_UNUSED_VARIABLE = YES;
				IPHONEOS_DEPLOYMENT_TARGET = 11.4;
				MTL_ENABLE_DEBUG_INFO = YES;
				ONLY_ACTIVE_ARCH = YES;
				SDKROOT = iphoneos;
				SWIFT_ACTIVE_COMPILATION_CONDITIONS = DEBUG;
				SWIFT_OPTIMIZATION_LEVEL = "-Onone";
			};
			name = Debug;
		};
		FA392BE020DF69F50026C828 /* Release */ = {
			isa = XCBuildConfiguration;
			buildSettings = {
				ALWAYS_SEARCH_USER_PATHS = NO;
				CLANG_ANALYZER_NONNULL = YES;
				CLANG_ANALYZER_NUMBER_OBJECT_CONVERSION = YES_AGGRESSIVE;
				CLANG_CXX_LANGUAGE_STANDARD = "gnu++14";
				CLANG_CXX_LIBRARY = "libc++";
				CLANG_ENABLE_MODULES = YES;
				CLANG_ENABLE_OBJC_ARC = YES;
				CLANG_ENABLE_OBJC_WEAK = YES;
				CLANG_WARN_BLOCK_CAPTURE_AUTORELEASING = YES;
				CLANG_WARN_BOOL_CONVERSION = YES;
				CLANG_WARN_COMMA = YES;
				CLANG_WARN_CONSTANT_CONVERSION = YES;
				CLANG_WARN_DEPRECATED_OBJC_IMPLEMENTATIONS = YES;
				CLANG_WARN_DIRECT_OBJC_ISA_USAGE = YES_ERROR;
				CLANG_WARN_DOCUMENTATION_COMMENTS = YES;
				CLANG_WARN_EMPTY_BODY = YES;
				CLANG_WARN_ENUM_CONVERSION = YES;
				CLANG_WARN_INFINITE_RECURSION = YES;
				CLANG_WARN_INT_CONVERSION = YES;
				CLANG_WARN_NON_LITERAL_NULL_CONVERSION = YES;
				CLANG_WARN_OBJC_IMPLICIT_RETAIN_SELF = YES;
				CLANG_WARN_OBJC_LITERAL_CONVERSION = YES;
				CLANG_WARN_OBJC_ROOT_CLASS = YES_ERROR;
				CLANG_WARN_RANGE_LOOP_ANALYSIS = YES;
				CLANG_WARN_STRICT_PROTOTYPES = YES;
				CLANG_WARN_SUSPICIOUS_MOVE = YES;
				CLANG_WARN_UNGUARDED_AVAILABILITY = YES_AGGRESSIVE;
				CLANG_WARN_UNREACHABLE_CODE = YES;
				CLANG_WARN__DUPLICATE_METHOD_MATCH = YES;
				CODE_SIGN_IDENTITY = "iPhone Developer";
				COPY_PHASE_STRIP = NO;
				DEBUG_INFORMATION_FORMAT = "dwarf-with-dsym";
				ENABLE_NS_ASSERTIONS = NO;
				ENABLE_STRICT_OBJC_MSGSEND = YES;
				GCC_C_LANGUAGE_STANDARD = gnu11;
				GCC_NO_COMMON_BLOCKS = YES;
				GCC_WARN_64_TO_32_BIT_CONVERSION = YES;
				GCC_WARN_ABOUT_RETURN_TYPE = YES_ERROR;
				GCC_WARN_UNDECLARED_SELECTOR = YES;
				GCC_WARN_UNINITIALIZED_AUTOS = YES_AGGRESSIVE;
				GCC_WARN_UNUSED_FUNCTION = YES;
				GCC_WARN_UNUSED_VARIABLE = YES;
				IPHONEOS_DEPLOYMENT_TARGET = 11.4;
				MTL_ENABLE_DEBUG_INFO = NO;
				SDKROOT = iphoneos;
				SWIFT_COMPILATION_MODE = wholemodule;
				SWIFT_OPTIMIZATION_LEVEL = "-O";
				VALIDATE_PRODUCT = YES;
			};
			name = Release;
		};
		FA392BE220DF69F50026C828 /* Debug */ = {
			isa = XCBuildConfiguration;
			baseConfigurationReference = 3D74791BE9295E16EA91DC4C /* Pods-MTP.debug.xcconfig */;
			buildSettings = {
				ASSETCATALOG_COMPILER_APPICON_NAME = AppIcon;
				CODE_SIGN_STYLE = Manual;
				DEVELOPMENT_TEAM = 556343DW3U;
				INFOPLIST_FILE = "$(SRCROOT)/MTP/source/resources/Info.plist";
				LD_RUNPATH_SEARCH_PATHS = (
					"$(inherited)",
					"@executable_path/Frameworks",
				);
				PRODUCT_BUNDLE_IDENTIFIER = com.trollwerks.mtp;
				PRODUCT_NAME = "$(TARGET_NAME)";
				PROVISIONING_PROFILE = "a9e6260d-514e-43af-a160-caf934a66289";
				PROVISIONING_PROFILE_SPECIFIER = "MTP-Development";
				SWIFT_VERSION = 4.0;
				TARGETED_DEVICE_FAMILY = "1,2";
			};
			name = Debug;
		};
		FA392BE320DF69F50026C828 /* Release */ = {
			isa = XCBuildConfiguration;
			baseConfigurationReference = E03793369993AA49FE17B339 /* Pods-MTP.release.xcconfig */;
			buildSettings = {
				ASSETCATALOG_COMPILER_APPICON_NAME = AppIcon;
				CODE_SIGN_STYLE = Manual;
				DEVELOPMENT_TEAM = "";
				INFOPLIST_FILE = "$(SRCROOT)/MTP/source/resources/Info.plist";
				LD_RUNPATH_SEARCH_PATHS = (
					"$(inherited)",
					"@executable_path/Frameworks",
				);
				PRODUCT_BUNDLE_IDENTIFIER = com.trollwerks.mtp;
				PRODUCT_NAME = "$(TARGET_NAME)";
				PROVISIONING_PROFILE_SPECIFIER = "";
				SWIFT_VERSION = 4.0;
				TARGETED_DEVICE_FAMILY = "1,2";
			};
			name = Release;
		};
		FA392BE520DF69F50026C828 /* Debug */ = {
			isa = XCBuildConfiguration;
			baseConfigurationReference = 7A421C21DED7018B2D88EDFE /* Pods-MTPTests.debug.xcconfig */;
			buildSettings = {
				ALWAYS_EMBED_SWIFT_STANDARD_LIBRARIES = YES;
				BUNDLE_LOADER = "$(TEST_HOST)";
				CLANG_ENABLE_MODULES = YES;
				CODE_SIGN_STYLE = Automatic;
				DEVELOPMENT_TEAM = 556343DW3U;
				INFOPLIST_FILE = MTPTests/Info.plist;
				LD_RUNPATH_SEARCH_PATHS = (
					"$(inherited)",
					"@executable_path/Frameworks",
					"@loader_path/Frameworks",
				);
				PRODUCT_BUNDLE_IDENTIFIER = com.trollwerks.MTPTests;
				PRODUCT_NAME = "$(TARGET_NAME)";
				SWIFT_OBJC_BRIDGING_HEADER = "MTPTests/MTPTests-Bridging-Header.h";
				SWIFT_OPTIMIZATION_LEVEL = "-Onone";
				SWIFT_VERSION = 4.0;
				TARGETED_DEVICE_FAMILY = "1,2";
				TEST_HOST = "$(BUILT_PRODUCTS_DIR)/MTP.app/MTP";
			};
			name = Debug;
		};
		FA392BE620DF69F50026C828 /* Release */ = {
			isa = XCBuildConfiguration;
			baseConfigurationReference = 5250514805CCAF19BF74C4E2 /* Pods-MTPTests.release.xcconfig */;
			buildSettings = {
				ALWAYS_EMBED_SWIFT_STANDARD_LIBRARIES = YES;
				BUNDLE_LOADER = "$(TEST_HOST)";
				CLANG_ENABLE_MODULES = YES;
				CODE_SIGN_STYLE = Automatic;
				DEVELOPMENT_TEAM = 556343DW3U;
				INFOPLIST_FILE = MTPTests/Info.plist;
				LD_RUNPATH_SEARCH_PATHS = (
					"$(inherited)",
					"@executable_path/Frameworks",
					"@loader_path/Frameworks",
				);
				PRODUCT_BUNDLE_IDENTIFIER = com.trollwerks.MTPTests;
				PRODUCT_NAME = "$(TARGET_NAME)";
				SWIFT_OBJC_BRIDGING_HEADER = "MTPTests/MTPTests-Bridging-Header.h";
				SWIFT_VERSION = 4.0;
				TARGETED_DEVICE_FAMILY = "1,2";
				TEST_HOST = "$(BUILT_PRODUCTS_DIR)/MTP.app/MTP";
			};
			name = Release;
		};
		FA392BE820DF69F50026C828 /* Debug */ = {
			isa = XCBuildConfiguration;
			baseConfigurationReference = CF56246BCC141A7DD1DD5AF9 /* Pods-MTPUITests.debug.xcconfig */;
			buildSettings = {
				ALWAYS_EMBED_SWIFT_STANDARD_LIBRARIES = YES;
				CODE_SIGN_STYLE = Automatic;
				DEVELOPMENT_TEAM = 556343DW3U;
				INFOPLIST_FILE = MTPUITests/Info.plist;
				LD_RUNPATH_SEARCH_PATHS = (
					"$(inherited)",
					"@executable_path/Frameworks",
					"@loader_path/Frameworks",
				);
				PRODUCT_BUNDLE_IDENTIFIER = com.trollwerks.MTPUITests;
				PRODUCT_NAME = "$(TARGET_NAME)";
				SWIFT_VERSION = 4.0;
				TARGETED_DEVICE_FAMILY = "1,2";
				TEST_TARGET_NAME = MTP;
			};
			name = Debug;
		};
		FA392BE920DF69F50026C828 /* Release */ = {
			isa = XCBuildConfiguration;
			baseConfigurationReference = 5B51432A4FEC34463DAE35D6 /* Pods-MTPUITests.release.xcconfig */;
			buildSettings = {
				ALWAYS_EMBED_SWIFT_STANDARD_LIBRARIES = YES;
				CODE_SIGN_STYLE = Automatic;
				DEVELOPMENT_TEAM = 556343DW3U;
				INFOPLIST_FILE = MTPUITests/Info.plist;
				LD_RUNPATH_SEARCH_PATHS = (
					"$(inherited)",
					"@executable_path/Frameworks",
					"@loader_path/Frameworks",
				);
				PRODUCT_BUNDLE_IDENTIFIER = com.trollwerks.MTPUITests;
				PRODUCT_NAME = "$(TARGET_NAME)";
				SWIFT_VERSION = 4.0;
				TARGETED_DEVICE_FAMILY = "1,2";
				TEST_TARGET_NAME = MTP;
			};
			name = Release;
		};
/* End XCBuildConfiguration section */

/* Begin XCConfigurationList section */
		FA392BB220DF69F30026C828 /* Build configuration list for PBXProject "MTP" */ = {
			isa = XCConfigurationList;
			buildConfigurations = (
				FA392BDF20DF69F50026C828 /* Debug */,
				FA392BE020DF69F50026C828 /* Release */,
			);
			defaultConfigurationIsVisible = 0;
			defaultConfigurationName = Release;
		};
		FA392BE120DF69F50026C828 /* Build configuration list for PBXNativeTarget "MTP" */ = {
			isa = XCConfigurationList;
			buildConfigurations = (
				FA392BE220DF69F50026C828 /* Debug */,
				FA392BE320DF69F50026C828 /* Release */,
			);
			defaultConfigurationIsVisible = 0;
			defaultConfigurationName = Release;
		};
		FA392BE420DF69F50026C828 /* Build configuration list for PBXNativeTarget "MTPTests" */ = {
			isa = XCConfigurationList;
			buildConfigurations = (
				FA392BE520DF69F50026C828 /* Debug */,
				FA392BE620DF69F50026C828 /* Release */,
			);
			defaultConfigurationIsVisible = 0;
			defaultConfigurationName = Release;
		};
		FA392BE720DF69F50026C828 /* Build configuration list for PBXNativeTarget "MTPUITests" */ = {
			isa = XCConfigurationList;
			buildConfigurations = (
				FA392BE820DF69F50026C828 /* Debug */,
				FA392BE920DF69F50026C828 /* Release */,
			);
			defaultConfigurationIsVisible = 0;
			defaultConfigurationName = Release;
		};
/* End XCConfigurationList section */
	};
	rootObject = FA392BAF20DF69F30026C828 /* Project object */;
}
